{
  "version": 4,
  "terraform_version": "1.5.7",
  "serial": 160,
  "lineage": "5d42ec4e-908b-b264-14ca-02c1186d7235",
  "outputs": {
    "api_domain": {
      "value": "api.vishmaker.com",
      "type": "string"
    },
    "api_gateway_endpoint": {
      "value": "https://04gp2vxsa3.execute-api.us-east-1.amazonaws.com",
      "type": "string"
    },
    "api_gateway_execution_arn": {
      "value": "arn:aws:execute-api:us-east-1:489270312286:04gp2vxsa3",
      "type": "string"
    },
    "api_gateway_id": {
      "value": "04gp2vxsa3",
      "type": "string"
    },
    "aws_region": {
      "value": "us-east-1",
      "type": "string"
    },
    "cloudfront_distribution_id": {
      "value": "E27ZJ7GYC7E0HU",
      "type": "string"
    },
    "cloudfront_domain_name": {
      "value": "dyno2ca8gerxz.cloudfront.net",
      "type": "string"
    },
    "cognito_user_pool_arn": {
      "value": "arn:aws:cognito-idp:us-east-1:489270312286:userpool/us-east-1_FAJHv2AIk",
      "type": "string"
    },
    "cognito_user_pool_client_id": {
      "value": "ou43512h3q5b5c0uo2893b7bk",
      "type": "string"
    },
    "cognito_user_pool_domain": {
      "value": "auth-vishmaker",
      "type": "string"
    },
    "cognito_user_pool_id": {
      "value": "us-east-1_FAJHv2AIk",
      "type": "string"
    },
    "common_tags": {
      "value": {
        "Environment": "prod",
        "ManagedBy": "Terraform",
        "Name": "prod-vishmaker",
        "Owner": "VishMaker Team",
        "Project": "vishmaker"
      },
      "type": [
        "object",
        {
          "Environment": "string",
          "ManagedBy": "string",
          "Name": "string",
          "Owner": "string",
          "Project": "string"
        }
      ]
    },
    "config_bucket_arn": {
      "value": "arn:aws:s3:::vishmaker-configs-prod-9qofatqf",
      "type": "string"
    },
    "config_bucket_domain_name": {
      "value": "vishmaker-configs-prod-9qofatqf.s3.amazonaws.com",
      "type": "string"
    },
    "config_bucket_name": {
      "value": "vishmaker-configs-prod-9qofatqf",
      "type": "string"
    },
    "config_object_key": {
      "value": "config.json",
      "type": "string"
    },
    "environment": {
      "value": "prod",
      "type": "string"
    },
    "frontend_bucket_arn": {
      "value": "arn:aws:s3:::vishmaker.com",
      "type": "string"
    },
    "frontend_bucket_name": {
      "value": "vishmaker.com",
      "type": "string"
    },
    "frontend_url": {
      "value": "https://vishmaker.com",
      "type": "string"
    },
    "hosted_zone_id": {
      "value": "Z05231361NY3UTG9FCP77",
      "type": "string"
    },
    "llm_lambda_function_arn": {
      "value": "arn:aws:lambda:us-east-1:489270312286:function:prod-vishmaker-api-llm",
      "type": "string"
    },
    "llm_lambda_function_invoke_arn": {
      "value": "arn:aws:apigateway:us-east-1:lambda:path/2015-03-31/functions/arn:aws:lambda:us-east-1:489270312286:function:prod-vishmaker-api-llm/invocations",
      "type": "string"
    },
    "llm_lambda_function_name": {
      "value": "prod-vishmaker-api-llm",
      "type": "string"
    },
    "name_servers": {
      "value": [
        "ns-488.awsdns-61.com",
        "ns-959.awsdns-55.net",
        "ns-1118.awsdns-11.org",
        "ns-2012.awsdns-59.co.uk"
      ],
      "type": [
        "list",
        "string"
      ]
    },
    "project_name": {
      "value": "vishmaker",
      "type": "string"
    },
    "resource_name_prefix": {
      "value": "vishmaker-prod",
      "type": "string"
    }
  },
  "resources": [
    {
      "mode": "managed",
      "type": "aws_s3_bucket",
      "name": "configs",
      "provider": "provider[\"registry.terraform.io/hashicorp/aws\"]",
      "instances": [
        {
          "schema_version": 0,
          "attributes": {
            "acceleration_status": "",
            "acl": null,
            "arn": "arn:aws:s3:::vishmaker-configs-prod-9qofatqf",
            "bucket": "vishmaker-configs-prod-9qofatqf",
            "bucket_domain_name": "vishmaker-configs-prod-9qofatqf.s3.amazonaws.com",
            "bucket_prefix": "",
            "bucket_regional_domain_name": "vishmaker-configs-prod-9qofatqf.s3.us-east-1.amazonaws.com",
            "cors_rule": [],
            "force_destroy": true,
            "grant": [
              {
                "id": "6a85ae9f01b1f47ba70544e45a0fd7b9658b4db35125c6597f9a3af957b3f8e4",
                "permissions": [
                  "FULL_CONTROL"
                ],
                "type": "CanonicalUser",
                "uri": ""
              }
            ],
            "hosted_zone_id": "Z3AQBSTGFYJSTF",
            "id": "vishmaker-configs-prod-9qofatqf",
            "lifecycle_rule": [],
            "logging": [],
            "object_lock_configuration": [],
            "object_lock_enabled": false,
            "policy": "",
            "region": "us-east-1",
            "replication_configuration": [],
            "request_payer": "BucketOwner",
            "server_side_encryption_configuration": [
              {
                "rule": [
                  {
                    "apply_server_side_encryption_by_default": [
                      {
                        "kms_master_key_id": "",
                        "sse_algorithm": "AES256"
                      }
                    ],
                    "bucket_key_enabled": false
                  }
                ]
              }
            ],
            "tags": {
              "Environment": "prod",
              "ManagedBy": "Terraform",
              "Name": "prod-vishmaker-config-bucket",
              "Owner": "VishMaker Team",
              "Project": "vishmaker"
            },
            "tags_all": {
              "Environment": "prod",
              "ManagedBy": "Terraform",
              "Name": "prod-vishmaker-config-bucket",
              "Owner": "VishMaker Team",
              "Project": "vishmaker"
            },
            "timeouts": null,
            "versioning": [
              {
                "enabled": false,
                "mfa_delete": false
              }
            ],
            "website": [],
            "website_domain": null,
            "website_endpoint": null
          },
          "sensitive_attributes": [],
          "private": "eyJlMmJmYjczMC1lY2FhLTExZTYtOGY4OC0zNDM2M2JjN2M0YzAiOnsiY3JlYXRlIjoxMjAwMDAwMDAwMDAwLCJkZWxldGUiOjM2MDAwMDAwMDAwMDAsInJlYWQiOjEyMDAwMDAwMDAwMDAsInVwZGF0ZSI6MTIwMDAwMDAwMDAwMH19",
          "dependencies": [
            "random_string.bucket_suffix"
          ]
        }
      ]
    },
    {
      "mode": "managed",
      "type": "aws_s3_bucket_ownership_controls",
      "name": "configs",
      "provider": "provider[\"registry.terraform.io/hashicorp/aws\"]",
      "instances": [
        {
          "schema_version": 0,
          "attributes": {
            "bucket": "vishmaker-configs-prod-9qofatqf",
            "id": "vishmaker-configs-prod-9qofatqf",
            "rule": [
              {
                "object_ownership": "BucketOwnerPreferred"
              }
            ]
          },
          "sensitive_attributes": [],
          "private": "bnVsbA==",
          "dependencies": [
            "aws_s3_bucket.configs",
            "random_string.bucket_suffix"
          ]
        }
      ]
    },
    {
      "mode": "managed",
      "type": "aws_s3_bucket_public_access_block",
      "name": "configs",
      "provider": "provider[\"registry.terraform.io/hashicorp/aws\"]",
      "instances": [
        {
          "schema_version": 0,
          "attributes": {
            "block_public_acls": true,
            "block_public_policy": true,
            "bucket": "vishmaker-configs-prod-9qofatqf",
            "id": "vishmaker-configs-prod-9qofatqf",
            "ignore_public_acls": true,
            "restrict_public_buckets": true
          },
          "sensitive_attributes": [],
          "private": "bnVsbA==",
          "dependencies": [
            "aws_s3_bucket.configs",
            "random_string.bucket_suffix"
          ]
        }
      ]
    },
    {
      "mode": "managed",
      "type": "aws_s3_bucket_server_side_encryption_configuration",
      "name": "configs",
      "provider": "provider[\"registry.terraform.io/hashicorp/aws\"]",
      "instances": [
        {
          "schema_version": 0,
          "attributes": {
            "bucket": "vishmaker-configs-prod-9qofatqf",
            "expected_bucket_owner": "",
            "id": "vishmaker-configs-prod-9qofatqf",
            "rule": [
              {
                "apply_server_side_encryption_by_default": [
                  {
                    "kms_master_key_id": "",
                    "sse_algorithm": "AES256"
                  }
                ],
                "bucket_key_enabled": false
              }
            ]
          },
          "sensitive_attributes": [],
          "private": "bnVsbA==",
          "dependencies": [
            "aws_s3_bucket.configs",
            "random_string.bucket_suffix"
          ]
        }
      ]
    },
    {
      "mode": "managed",
      "type": "aws_s3_object",
      "name": "app_config",
      "provider": "provider[\"registry.terraform.io/hashicorp/aws\"]",
      "instances": [
        {
          "schema_version": 0,
          "attributes": {
            "acl": null,
            "arn": "arn:aws:s3:::vishmaker-configs-prod-9qofatqf/config.json",
            "bucket": "vishmaker-configs-prod-9qofatqf",
            "bucket_key_enabled": false,
            "cache_control": "",
            "checksum_algorithm": null,
            "checksum_crc32": "",
            "checksum_crc32c": "",
            "checksum_crc64nvme": "",
            "checksum_sha1": "",
            "checksum_sha256": "",
            "content": null,
            "content_base64": null,
            "content_disposition": "",
            "content_encoding": "",
            "content_language": "",
            "content_type": "application/octet-stream",
            "etag": "2b880e15042532729986b7f1bbc2414d",
            "force_destroy": false,
            "id": "config.json",
            "key": "config.json",
            "kms_key_id": null,
            "metadata": {},
            "object_lock_legal_hold_status": "",
            "object_lock_mode": "",
            "object_lock_retain_until_date": "",
            "override_provider": [],
            "server_side_encryption": "AES256",
            "source": "./../config/config.json",
            "source_hash": null,
            "storage_class": "STANDARD",
            "tags": {
              "Environment": "prod",
              "ManagedBy": "Terraform",
              "Name": "prod-vishmaker",
              "Owner": "VishMaker Team",
              "Project": "vishmaker"
            },
            "tags_all": {
              "Environment": "prod",
              "ManagedBy": "Terraform",
              "Name": "prod-vishmaker",
              "Owner": "VishMaker Team",
              "Project": "vishmaker"
            },
            "version_id": "",
            "website_redirect": ""
          },
          "sensitive_attributes": [],
          "private": "bnVsbA==",
          "dependencies": [
            "aws_s3_bucket.configs",
            "random_string.bucket_suffix"
          ]
        }
      ]
    },
    {
      "mode": "managed",
      "type": "random_string",
      "name": "bucket_suffix",
      "provider": "provider[\"registry.terraform.io/hashicorp/random\"]",
      "instances": [
        {
          "schema_version": 2,
          "attributes": {
            "id": "9qofatqf",
            "keepers": null,
            "length": 8,
            "lower": true,
            "min_lower": 0,
            "min_numeric": 0,
            "min_special": 0,
            "min_upper": 0,
            "number": true,
            "numeric": true,
            "override_special": null,
            "result": "9qofatqf",
            "special": false,
            "upper": false
          },
          "sensitive_attributes": []
        }
      ]
    },
    {
      "module": "module.api_gateway",
      "mode": "managed",
      "type": "aws_apigatewayv2_api",
      "name": "main",
      "provider": "provider[\"registry.terraform.io/hashicorp/aws\"]",
      "instances": [
        {
          "schema_version": 0,
          "attributes": {
            "api_endpoint": "https://04gp2vxsa3.execute-api.us-east-1.amazonaws.com",
            "api_key_selection_expression": "$request.header.x-api-key",
            "arn": "arn:aws:apigateway:us-east-1::/apis/04gp2vxsa3",
            "body": null,
            "cors_configuration": [
              {
                "allow_credentials": true,
                "allow_headers": [
                  "*"
                ],
                "allow_methods": [
                  "*"
                ],
                "allow_origins": [
                  "https://vishmaker.com"
                ],
                "expose_headers": [
                  "*"
                ],
                "max_age": 86400
              }
            ],
            "credentials_arn": null,
            "description": "",
            "disable_execute_api_endpoint": false,
            "execution_arn": "arn:aws:execute-api:us-east-1:489270312286:04gp2vxsa3",
            "fail_on_warnings": null,
            "id": "04gp2vxsa3",
            "ip_address_type": "ipv4",
            "name": "vishmaker-prod-api",
            "protocol_type": "HTTP",
            "route_key": null,
            "route_selection_expression": "$request.method $request.path",
            "tags": {
              "Environment": "prod",
              "ManagedBy": "Terraform",
              "Name": "vishmaker-prod-api-gateway",
              "Owner": "VishMaker Team",
              "Project": "vishmaker"
            },
            "tags_all": {
              "Environment": "prod",
              "ManagedBy": "Terraform",
              "Name": "vishmaker-prod-api-gateway",
              "Owner": "VishMaker Team",
              "Project": "vishmaker"
            },
            "target": null,
            "version": ""
          },
          "sensitive_attributes": [],
          "private": "bnVsbA=="
        }
      ]
    },
    {
      "module": "module.api_gateway",
      "mode": "managed",
      "type": "aws_apigatewayv2_authorizer",
      "name": "cognito",
      "provider": "provider[\"registry.terraform.io/hashicorp/aws\"]",
      "instances": [
        {
          "schema_version": 0,
          "attributes": {
            "api_id": "04gp2vxsa3",
            "authorizer_credentials_arn": "",
            "authorizer_payload_format_version": "",
            "authorizer_result_ttl_in_seconds": 0,
            "authorizer_type": "JWT",
            "authorizer_uri": "",
            "enable_simple_responses": false,
            "id": "d6ort2",
            "identity_sources": [
              "$request.header.Authorization"
            ],
            "jwt_configuration": [
              {
                "audience": [
                  "ou43512h3q5b5c0uo2893b7bk"
                ],
                "issuer": "https://cognito-idp.us-east-1.amazonaws.com/us-east-1_FAJHv2AIk"
              }
            ],
            "name": "vishmaker-prod-cognito-authorizer",
            "timeouts": null
          },
          "sensitive_attributes": [],
          "private": "eyJlMmJmYjczMC1lY2FhLTExZTYtOGY4OC0zNDM2M2JjN2M0YzAiOnsiZGVsZXRlIjoxODAwMDAwMDAwMDAwfX0=",
          "dependencies": [
            "module.api_gateway.aws_apigatewayv2_api.main",
            "module.cognito.aws_cognito_user_pool.main",
            "module.cognito.aws_cognito_user_pool_client.main"
          ]
        }
      ]
    },
    {
      "module": "module.api_gateway",
      "mode": "managed",
      "type": "aws_apigatewayv2_integration",
      "name": "auth_api",
      "provider": "provider[\"registry.terraform.io/hashicorp/aws\"]",
      "instances": [
        {
          "schema_version": 0,
          "attributes": {
            "api_id": "04gp2vxsa3",
            "connection_id": "",
            "connection_type": "INTERNET",
            "content_handling_strategy": "",
            "credentials_arn": "",
            "description": "",
            "id": "z6jqave",
            "integration_method": "POST",
            "integration_response_selection_expression": "",
            "integration_subtype": "",
            "integration_type": "AWS_PROXY",
            "integration_uri": "arn:aws:apigateway:us-east-1:lambda:path/2015-03-31/functions/arn:aws:lambda:us-east-1:489270312286:function:prod-vishmaker-api-auth/invocations",
            "passthrough_behavior": "",
            "payload_format_version": "2.0",
            "request_parameters": {},
            "request_templates": {},
            "response_parameters": [],
            "template_selection_expression": "",
            "timeout_milliseconds": 30000,
            "tls_config": []
          },
          "sensitive_attributes": [],
          "private": "bnVsbA==",
          "dependencies": [
            "module.api_gateway.aws_apigatewayv2_api.main",
            "module.auth_api_lambda.aws_cloudwatch_log_group.auth_lambda_logs",
            "module.auth_api_lambda.aws_iam_role.auth_lambda_role",
            "module.auth_api_lambda.aws_iam_role_policy.auth_lambda_cognito_policy",
            "module.auth_api_lambda.aws_iam_role_policy_attachment.auth_lambda_basic_execution",
            "module.auth_api_lambda.aws_lambda_function.auth_api",
            "module.cognito.aws_cognito_user_pool.main",
            "module.cognito.aws_cognito_user_pool_client.main",
            "module.cognito.aws_cognito_user_pool_domain.main"
          ]
        }
      ]
    },
    {
      "module": "module.api_gateway",
      "mode": "managed",
      "type": "aws_apigatewayv2_integration",
      "name": "llm_api",
      "provider": "provider[\"registry.terraform.io/hashicorp/aws\"]",
      "instances": [
        {
          "schema_version": 0,
          "attributes": {
            "api_id": "04gp2vxsa3",
            "connection_id": "",
            "connection_type": "INTERNET",
            "content_handling_strategy": "",
            "credentials_arn": "",
            "description": "",
            "id": "cgndvgk",
            "integration_method": "POST",
            "integration_response_selection_expression": "",
            "integration_subtype": "",
            "integration_type": "AWS_PROXY",
            "integration_uri": "arn:aws:apigateway:us-east-1:lambda:path/2015-03-31/functions/arn:aws:lambda:us-east-1:489270312286:function:prod-vishmaker-api-llm/invocations",
            "passthrough_behavior": "",
            "payload_format_version": "2.0",
            "request_parameters": {},
            "request_templates": {},
            "response_parameters": [],
            "template_selection_expression": "",
            "timeout_milliseconds": 30000,
            "tls_config": []
          },
          "sensitive_attributes": [],
          "private": "bnVsbA==",
          "dependencies": [
            "aws_s3_bucket.configs",
            "aws_s3_object.app_config",
            "module.api_gateway.aws_apigatewayv2_api.main",
            "module.cognito.aws_cognito_user_pool.main",
            "module.cognito.aws_cognito_user_pool_client.main",
            "module.cognito.aws_cognito_user_pool_domain.main",
            "module.llm_api_lambda.aws_cloudwatch_log_group.llm_lambda_logs",
            "module.llm_api_lambda.aws_iam_role.llm_lambda_role",
            "module.llm_api_lambda.aws_iam_role_policy.llm_lambda_bedrock_policy",
            "module.llm_api_lambda.aws_iam_role_policy.llm_lambda_s3_policy",
            "module.llm_api_lambda.aws_iam_role_policy_attachment.llm_lambda_basic_execution",
            "module.llm_api_lambda.aws_lambda_function.llm_api",
            "random_string.bucket_suffix"
          ]
        }
      ]
    },
    {
      "module": "module.api_gateway",
      "mode": "managed",
      "type": "aws_apigatewayv2_route",
      "name": "auth_api_protected_routes",
      "provider": "provider[\"registry.terraform.io/hashicorp/aws\"]",
      "instances": [
        {
          "index_key": "GET /auth/me",
          "schema_version": 0,
          "attributes": {
            "api_id": "04gp2vxsa3",
            "api_key_required": false,
            "authorization_scopes": [],
            "authorization_type": "JWT",
            "authorizer_id": "d6ort2",
            "id": "0acrezo",
            "model_selection_expression": "",
            "operation_name": "",
            "request_models": {},
            "request_parameter": [],
            "route_key": "GET /auth/me",
            "route_response_selection_expression": "",
            "target": "integrations/z6jqave"
          },
          "sensitive_attributes": [],
          "private": "bnVsbA==",
          "dependencies": [
            "module.api_gateway.aws_apigatewayv2_api.main",
            "module.api_gateway.aws_apigatewayv2_authorizer.cognito",
            "module.api_gateway.aws_apigatewayv2_integration.auth_api",
            "module.auth_api_lambda.aws_cloudwatch_log_group.auth_lambda_logs",
            "module.auth_api_lambda.aws_iam_role.auth_lambda_role",
            "module.auth_api_lambda.aws_iam_role_policy.auth_lambda_cognito_policy",
            "module.auth_api_lambda.aws_iam_role_policy_attachment.auth_lambda_basic_execution",
            "module.auth_api_lambda.aws_lambda_function.auth_api",
            "module.cognito.aws_cognito_user_pool.main",
            "module.cognito.aws_cognito_user_pool_client.main",
            "module.cognito.aws_cognito_user_pool_domain.main"
          ]
        },
        {
          "index_key": "POST /auth/refresh-token",
          "schema_version": 0,
          "attributes": {
            "api_id": "04gp2vxsa3",
            "api_key_required": false,
            "authorization_scopes": [],
            "authorization_type": "JWT",
            "authorizer_id": "d6ort2",
            "id": "d0ga4r2",
            "model_selection_expression": "",
            "operation_name": "",
            "request_models": {},
            "request_parameter": [],
            "route_key": "POST /auth/refresh-token",
            "route_response_selection_expression": "",
            "target": "integrations/z6jqave"
          },
          "sensitive_attributes": [],
          "private": "bnVsbA==",
          "dependencies": [
            "module.api_gateway.aws_apigatewayv2_api.main",
            "module.api_gateway.aws_apigatewayv2_authorizer.cognito",
            "module.api_gateway.aws_apigatewayv2_integration.auth_api",
            "module.auth_api_lambda.aws_cloudwatch_log_group.auth_lambda_logs",
            "module.auth_api_lambda.aws_iam_role.auth_lambda_role",
            "module.auth_api_lambda.aws_iam_role_policy.auth_lambda_cognito_policy",
            "module.auth_api_lambda.aws_iam_role_policy_attachment.auth_lambda_basic_execution",
            "module.auth_api_lambda.aws_lambda_function.auth_api",
            "module.cognito.aws_cognito_user_pool.main",
            "module.cognito.aws_cognito_user_pool_client.main",
            "module.cognito.aws_cognito_user_pool_domain.main"
          ]
        },
        {
          "index_key": "POST /auth/signout",
          "schema_version": 0,
          "attributes": {
            "api_id": "04gp2vxsa3",
            "api_key_required": false,
            "authorization_scopes": [],
            "authorization_type": "JWT",
            "authorizer_id": "d6ort2",
            "id": "mvm3gji",
            "model_selection_expression": "",
            "operation_name": "",
            "request_models": {},
            "request_parameter": [],
            "route_key": "POST /auth/signout",
            "route_response_selection_expression": "",
            "target": "integrations/z6jqave"
          },
          "sensitive_attributes": [],
          "private": "bnVsbA==",
          "dependencies": [
            "module.api_gateway.aws_apigatewayv2_api.main",
            "module.api_gateway.aws_apigatewayv2_authorizer.cognito",
            "module.api_gateway.aws_apigatewayv2_integration.auth_api",
            "module.auth_api_lambda.aws_cloudwatch_log_group.auth_lambda_logs",
            "module.auth_api_lambda.aws_iam_role.auth_lambda_role",
            "module.auth_api_lambda.aws_iam_role_policy.auth_lambda_cognito_policy",
            "module.auth_api_lambda.aws_iam_role_policy_attachment.auth_lambda_basic_execution",
            "module.auth_api_lambda.aws_lambda_function.auth_api",
            "module.cognito.aws_cognito_user_pool.main",
            "module.cognito.aws_cognito_user_pool_client.main",
            "module.cognito.aws_cognito_user_pool_domain.main"
          ]
        }
      ]
    },
    {
      "module": "module.api_gateway",
      "mode": "managed",
      "type": "aws_apigatewayv2_route",
      "name": "auth_api_public_routes",
      "provider": "provider[\"registry.terraform.io/hashicorp/aws\"]",
      "instances": [
        {
          "index_key": "POST /auth/confirm-forgot-password",
          "schema_version": 0,
          "attributes": {
            "api_id": "04gp2vxsa3",
            "api_key_required": false,
            "authorization_scopes": [],
            "authorization_type": "NONE",
            "authorizer_id": "",
            "id": "6amn67d",
            "model_selection_expression": "",
            "operation_name": "",
            "request_models": {},
            "request_parameter": [],
            "route_key": "POST /auth/confirm-forgot-password",
            "route_response_selection_expression": "",
            "target": "integrations/z6jqave"
          },
          "sensitive_attributes": [],
          "private": "bnVsbA==",
          "dependencies": [
            "module.api_gateway.aws_apigatewayv2_api.main",
            "module.api_gateway.aws_apigatewayv2_integration.auth_api",
            "module.auth_api_lambda.aws_cloudwatch_log_group.auth_lambda_logs",
            "module.auth_api_lambda.aws_iam_role.auth_lambda_role",
            "module.auth_api_lambda.aws_iam_role_policy.auth_lambda_cognito_policy",
            "module.auth_api_lambda.aws_iam_role_policy_attachment.auth_lambda_basic_execution",
            "module.auth_api_lambda.aws_lambda_function.auth_api",
            "module.cognito.aws_cognito_user_pool.main",
            "module.cognito.aws_cognito_user_pool_client.main",
            "module.cognito.aws_cognito_user_pool_domain.main"
          ]
        },
        {
          "index_key": "POST /auth/confirm-signup",
          "schema_version": 0,
          "attributes": {
            "api_id": "04gp2vxsa3",
            "api_key_required": false,
            "authorization_scopes": [],
            "authorization_type": "NONE",
            "authorizer_id": "",
            "id": "2swgrdo",
            "model_selection_expression": "",
            "operation_name": "",
            "request_models": {},
            "request_parameter": [],
            "route_key": "POST /auth/confirm-signup",
            "route_response_selection_expression": "",
            "target": "integrations/z6jqave"
          },
          "sensitive_attributes": [],
          "private": "bnVsbA==",
          "dependencies": [
            "module.api_gateway.aws_apigatewayv2_api.main",
            "module.api_gateway.aws_apigatewayv2_integration.auth_api",
            "module.auth_api_lambda.aws_cloudwatch_log_group.auth_lambda_logs",
            "module.auth_api_lambda.aws_iam_role.auth_lambda_role",
            "module.auth_api_lambda.aws_iam_role_policy.auth_lambda_cognito_policy",
            "module.auth_api_lambda.aws_iam_role_policy_attachment.auth_lambda_basic_execution",
            "module.auth_api_lambda.aws_lambda_function.auth_api",
            "module.cognito.aws_cognito_user_pool.main",
            "module.cognito.aws_cognito_user_pool_client.main",
            "module.cognito.aws_cognito_user_pool_domain.main"
          ]
        },
        {
          "index_key": "POST /auth/forgot-password",
          "schema_version": 0,
          "attributes": {
            "api_id": "04gp2vxsa3",
            "api_key_required": false,
            "authorization_scopes": [],
            "authorization_type": "NONE",
            "authorizer_id": "",
            "id": "8hgkkea",
            "model_selection_expression": "",
            "operation_name": "",
            "request_models": {},
            "request_parameter": [],
            "route_key": "POST /auth/forgot-password",
            "route_response_selection_expression": "",
            "target": "integrations/z6jqave"
          },
          "sensitive_attributes": [],
          "private": "bnVsbA==",
          "dependencies": [
            "module.api_gateway.aws_apigatewayv2_api.main",
            "module.api_gateway.aws_apigatewayv2_integration.auth_api",
            "module.auth_api_lambda.aws_cloudwatch_log_group.auth_lambda_logs",
            "module.auth_api_lambda.aws_iam_role.auth_lambda_role",
            "module.auth_api_lambda.aws_iam_role_policy.auth_lambda_cognito_policy",
            "module.auth_api_lambda.aws_iam_role_policy_attachment.auth_lambda_basic_execution",
            "module.auth_api_lambda.aws_lambda_function.auth_api",
            "module.cognito.aws_cognito_user_pool.main",
            "module.cognito.aws_cognito_user_pool_client.main",
            "module.cognito.aws_cognito_user_pool_domain.main"
          ]
        },
        {
          "index_key": "POST /auth/signin",
          "schema_version": 0,
          "attributes": {
            "api_id": "04gp2vxsa3",
            "api_key_required": false,
            "authorization_scopes": [],
            "authorization_type": "NONE",
            "authorizer_id": "",
            "id": "8qi3pis",
            "model_selection_expression": "",
            "operation_name": "",
            "request_models": {},
            "request_parameter": [],
            "route_key": "POST /auth/signin",
            "route_response_selection_expression": "",
            "target": "integrations/z6jqave"
          },
          "sensitive_attributes": [],
          "private": "bnVsbA==",
          "dependencies": [
            "module.api_gateway.aws_apigatewayv2_api.main",
            "module.api_gateway.aws_apigatewayv2_integration.auth_api",
            "module.auth_api_lambda.aws_cloudwatch_log_group.auth_lambda_logs",
            "module.auth_api_lambda.aws_iam_role.auth_lambda_role",
            "module.auth_api_lambda.aws_iam_role_policy.auth_lambda_cognito_policy",
            "module.auth_api_lambda.aws_iam_role_policy_attachment.auth_lambda_basic_execution",
            "module.auth_api_lambda.aws_lambda_function.auth_api",
            "module.cognito.aws_cognito_user_pool.main",
            "module.cognito.aws_cognito_user_pool_client.main",
            "module.cognito.aws_cognito_user_pool_domain.main"
          ]
        },
        {
          "index_key": "POST /auth/signup",
          "schema_version": 0,
          "attributes": {
            "api_id": "04gp2vxsa3",
            "api_key_required": false,
            "authorization_scopes": [],
            "authorization_type": "NONE",
            "authorizer_id": "",
            "id": "p5zw3qj",
            "model_selection_expression": "",
            "operation_name": "",
            "request_models": {},
            "request_parameter": [],
            "route_key": "POST /auth/signup",
            "route_response_selection_expression": "",
            "target": "integrations/z6jqave"
          },
          "sensitive_attributes": [],
          "private": "bnVsbA==",
          "dependencies": [
            "module.api_gateway.aws_apigatewayv2_api.main",
            "module.api_gateway.aws_apigatewayv2_integration.auth_api",
            "module.auth_api_lambda.aws_cloudwatch_log_group.auth_lambda_logs",
            "module.auth_api_lambda.aws_iam_role.auth_lambda_role",
            "module.auth_api_lambda.aws_iam_role_policy.auth_lambda_cognito_policy",
            "module.auth_api_lambda.aws_iam_role_policy_attachment.auth_lambda_basic_execution",
            "module.auth_api_lambda.aws_lambda_function.auth_api",
            "module.cognito.aws_cognito_user_pool.main",
            "module.cognito.aws_cognito_user_pool_client.main",
            "module.cognito.aws_cognito_user_pool_domain.main"
          ]
        }
      ]
    },
    {
      "module": "module.api_gateway",
      "mode": "managed",
      "type": "aws_apigatewayv2_route",
      "name": "health_check",
      "provider": "provider[\"registry.terraform.io/hashicorp/aws\"]",
      "instances": [
        {
          "schema_version": 0,
          "attributes": {
            "api_id": "04gp2vxsa3",
            "api_key_required": false,
            "authorization_scopes": [],
            "authorization_type": "NONE",
            "authorizer_id": "",
            "id": "lc5dmti",
            "model_selection_expression": "",
            "operation_name": "",
            "request_models": {},
            "request_parameter": [],
            "route_key": "GET /ping",
            "route_response_selection_expression": "",
            "target": "integrations/z6jqave"
          },
          "sensitive_attributes": [],
          "private": "bnVsbA==",
          "dependencies": [
            "module.api_gateway.aws_apigatewayv2_api.main",
            "module.api_gateway.aws_apigatewayv2_integration.auth_api",
            "module.auth_api_lambda.aws_cloudwatch_log_group.auth_lambda_logs",
            "module.auth_api_lambda.aws_iam_role.auth_lambda_role",
            "module.auth_api_lambda.aws_iam_role_policy.auth_lambda_cognito_policy",
            "module.auth_api_lambda.aws_iam_role_policy_attachment.auth_lambda_basic_execution",
            "module.auth_api_lambda.aws_lambda_function.auth_api",
            "module.cognito.aws_cognito_user_pool.main",
            "module.cognito.aws_cognito_user_pool_client.main",
            "module.cognito.aws_cognito_user_pool_domain.main"
          ]
        }
      ]
    },
    {
      "module": "module.api_gateway",
      "mode": "managed",
      "type": "aws_apigatewayv2_route",
      "name": "llm_api_cors_routes",
      "provider": "provider[\"registry.terraform.io/hashicorp/aws\"]",
      "instances": [
        {
          "index_key": "OPTIONS /llm/{proxy+}",
          "schema_version": 0,
          "attributes": {
            "api_id": "04gp2vxsa3",
            "api_key_required": false,
            "authorization_scopes": [],
            "authorization_type": "NONE",
            "authorizer_id": "",
            "id": "q4128ff",
            "model_selection_expression": "",
            "operation_name": "",
            "request_models": {},
            "request_parameter": [],
            "route_key": "OPTIONS /llm/{proxy+}",
            "route_response_selection_expression": "",
            "target": "integrations/cgndvgk"
          },
          "sensitive_attributes": [],
          "private": "bnVsbA==",
          "dependencies": [
            "aws_s3_bucket.configs",
            "aws_s3_object.app_config",
            "module.api_gateway.aws_apigatewayv2_api.main",
            "module.api_gateway.aws_apigatewayv2_integration.llm_api",
            "module.cognito.aws_cognito_user_pool.main",
            "module.cognito.aws_cognito_user_pool_client.main",
            "module.cognito.aws_cognito_user_pool_domain.main",
            "module.llm_api_lambda.aws_cloudwatch_log_group.llm_lambda_logs",
            "module.llm_api_lambda.aws_iam_role.llm_lambda_role",
            "module.llm_api_lambda.aws_iam_role_policy.llm_lambda_bedrock_policy",
            "module.llm_api_lambda.aws_iam_role_policy.llm_lambda_s3_policy",
            "module.llm_api_lambda.aws_iam_role_policy_attachment.llm_lambda_basic_execution",
            "module.llm_api_lambda.aws_lambda_function.llm_api",
            "random_string.bucket_suffix"
          ]
        }
      ]
    },
    {
      "module": "module.api_gateway",
      "mode": "managed",
      "type": "aws_apigatewayv2_route",
      "name": "llm_api_protected_routes",
      "provider": "provider[\"registry.terraform.io/hashicorp/aws\"]",
      "instances": [
        {
          "index_key": "DELETE /llm/{proxy+}",
          "schema_version": 0,
          "attributes": {
            "api_id": "04gp2vxsa3",
            "api_key_required": false,
            "authorization_scopes": [],
            "authorization_type": "NONE",
            "authorizer_id": "",
            "id": "xj66kka",
            "model_selection_expression": "",
            "operation_name": "",
            "request_models": {},
            "request_parameter": [],
            "route_key": "DELETE /llm/{proxy+}",
            "route_response_selection_expression": "",
            "target": "integrations/cgndvgk"
          },
          "sensitive_attributes": [],
          "private": "bnVsbA==",
          "dependencies": [
            "aws_s3_bucket.configs",
            "aws_s3_object.app_config",
            "module.api_gateway.aws_apigatewayv2_api.main",
            "module.api_gateway.aws_apigatewayv2_integration.llm_api",
            "module.cognito.aws_cognito_user_pool.main",
            "module.cognito.aws_cognito_user_pool_client.main",
            "module.cognito.aws_cognito_user_pool_domain.main",
            "module.llm_api_lambda.aws_cloudwatch_log_group.llm_lambda_logs",
            "module.llm_api_lambda.aws_iam_role.llm_lambda_role",
            "module.llm_api_lambda.aws_iam_role_policy.llm_lambda_bedrock_policy",
            "module.llm_api_lambda.aws_iam_role_policy.llm_lambda_s3_policy",
            "module.llm_api_lambda.aws_iam_role_policy_attachment.llm_lambda_basic_execution",
            "module.llm_api_lambda.aws_lambda_function.llm_api",
            "random_string.bucket_suffix"
          ]
        },
        {
          "index_key": "GET /llm/{proxy+}",
          "schema_version": 0,
          "attributes": {
            "api_id": "04gp2vxsa3",
            "api_key_required": false,
            "authorization_scopes": [],
            "authorization_type": "NONE",
            "authorizer_id": "",
            "id": "oejethr",
            "model_selection_expression": "",
            "operation_name": "",
            "request_models": {},
            "request_parameter": [],
            "route_key": "GET /llm/{proxy+}",
            "route_response_selection_expression": "",
            "target": "integrations/cgndvgk"
          },
          "sensitive_attributes": [],
          "private": "bnVsbA==",
          "dependencies": [
            "aws_s3_bucket.configs",
            "aws_s3_object.app_config",
            "module.api_gateway.aws_apigatewayv2_api.main",
            "module.api_gateway.aws_apigatewayv2_integration.llm_api",
            "module.cognito.aws_cognito_user_pool.main",
            "module.cognito.aws_cognito_user_pool_client.main",
            "module.cognito.aws_cognito_user_pool_domain.main",
            "module.llm_api_lambda.aws_cloudwatch_log_group.llm_lambda_logs",
            "module.llm_api_lambda.aws_iam_role.llm_lambda_role",
            "module.llm_api_lambda.aws_iam_role_policy.llm_lambda_bedrock_policy",
            "module.llm_api_lambda.aws_iam_role_policy.llm_lambda_s3_policy",
            "module.llm_api_lambda.aws_iam_role_policy_attachment.llm_lambda_basic_execution",
            "module.llm_api_lambda.aws_lambda_function.llm_api",
            "random_string.bucket_suffix"
          ]
        },
        {
          "index_key": "POST /llm/{proxy+}",
          "schema_version": 0,
          "attributes": {
            "api_id": "04gp2vxsa3",
            "api_key_required": false,
            "authorization_scopes": [],
            "authorization_type": "NONE",
            "authorizer_id": "",
            "id": "oozboma",
            "model_selection_expression": "",
            "operation_name": "",
            "request_models": {},
            "request_parameter": [],
            "route_key": "POST /llm/{proxy+}",
            "route_response_selection_expression": "",
            "target": "integrations/cgndvgk"
          },
          "sensitive_attributes": [],
          "private": "bnVsbA==",
          "dependencies": [
            "aws_s3_bucket.configs",
            "aws_s3_object.app_config",
            "module.api_gateway.aws_apigatewayv2_api.main",
            "module.api_gateway.aws_apigatewayv2_integration.llm_api",
            "module.cognito.aws_cognito_user_pool.main",
            "module.cognito.aws_cognito_user_pool_client.main",
            "module.cognito.aws_cognito_user_pool_domain.main",
            "module.llm_api_lambda.aws_cloudwatch_log_group.llm_lambda_logs",
            "module.llm_api_lambda.aws_iam_role.llm_lambda_role",
            "module.llm_api_lambda.aws_iam_role_policy.llm_lambda_bedrock_policy",
            "module.llm_api_lambda.aws_iam_role_policy.llm_lambda_s3_policy",
            "module.llm_api_lambda.aws_iam_role_policy_attachment.llm_lambda_basic_execution",
            "module.llm_api_lambda.aws_lambda_function.llm_api",
            "random_string.bucket_suffix"
          ]
        },
        {
          "index_key": "PUT /llm/{proxy+}",
          "schema_version": 0,
          "attributes": {
            "api_id": "04gp2vxsa3",
            "api_key_required": false,
            "authorization_scopes": [],
            "authorization_type": "NONE",
            "authorizer_id": "",
            "id": "qtxdstd",
            "model_selection_expression": "",
            "operation_name": "",
            "request_models": {},
            "request_parameter": [],
            "route_key": "PUT /llm/{proxy+}",
            "route_response_selection_expression": "",
            "target": "integrations/cgndvgk"
          },
          "sensitive_attributes": [],
          "private": "bnVsbA==",
          "dependencies": [
            "aws_s3_bucket.configs",
            "aws_s3_object.app_config",
            "module.api_gateway.aws_apigatewayv2_api.main",
            "module.api_gateway.aws_apigatewayv2_integration.llm_api",
            "module.cognito.aws_cognito_user_pool.main",
            "module.cognito.aws_cognito_user_pool_client.main",
            "module.cognito.aws_cognito_user_pool_domain.main",
            "module.llm_api_lambda.aws_cloudwatch_log_group.llm_lambda_logs",
            "module.llm_api_lambda.aws_iam_role.llm_lambda_role",
            "module.llm_api_lambda.aws_iam_role_policy.llm_lambda_bedrock_policy",
            "module.llm_api_lambda.aws_iam_role_policy.llm_lambda_s3_policy",
            "module.llm_api_lambda.aws_iam_role_policy_attachment.llm_lambda_basic_execution",
            "module.llm_api_lambda.aws_lambda_function.llm_api",
            "random_string.bucket_suffix"
          ]
        }
      ]
    },
    {
      "module": "module.api_gateway",
      "mode": "managed",
      "type": "aws_apigatewayv2_route",
      "name": "root",
      "provider": "provider[\"registry.terraform.io/hashicorp/aws\"]",
      "instances": [
        {
          "schema_version": 0,
          "attributes": {
            "api_id": "04gp2vxsa3",
            "api_key_required": false,
            "authorization_scopes": [],
            "authorization_type": "NONE",
            "authorizer_id": "",
            "id": "qdks7hn",
            "model_selection_expression": "",
            "operation_name": "",
            "request_models": {},
            "request_parameter": [],
            "route_key": "GET /",
            "route_response_selection_expression": "",
            "target": "integrations/z6jqave"
          },
          "sensitive_attributes": [],
          "private": "bnVsbA==",
          "dependencies": [
            "module.api_gateway.aws_apigatewayv2_api.main",
            "module.api_gateway.aws_apigatewayv2_integration.auth_api",
            "module.auth_api_lambda.aws_cloudwatch_log_group.auth_lambda_logs",
            "module.auth_api_lambda.aws_iam_role.auth_lambda_role",
            "module.auth_api_lambda.aws_iam_role_policy.auth_lambda_cognito_policy",
            "module.auth_api_lambda.aws_iam_role_policy_attachment.auth_lambda_basic_execution",
            "module.auth_api_lambda.aws_lambda_function.auth_api",
            "module.cognito.aws_cognito_user_pool.main",
            "module.cognito.aws_cognito_user_pool_client.main",
            "module.cognito.aws_cognito_user_pool_domain.main"
          ]
        }
      ]
    },
    {
      "module": "module.api_gateway",
      "mode": "managed",
      "type": "aws_apigatewayv2_stage",
      "name": "main",
      "provider": "provider[\"registry.terraform.io/hashicorp/aws\"]",
      "instances": [
        {
          "schema_version": 0,
          "attributes": {
            "access_log_settings": [],
            "api_id": "04gp2vxsa3",
            "arn": "arn:aws:apigateway:us-east-1::/apis/04gp2vxsa3/stages/$default",
            "auto_deploy": true,
            "client_certificate_id": "",
            "default_route_settings": [
              {
                "data_trace_enabled": false,
                "detailed_metrics_enabled": false,
                "logging_level": "",
                "throttling_burst_limit": 0,
                "throttling_rate_limit": 0
              }
            ],
            "deployment_id": "bpjycv",
            "description": "",
            "execution_arn": "arn:aws:execute-api:us-east-1:489270312286:04gp2vxsa3/$default",
            "id": "$default",
            "invoke_url": "https://04gp2vxsa3.execute-api.us-east-1.amazonaws.com/",
            "name": "$default",
            "route_settings": [],
            "stage_variables": {},
            "tags": {
              "Environment": "prod",
              "ManagedBy": "Terraform",
              "Name": "vishmaker-prod-api-stage",
              "Owner": "VishMaker Team",
              "Project": "vishmaker"
            },
            "tags_all": {
              "Environment": "prod",
              "ManagedBy": "Terraform",
              "Name": "vishmaker-prod-api-stage",
              "Owner": "VishMaker Team",
              "Project": "vishmaker"
            }
          },
          "sensitive_attributes": [],
          "private": "bnVsbA==",
          "dependencies": [
            "module.api_gateway.aws_apigatewayv2_api.main"
          ]
        }
      ]
    },
    {
      "module": "module.api_gateway",
      "mode": "managed",
      "type": "aws_lambda_permission",
      "name": "api_gateway_auth_api",
      "provider": "provider[\"registry.terraform.io/hashicorp/aws\"]",
      "instances": [
        {
          "schema_version": 0,
          "attributes": {
            "action": "lambda:InvokeFunction",
            "event_source_token": null,
            "function_name": "prod-vishmaker-api-auth",
            "function_url_auth_type": null,
            "id": "AllowAPIGatewayInvokeAuthAPI",
            "principal": "apigateway.amazonaws.com",
            "principal_org_id": null,
            "qualifier": "",
            "source_account": null,
            "source_arn": "arn:aws:execute-api:us-east-1:489270312286:04gp2vxsa3/*/*",
            "statement_id": "AllowAPIGatewayInvokeAuthAPI",
            "statement_id_prefix": ""
          },
          "sensitive_attributes": [],
          "private": "bnVsbA==",
          "dependencies": [
            "module.api_gateway.aws_apigatewayv2_api.main",
            "module.auth_api_lambda.aws_cloudwatch_log_group.auth_lambda_logs",
            "module.auth_api_lambda.aws_iam_role.auth_lambda_role",
            "module.auth_api_lambda.aws_iam_role_policy.auth_lambda_cognito_policy",
            "module.auth_api_lambda.aws_iam_role_policy_attachment.auth_lambda_basic_execution",
            "module.auth_api_lambda.aws_lambda_function.auth_api",
            "module.cognito.aws_cognito_user_pool.main",
            "module.cognito.aws_cognito_user_pool_client.main",
            "module.cognito.aws_cognito_user_pool_domain.main"
          ]
        }
      ]
    },
    {
      "module": "module.api_gateway",
      "mode": "managed",
      "type": "aws_lambda_permission",
      "name": "api_gateway_llm_api",
      "provider": "provider[\"registry.terraform.io/hashicorp/aws\"]",
      "instances": [
        {
          "schema_version": 0,
          "attributes": {
            "action": "lambda:InvokeFunction",
            "event_source_token": null,
            "function_name": "prod-vishmaker-api-llm",
            "function_url_auth_type": null,
            "id": "AllowAPIGatewayInvokeLLMAPI",
            "principal": "apigateway.amazonaws.com",
            "principal_org_id": null,
            "qualifier": "",
            "source_account": null,
            "source_arn": "arn:aws:execute-api:us-east-1:489270312286:04gp2vxsa3/*/*",
            "statement_id": "AllowAPIGatewayInvokeLLMAPI",
            "statement_id_prefix": ""
          },
          "sensitive_attributes": [],
          "private": "bnVsbA==",
          "dependencies": [
            "aws_s3_bucket.configs",
            "aws_s3_object.app_config",
            "module.api_gateway.aws_apigatewayv2_api.main",
            "module.cognito.aws_cognito_user_pool.main",
            "module.cognito.aws_cognito_user_pool_client.main",
            "module.cognito.aws_cognito_user_pool_domain.main",
            "module.llm_api_lambda.aws_cloudwatch_log_group.llm_lambda_logs",
            "module.llm_api_lambda.aws_iam_role.llm_lambda_role",
            "module.llm_api_lambda.aws_iam_role_policy.llm_lambda_bedrock_policy",
            "module.llm_api_lambda.aws_iam_role_policy.llm_lambda_s3_policy",
            "module.llm_api_lambda.aws_iam_role_policy_attachment.llm_lambda_basic_execution",
            "module.llm_api_lambda.aws_lambda_function.llm_api",
            "random_string.bucket_suffix"
          ]
        }
      ]
    },
    {
      "module": "module.auth_api_lambda",
      "mode": "managed",
      "type": "aws_cloudwatch_log_group",
      "name": "auth_lambda_logs",
      "provider": "provider[\"registry.terraform.io/hashicorp/aws\"]",
      "instances": [
        {
          "schema_version": 0,
          "attributes": {
            "arn": "arn:aws:logs:us-east-1:489270312286:log-group:/aws/lambda/prod-vishmaker-api-auth",
            "id": "/aws/lambda/prod-vishmaker-api-auth",
            "kms_key_id": "",
            "log_group_class": "STANDARD",
            "name": "/aws/lambda/prod-vishmaker-api-auth",
            "name_prefix": "",
            "retention_in_days": 14,
            "skip_destroy": false,
            "tags": {
              "Environment": "prod",
              "ManagedBy": "Terraform",
              "Name": "prod-vishmaker",
              "Owner": "VishMaker Team",
              "Project": "vishmaker"
            },
            "tags_all": {
              "Environment": "prod",
              "ManagedBy": "Terraform",
              "Name": "prod-vishmaker",
              "Owner": "VishMaker Team",
              "Project": "vishmaker"
            }
          },
          "sensitive_attributes": [],
          "private": "bnVsbA==",
          "dependencies": [
            "module.cognito.aws_cognito_user_pool.main",
            "module.cognito.aws_cognito_user_pool_client.main",
            "module.cognito.aws_cognito_user_pool_domain.main"
          ]
        }
      ]
    },
    {
      "module": "module.auth_api_lambda",
      "mode": "managed",
      "type": "aws_iam_role",
      "name": "auth_lambda_role",
      "provider": "provider[\"registry.terraform.io/hashicorp/aws\"]",
      "instances": [
        {
          "schema_version": 0,
          "attributes": {
            "arn": "arn:aws:iam::489270312286:role/prod-vishmaker-api-auth-role",
            "assume_role_policy": "{\"Statement\":[{\"Action\":\"sts:AssumeRole\",\"Effect\":\"Allow\",\"Principal\":{\"Service\":\"lambda.amazonaws.com\"}}],\"Version\":\"2012-10-17\"}",
            "create_date": "2025-07-28T23:05:55Z",
            "description": "",
            "force_detach_policies": false,
            "id": "prod-vishmaker-api-auth-role",
            "inline_policy": [
              {
                "name": "prod-vishmaker-api-auth-cognito-policy",
                "policy": "{\"Version\":\"2012-10-17\",\"Statement\":[{\"Action\":[\"cognito-idp:AdminInitiateAuth\",\"cognito-idp:AdminCreateUser\",\"cognito-idp:AdminConfirmSignUp\",\"cognito-idp:AdminSetUserPassword\",\"cognito-idp:AdminUpdateUserAttributes\",\"cognito-idp:AdminGetUser\",\"cognito-idp:ListUsers\",\"cognito-idp:AdminDeleteUser\",\"cognito-idp:AdminResetUserPassword\",\"cognito-idp:AdminRespondToAuthChallenge\",\"cognito-idp:ForgotPassword\",\"cognito-idp:ConfirmForgotPassword\",\"cognito-idp:RespondToAuthChallenge\",\"cognito-idp:InitiateAuth\",\"cognito-idp:SignUp\",\"cognito-idp:ConfirmSignUp\",\"cognito-idp:ResendConfirmationCode\",\"cognito-idp:GlobalSignOut\",\"cognito-idp:GetUser\"],\"Effect\":\"Allow\",\"Resource\":\"arn:aws:cognito-idp:us-east-1:489270312286:userpool/us-east-1_FAJHv2AIk\"}]}"
              }
            ],
            "managed_policy_arns": [
              "arn:aws:iam::aws:policy/service-role/AWSLambdaBasicExecutionRole"
            ],
            "max_session_duration": 3600,
            "name": "prod-vishmaker-api-auth-role",
            "name_prefix": "",
            "path": "/",
            "permissions_boundary": "",
            "tags": {
              "Environment": "prod",
              "ManagedBy": "Terraform",
              "Name": "prod-vishmaker",
              "Owner": "VishMaker Team",
              "Project": "vishmaker"
            },
            "tags_all": {
              "Environment": "prod",
              "ManagedBy": "Terraform",
              "Name": "prod-vishmaker",
              "Owner": "VishMaker Team",
              "Project": "vishmaker"
            },
            "unique_id": "AROAXD2WIPVPC4HAHR5FV"
          },
          "sensitive_attributes": [],
          "private": "bnVsbA==",
          "dependencies": [
            "module.cognito.aws_cognito_user_pool.main",
            "module.cognito.aws_cognito_user_pool_client.main",
            "module.cognito.aws_cognito_user_pool_domain.main"
          ]
        }
      ]
    },
    {
      "module": "module.auth_api_lambda",
      "mode": "managed",
      "type": "aws_iam_role_policy",
      "name": "auth_lambda_cognito_policy",
      "provider": "provider[\"registry.terraform.io/hashicorp/aws\"]",
      "instances": [
        {
          "schema_version": 0,
          "attributes": {
            "id": "prod-vishmaker-api-auth-role:prod-vishmaker-api-auth-cognito-policy",
            "name": "prod-vishmaker-api-auth-cognito-policy",
            "name_prefix": "",
            "policy": "{\"Version\":\"2012-10-17\",\"Statement\":[{\"Action\":[\"cognito-idp:AdminInitiateAuth\",\"cognito-idp:AdminCreateUser\",\"cognito-idp:AdminConfirmSignUp\",\"cognito-idp:AdminSetUserPassword\",\"cognito-idp:AdminUpdateUserAttributes\",\"cognito-idp:AdminGetUser\",\"cognito-idp:ListUsers\",\"cognito-idp:AdminDeleteUser\",\"cognito-idp:AdminResetUserPassword\",\"cognito-idp:AdminRespondToAuthChallenge\",\"cognito-idp:ForgotPassword\",\"cognito-idp:ConfirmForgotPassword\",\"cognito-idp:RespondToAuthChallenge\",\"cognito-idp:InitiateAuth\",\"cognito-idp:SignUp\",\"cognito-idp:ConfirmSignUp\",\"cognito-idp:ResendConfirmationCode\",\"cognito-idp:GlobalSignOut\",\"cognito-idp:GetUser\"],\"Effect\":\"Allow\",\"Resource\":\"arn:aws:cognito-idp:us-east-1:489270312286:userpool/us-east-1_FAJHv2AIk\"}]}",
            "role": "prod-vishmaker-api-auth-role"
          },
          "sensitive_attributes": [],
          "private": "bnVsbA==",
          "dependencies": [
            "module.auth_api_lambda.aws_iam_role.auth_lambda_role",
            "module.cognito.aws_cognito_user_pool.main",
            "module.cognito.aws_cognito_user_pool_client.main",
            "module.cognito.aws_cognito_user_pool_domain.main"
          ]
        }
      ]
    },
    {
      "module": "module.auth_api_lambda",
      "mode": "managed",
      "type": "aws_iam_role_policy_attachment",
      "name": "auth_lambda_basic_execution",
      "provider": "provider[\"registry.terraform.io/hashicorp/aws\"]",
      "instances": [
        {
          "schema_version": 0,
          "attributes": {
            "id": "prod-vishmaker-api-auth-role-20250728230555601600000001",
            "policy_arn": "arn:aws:iam::aws:policy/service-role/AWSLambdaBasicExecutionRole",
            "role": "prod-vishmaker-api-auth-role"
          },
          "sensitive_attributes": [],
          "private": "bnVsbA==",
          "dependencies": [
            "module.auth_api_lambda.aws_iam_role.auth_lambda_role",
            "module.cognito.aws_cognito_user_pool.main",
            "module.cognito.aws_cognito_user_pool_client.main",
            "module.cognito.aws_cognito_user_pool_domain.main"
          ]
        }
      ]
    },
    {
      "module": "module.auth_api_lambda",
      "mode": "managed",
      "type": "aws_lambda_function",
      "name": "auth_api",
      "provider": "provider[\"registry.terraform.io/hashicorp/aws\"]",
      "instances": [
        {
          "schema_version": 0,
          "attributes": {
            "architectures": [
              "x86_64"
            ],
            "arn": "arn:aws:lambda:us-east-1:489270312286:function:prod-vishmaker-api-auth",
            "code_sha256": "uG2mmbIoTAgBGPC7uWsgcO4rd8JBYqpaq78WPRaSWfQ=",
            "code_signing_config_arn": "",
            "dead_letter_config": [],
            "description": "",
            "environment": [
              {
                "variables": {
                  "COGNITO_CLIENT_ID": "ou43512h3q5b5c0uo2893b7bk",
                  "COGNITO_USER_POOL_ID": "us-east-1_FAJHv2AIk"
                }
              }
            ],
            "ephemeral_storage": [
              {
                "size": 512
              }
            ],
            "file_system_config": [],
            "filename": "../lambdas/auth/infrastructure/../../../scripts/dist/auth-deployment.zip",
            "function_name": "prod-vishmaker-api-auth",
            "handler": "main.handler",
            "id": "prod-vishmaker-api-auth",
            "image_config": [],
            "image_uri": "",
            "invoke_arn": "arn:aws:apigateway:us-east-1:lambda:path/2015-03-31/functions/arn:aws:lambda:us-east-1:489270312286:function:prod-vishmaker-api-auth/invocations",
            "kms_key_arn": "",
            "last_modified": "2025-07-29T19:41:43.000+0000",
            "layers": [],
            "logging_config": [
              {
                "application_log_level": "",
                "log_format": "Text",
                "log_group": "/aws/lambda/prod-vishmaker-api-auth",
                "system_log_level": ""
              }
            ],
            "memory_size": 512,
            "package_type": "Zip",
            "publish": false,
            "qualified_arn": "arn:aws:lambda:us-east-1:489270312286:function:prod-vishmaker-api-auth:$LATEST",
            "qualified_invoke_arn": "arn:aws:apigateway:us-east-1:lambda:path/2015-03-31/functions/arn:aws:lambda:us-east-1:489270312286:function:prod-vishmaker-api-auth:$LATEST/invocations",
            "replace_security_groups_on_destroy": null,
            "replacement_security_group_ids": null,
            "reserved_concurrent_executions": -1,
            "role": "arn:aws:iam::489270312286:role/prod-vishmaker-api-auth-role",
            "runtime": "python3.9",
            "s3_bucket": null,
            "s3_key": null,
            "s3_object_version": null,
            "signing_job_arn": "",
            "signing_profile_version_arn": "",
            "skip_destroy": false,
            "snap_start": [],
            "source_code_hash": "uG2mmbIoTAgBGPC7uWsgcO4rd8JBYqpaq78WPRaSWfQ=",
            "source_code_size": 16605235,
            "tags": {
              "Environment": "prod",
              "ManagedBy": "Terraform",
              "Name": "prod-vishmaker",
              "Owner": "VishMaker Team",
              "Project": "vishmaker"
            },
            "tags_all": {
              "Environment": "prod",
              "ManagedBy": "Terraform",
              "Name": "prod-vishmaker",
              "Owner": "VishMaker Team",
              "Project": "vishmaker"
            },
            "timeout": 60,
            "timeouts": null,
            "tracing_config": [
              {
                "mode": "PassThrough"
              }
            ],
            "version": "$LATEST",
            "vpc_config": []
          },
          "sensitive_attributes": [],
          "private": "eyJlMmJmYjczMC1lY2FhLTExZTYtOGY4OC0zNDM2M2JjN2M0YzAiOnsiY3JlYXRlIjo2MDAwMDAwMDAwMDAsImRlbGV0ZSI6NjAwMDAwMDAwMDAwLCJ1cGRhdGUiOjYwMDAwMDAwMDAwMH19",
          "dependencies": [
            "module.auth_api_lambda.aws_cloudwatch_log_group.auth_lambda_logs",
            "module.auth_api_lambda.aws_iam_role.auth_lambda_role",
            "module.auth_api_lambda.aws_iam_role_policy.auth_lambda_cognito_policy",
            "module.auth_api_lambda.aws_iam_role_policy_attachment.auth_lambda_basic_execution",
            "module.cognito.aws_cognito_user_pool.main",
            "module.cognito.aws_cognito_user_pool_client.main",
            "module.cognito.aws_cognito_user_pool_domain.main"
          ]
        }
      ]
    },
    {
      "module": "module.cloudfront",
      "mode": "data",
      "type": "aws_cloudfront_distribution",
      "name": "existing",
      "provider": "provider[\"registry.terraform.io/hashicorp/aws\"]",
      "instances": [
        {
          "schema_version": 0,
          "attributes": {
            "aliases": [
              "vishmaker.com",
              "www.vishmaker.com"
            ],
            "arn": "arn:aws:cloudfront::489270312286:distribution/E27ZJ7GYC7E0HU",
            "domain_name": "dyno2ca8gerxz.cloudfront.net",
            "enabled": true,
            "etag": "E2RTU3WJN47PEI",
            "hosted_zone_id": "Z2FDTNDATAQYW2",
            "id": "E27ZJ7GYC7E0HU",
            "in_progress_validation_batches": 0,
            "last_modified_time": "2025-07-29 04:45:39.61 +0000 UTC",
            "status": "Deployed",
            "tags": {
              "Environment": "dev",
              "ManagedBy": "terraform",
              "Name": "dev-vishkits-webhosting-cloudfront-distribution",
              "Project": "vishkits-webhosting"
            },
            "web_acl_id": ""
          },
          "sensitive_attributes": []
        }
      ]
    },
    {
      "module": "module.cloudfront",
      "mode": "data",
      "type": "aws_route53_zone",
      "name": "existing",
      "provider": "provider[\"registry.terraform.io/hashicorp/aws\"]",
      "instances": [
        {
          "schema_version": 0,
          "attributes": {
            "arn": "arn:aws:route53:::hostedzone/Z05231361NY3UTG9FCP77",
            "caller_reference": "RISWorkflow-RD:e3dece18-cc85-43ce-99ea-8804f228664e",
            "comment": "HostedZone created by Route53 Registrar",
            "id": "Z05231361NY3UTG9FCP77",
            "linked_service_description": null,
            "linked_service_principal": null,
            "name": "vishmaker.com",
            "name_servers": [
              "ns-488.awsdns-61.com",
              "ns-959.awsdns-55.net",
              "ns-1118.awsdns-11.org",
              "ns-2012.awsdns-59.co.uk"
            ],
            "primary_name_server": "ns-488.awsdns-61.com",
            "private_zone": false,
            "resource_record_set_count": 7,
            "tags": {},
            "vpc_id": null,
            "zone_id": "Z05231361NY3UTG9FCP77"
          },
          "sensitive_attributes": []
        }
      ]
    },
    {
      "module": "module.cloudfront",
      "mode": "data",
      "type": "aws_s3_bucket",
      "name": "existing",
      "provider": "provider[\"registry.terraform.io/hashicorp/aws\"]",
      "instances": [
        {
          "schema_version": 0,
          "attributes": {
            "arn": "arn:aws:s3:::vishmaker.com",
            "bucket": "vishmaker.com",
            "bucket_domain_name": "vishmaker.com.s3.amazonaws.com",
            "bucket_regional_domain_name": "vishmaker.com.s3.us-east-1.amazonaws.com",
            "hosted_zone_id": "Z3AQBSTGFYJSTF",
            "id": "vishmaker.com",
            "region": "us-east-1",
            "website_domain": null,
            "website_endpoint": null
          },
          "sensitive_attributes": []
        }
      ]
    },
    {
      "module": "module.cognito",
      "mode": "managed",
      "type": "aws_cognito_user_pool",
      "name": "main",
      "provider": "provider[\"registry.terraform.io/hashicorp/aws\"]",
      "instances": [
        {
          "schema_version": 0,
          "attributes": {
            "account_recovery_setting": [
              {
                "recovery_mechanism": [
                  {
                    "name": "verified_email",
                    "priority": 1
                  }
                ]
              }
            ],
            "admin_create_user_config": [
              {
                "allow_admin_create_user_only": false,
                "invite_message_template": [
                  {
                    "email_message": "Welcome to VishMaker! Your username is {username} and temporary password is {####}",
                    "email_subject": "Your VishMaker account",
                    "sms_message": "Your VishMaker username is {username} and temporary password is {####}"
                  }
                ]
              }
            ],
            "alias_attributes": [
              "email"
            ],
            "arn": "arn:aws:cognito-idp:us-east-1:489270312286:userpool/us-east-1_FAJHv2AIk",
            "auto_verified_attributes": [
              "email"
            ],
            "creation_date": "2025-07-28T22:50:39Z",
            "custom_domain": "",
            "deletion_protection": "INACTIVE",
            "device_configuration": [],
            "domain": "auth-vishmaker",
            "email_configuration": [
              {
                "configuration_set": "",
                "email_sending_account": "COGNITO_DEFAULT",
                "from_email_address": "",
                "reply_to_email_address": "",
                "source_arn": ""
              }
            ],
            "email_mfa_configuration": [],
            "email_verification_message": "Your verification code is {####}. Welcome to VishMaker!",
            "email_verification_subject": "Your VishMaker verification code",
            "endpoint": "cognito-idp.us-east-1.amazonaws.com/us-east-1_FAJHv2AIk",
            "estimated_number_of_users": 2,
            "id": "us-east-1_FAJHv2AIk",
            "lambda_config": [],
            "last_modified_date": "2025-07-28T22:50:39Z",
            "mfa_configuration": "OFF",
            "name": "prod-vishmaker-user-pool",
            "password_policy": [
              {
                "minimum_length": 8,
                "password_history_size": 0,
                "require_lowercase": true,
                "require_numbers": true,
                "require_symbols": true,
                "require_uppercase": true,
                "temporary_password_validity_days": 7
              }
            ],
            "schema": [],
            "sign_in_policy": [
              {
                "allowed_first_auth_factors": [
                  "PASSWORD"
                ]
              }
            ],
            "sms_authentication_message": "",
            "sms_configuration": [],
            "sms_verification_message": "",
            "software_token_mfa_configuration": [],
            "tags": {
              "Environment": "prod",
              "ManagedBy": "Terraform",
              "Name": "prod-vishmaker",
              "Owner": "VishMaker Team",
              "Project": "vishmaker"
            },
            "tags_all": {
              "Environment": "prod",
              "ManagedBy": "Terraform",
              "Name": "prod-vishmaker",
              "Owner": "VishMaker Team",
              "Project": "vishmaker"
            },
            "user_attribute_update_settings": [],
            "user_pool_add_ons": [
              {
                "advanced_security_additional_flows": [
                  {
                    "custom_auth_mode": "AUDIT"
                  }
                ],
                "advanced_security_mode": "OFF"
              }
            ],
            "user_pool_tier": "ESSENTIALS",
            "username_attributes": [],
            "username_configuration": [],
            "verification_message_template": [
              {
                "default_email_option": "CONFIRM_WITH_CODE",
                "email_message": "Your verification code is {####}. Welcome to VishMaker!",
                "email_message_by_link": "",
                "email_subject": "Your VishMaker verification code",
                "email_subject_by_link": "",
                "sms_message": ""
              }
            ],
            "web_authn_configuration": []
          },
          "sensitive_attributes": [],
          "private": "bnVsbA=="
        }
      ]
    },
    {
      "module": "module.cognito",
      "mode": "managed",
      "type": "aws_cognito_user_pool_client",
      "name": "main",
      "provider": "provider[\"registry.terraform.io/hashicorp/aws\"]",
      "instances": [
        {
          "schema_version": 0,
          "attributes": {
            "access_token_validity": 60,
            "allowed_oauth_flows": [],
            "allowed_oauth_flows_user_pool_client": false,
            "allowed_oauth_scopes": [],
            "analytics_configuration": [],
            "auth_session_validity": 3,
            "callback_urls": [],
            "client_secret": "",
            "default_redirect_uri": "",
            "enable_propagate_additional_user_context_data": false,
            "enable_token_revocation": true,
            "explicit_auth_flows": [
              "ALLOW_REFRESH_TOKEN_AUTH",
              "ALLOW_USER_PASSWORD_AUTH",
              "ALLOW_USER_SRP_AUTH"
            ],
            "generate_secret": false,
            "id": "ou43512h3q5b5c0uo2893b7bk",
            "id_token_validity": 60,
            "logout_urls": [],
            "name": "prod-vishmaker-user-pool-client",
            "prevent_user_existence_errors": "ENABLED",
            "read_attributes": [
              "email",
              "email_verified",
              "preferred_username"
            ],
            "refresh_token_rotation": [],
            "refresh_token_validity": 30,
            "supported_identity_providers": [],
            "token_validity_units": [
              {
                "access_token": "minutes",
                "id_token": "minutes",
                "refresh_token": "days"
              }
            ],
            "user_pool_id": "us-east-1_FAJHv2AIk",
            "write_attributes": [
              "email",
              "preferred_username"
            ]
          },
          "sensitive_attributes": [],
          "dependencies": [
            "module.cognito.aws_cognito_user_pool.main"
          ]
        }
      ]
    },
    {
      "module": "module.cognito",
      "mode": "managed",
      "type": "aws_cognito_user_pool_domain",
      "name": "main",
      "provider": "provider[\"registry.terraform.io/hashicorp/aws\"]",
      "instances": [
        {
          "schema_version": 0,
          "attributes": {
            "aws_account_id": "489270312286",
            "certificate_arn": "",
            "cloudfront_distribution": "d3oia8etllorh5.cloudfront.net",
            "cloudfront_distribution_arn": "d3oia8etllorh5.cloudfront.net",
            "cloudfront_distribution_zone_id": "Z2FDTNDATAQYW2",
            "domain": "auth-vishmaker",
            "id": "auth-vishmaker",
            "managed_login_version": 1,
            "s3_bucket": "aws-cognito-prod-iad-assets",
            "user_pool_id": "us-east-1_FAJHv2AIk",
            "version": "20250728230554"
          },
          "sensitive_attributes": [],
          "private": "bnVsbA==",
          "dependencies": [
            "module.cognito.aws_cognito_user_pool.main"
          ]
        }
      ]
    },
    {
      "module": "module.llm_api_lambda",
      "mode": "managed",
      "type": "aws_cloudwatch_log_group",
      "name": "llm_lambda_logs",
      "provider": "provider[\"registry.terraform.io/hashicorp/aws\"]",
      "instances": [
        {
          "schema_version": 0,
          "attributes": {
            "arn": "arn:aws:logs:us-east-1:489270312286:log-group:/aws/lambda/prod-vishmaker-api-llm",
            "id": "/aws/lambda/prod-vishmaker-api-llm",
            "kms_key_id": "",
            "log_group_class": "STANDARD",
            "name": "/aws/lambda/prod-vishmaker-api-llm",
            "name_prefix": "",
            "retention_in_days": 5,
            "skip_destroy": false,
            "tags": {
              "Environment": "prod",
              "ManagedBy": "Terraform",
              "Name": "prod-vishmaker",
              "Owner": "VishMaker Team",
              "Project": "vishmaker"
            },
            "tags_all": {
              "Environment": "prod",
              "ManagedBy": "Terraform",
              "Name": "prod-vishmaker",
              "Owner": "VishMaker Team",
              "Project": "vishmaker"
            }
          },
          "sensitive_attributes": [],
          "private": "bnVsbA==",
          "dependencies": [
            "aws_s3_bucket.configs",
            "aws_s3_object.app_config",
            "module.cognito.aws_cognito_user_pool.main",
            "module.cognito.aws_cognito_user_pool_client.main",
            "module.cognito.aws_cognito_user_pool_domain.main",
            "random_string.bucket_suffix"
          ]
        }
      ]
    },
    {
      "module": "module.llm_api_lambda",
      "mode": "managed",
      "type": "aws_iam_role",
      "name": "llm_lambda_role",
      "provider": "provider[\"registry.terraform.io/hashicorp/aws\"]",
      "instances": [
        {
          "schema_version": 0,
          "attributes": {
            "arn": "arn:aws:iam::489270312286:role/prod-vishmaker-api-llm-role",
            "assume_role_policy": "{\"Statement\":[{\"Action\":\"sts:AssumeRole\",\"Effect\":\"Allow\",\"Principal\":{\"Service\":\"lambda.amazonaws.com\"}}],\"Version\":\"2012-10-17\"}",
            "create_date": "2025-07-29T05:20:45Z",
            "description": "",
            "force_detach_policies": false,
            "id": "prod-vishmaker-api-llm-role",
            "inline_policy": [
              {
                "name": "prod-vishmaker-api-llm-bedrock-policy",
                "policy": "{\"Version\":\"2012-10-17\",\"Statement\":[{\"Action\":[\"bedrock:InvokeModel\",\"bedrock:InvokeModelWithResponseStream\",\"bedrock:GetFoundationModel\",\"bedrock:ListFoundationModels\"],\"Effect\":\"Allow\",\"Resource\":\"*\"}]}"
              },
              {
                "name": "prod-vishmaker-api-llm-s3-policy",
                "policy": "{\"Version\":\"2012-10-17\",\"Statement\":[{\"Action\":[\"s3:GetObject\",\"s3:GetObjectVersion\"],\"Effect\":\"Allow\",\"Resource\":\"arn:aws:s3:::vishmaker-configs-prod-9qofatqf/*\"}]}"
              },
              {
                "name": "s3-config-access",
                "policy": "{\"Version\":\"2012-10-17\",\"Statement\":[{\"Action\":[\"s3:GetObject\",\"s3:GetObjectVersion\"],\"Effect\":\"Allow\",\"Resource\":\"arn:aws:s3:::vishmaker-configs-prod-9qofatqf/*\"}]}"
              }
            ],
            "managed_policy_arns": [
              "arn:aws:iam::aws:policy/service-role/AWSLambdaBasicExecutionRole"
            ],
            "max_session_duration": 3600,
            "name": "prod-vishmaker-api-llm-role",
            "name_prefix": "",
            "path": "/",
            "permissions_boundary": "",
            "tags": {
              "Environment": "prod",
              "ManagedBy": "Terraform",
              "Name": "prod-vishmaker",
              "Owner": "VishMaker Team",
              "Project": "vishmaker"
            },
            "tags_all": {
              "Environment": "prod",
              "ManagedBy": "Terraform",
              "Name": "prod-vishmaker",
              "Owner": "VishMaker Team",
              "Project": "vishmaker"
            },
            "unique_id": "AROAXD2WIPVPISZPSMVVJ"
          },
          "sensitive_attributes": [],
          "private": "bnVsbA==",
          "dependencies": [
            "aws_s3_bucket.configs",
            "aws_s3_object.app_config",
            "module.cognito.aws_cognito_user_pool.main",
            "module.cognito.aws_cognito_user_pool_client.main",
            "module.cognito.aws_cognito_user_pool_domain.main",
            "random_string.bucket_suffix"
          ]
        }
      ]
    },
    {
      "module": "module.llm_api_lambda",
      "mode": "managed",
      "type": "aws_iam_role_policy",
      "name": "llm_lambda_bedrock_policy",
      "provider": "provider[\"registry.terraform.io/hashicorp/aws\"]",
      "instances": [
        {
          "schema_version": 0,
          "attributes": {
            "id": "prod-vishmaker-api-llm-role:prod-vishmaker-api-llm-bedrock-policy",
            "name": "prod-vishmaker-api-llm-bedrock-policy",
            "name_prefix": "",
            "policy": "{\"Version\":\"2012-10-17\",\"Statement\":[{\"Action\":[\"bedrock:InvokeModel\",\"bedrock:InvokeModelWithResponseStream\",\"bedrock:GetFoundationModel\",\"bedrock:ListFoundationModels\"],\"Effect\":\"Allow\",\"Resource\":\"*\"}]}",
            "role": "prod-vishmaker-api-llm-role"
          },
          "sensitive_attributes": [],
          "private": "bnVsbA==",
          "dependencies": [
            "aws_s3_bucket.configs",
            "aws_s3_object.app_config",
            "module.cognito.aws_cognito_user_pool.main",
            "module.cognito.aws_cognito_user_pool_client.main",
            "module.cognito.aws_cognito_user_pool_domain.main",
            "module.llm_api_lambda.aws_iam_role.llm_lambda_role",
            "random_string.bucket_suffix"
          ]
        }
      ]
    },
    {
      "module": "module.llm_api_lambda",
      "mode": "managed",
      "type": "aws_iam_role_policy",
      "name": "llm_lambda_s3_policy",
      "provider": "provider[\"registry.terraform.io/hashicorp/aws\"]",
      "instances": [
        {
          "schema_version": 0,
          "attributes": {
            "id": "prod-vishmaker-api-llm-role:prod-vishmaker-api-llm-s3-policy",
            "name": "prod-vishmaker-api-llm-s3-policy",
            "name_prefix": "",
            "policy": "{\"Version\":\"2012-10-17\",\"Statement\":[{\"Action\":[\"s3:GetObject\",\"s3:GetObjectVersion\"],\"Effect\":\"Allow\",\"Resource\":\"arn:aws:s3:::vishmaker-configs-prod-9qofatqf/*\"}]}",
            "role": "prod-vishmaker-api-llm-role"
          },
          "sensitive_attributes": [],
          "private": "bnVsbA==",
          "dependencies": [
            "aws_s3_bucket.configs",
            "aws_s3_object.app_config",
            "module.cognito.aws_cognito_user_pool.main",
            "module.cognito.aws_cognito_user_pool_client.main",
            "module.cognito.aws_cognito_user_pool_domain.main",
            "module.llm_api_lambda.aws_iam_role.llm_lambda_role",
            "random_string.bucket_suffix"
          ]
        }
      ]
    },
    {
      "module": "module.llm_api_lambda",
      "mode": "managed",
      "type": "aws_iam_role_policy_attachment",
      "name": "llm_lambda_basic_execution",
      "provider": "provider[\"registry.terraform.io/hashicorp/aws\"]",
      "instances": [
        {
          "schema_version": 0,
          "attributes": {
            "id": "prod-vishmaker-api-llm-role-20250729052045767100000001",
            "policy_arn": "arn:aws:iam::aws:policy/service-role/AWSLambdaBasicExecutionRole",
            "role": "prod-vishmaker-api-llm-role"
          },
          "sensitive_attributes": [],
          "private": "bnVsbA==",
          "dependencies": [
            "aws_s3_bucket.configs",
            "aws_s3_object.app_config",
            "module.cognito.aws_cognito_user_pool.main",
            "module.cognito.aws_cognito_user_pool_client.main",
            "module.cognito.aws_cognito_user_pool_domain.main",
            "module.llm_api_lambda.aws_iam_role.llm_lambda_role",
            "random_string.bucket_suffix"
          ]
        }
      ]
    },
    {
      "module": "module.llm_api_lambda",
      "mode": "managed",
      "type": "aws_lambda_function",
      "name": "llm_api",
      "provider": "provider[\"registry.terraform.io/hashicorp/aws\"]",
      "instances": [
        {
          "schema_version": 0,
          "attributes": {
            "architectures": [
              "x86_64"
            ],
            "arn": "arn:aws:lambda:us-east-1:489270312286:function:prod-vishmaker-api-llm",
            "code_sha256": "xn+2vQqWC22AgcfEGJByb3tJCP96ksFMPDEwsU/cgJA=",
            "code_signing_config_arn": "",
            "dead_letter_config": [],
            "description": "",
            "environment": [
              {
                "variables": {
                  "CONFIG_BUCKET": "vishmaker-configs-prod-9qofatqf",
                  "CONFIG_KEY": "config.json",
                  "ENVIRONMENT": "prod",
                  "PROJECT_NAME": "vishmaker"
                }
              }
            ],
            "ephemeral_storage": [
              {
                "size": 512
              }
            ],
            "file_system_config": [],
            "filename": "../lambdas/llm/infrastructure/../../../scripts/dist/llm-deployment.zip",
            "function_name": "prod-vishmaker-api-llm",
            "handler": "main.handler",
            "id": "prod-vishmaker-api-llm",
            "image_config": [],
            "image_uri": "",
            "invoke_arn": "arn:aws:apigateway:us-east-1:lambda:path/2015-03-31/functions/arn:aws:lambda:us-east-1:489270312286:function:prod-vishmaker-api-llm/invocations",
            "kms_key_arn": "",
            "last_modified": "2025-07-29T21:23:40.000+0000",
            "layers": [],
            "logging_config": [
              {
                "application_log_level": "",
                "log_format": "Text",
                "log_group": "/aws/lambda/prod-vishmaker-api-llm",
                "system_log_level": ""
              }
            ],
            "memory_size": 1024,
            "package_type": "Zip",
            "publish": false,
            "qualified_arn": "arn:aws:lambda:us-east-1:489270312286:function:prod-vishmaker-api-llm:$LATEST",
            "qualified_invoke_arn": "arn:aws:apigateway:us-east-1:lambda:path/2015-03-31/functions/arn:aws:lambda:us-east-1:489270312286:function:prod-vishmaker-api-llm:$LATEST/invocations",
            "replace_security_groups_on_destroy": null,
            "replacement_security_group_ids": null,
            "reserved_concurrent_executions": -1,
            "role": "arn:aws:iam::489270312286:role/prod-vishmaker-api-llm-role",
            "runtime": "python3.9",
            "s3_bucket": null,
            "s3_key": null,
            "s3_object_version": null,
            "signing_job_arn": "",
            "signing_profile_version_arn": "",
            "skip_destroy": false,
            "snap_start": [],
            "source_code_hash": "xn+2vQqWC22AgcfEGJByb3tJCP96ksFMPDEwsU/cgJA=",
            "source_code_size": 19175835,
            "tags": {
              "Environment": "prod",
              "ManagedBy": "Terraform",
              "Name": "prod-vishmaker",
              "Owner": "VishMaker Team",
              "Project": "vishmaker"
            },
            "tags_all": {
              "Environment": "prod",
              "ManagedBy": "Terraform",
              "Name": "prod-vishmaker",
              "Owner": "VishMaker Team",
              "Project": "vishmaker"
            },
            "timeout": 300,
            "timeouts": null,
            "tracing_config": [
              {
                "mode": "PassThrough"
              }
            ],
            "version": "$LATEST",
            "vpc_config": []
          },
          "sensitive_attributes": [],
          "private": "eyJlMmJmYjczMC1lY2FhLTExZTYtOGY4OC0zNDM2M2JjN2M0YzAiOnsiY3JlYXRlIjo2MDAwMDAwMDAwMDAsImRlbGV0ZSI6NjAwMDAwMDAwMDAwLCJ1cGRhdGUiOjYwMDAwMDAwMDAwMH19",
          "dependencies": [
            "aws_s3_bucket.configs",
            "aws_s3_object.app_config",
            "module.cognito.aws_cognito_user_pool.main",
            "module.cognito.aws_cognito_user_pool_client.main",
            "module.cognito.aws_cognito_user_pool_domain.main",
            "module.llm_api_lambda.aws_cloudwatch_log_group.llm_lambda_logs",
            "module.llm_api_lambda.aws_iam_role.llm_lambda_role",
            "module.llm_api_lambda.aws_iam_role_policy.llm_lambda_bedrock_policy",
            "module.llm_api_lambda.aws_iam_role_policy.llm_lambda_s3_policy",
            "module.llm_api_lambda.aws_iam_role_policy_attachment.llm_lambda_basic_execution"
          ]
        }
      ]
    },
    {
      "module": "module.llm_api_lambda",
      "mode": "managed",
      "type": "aws_lambda_permission",
      "name": "llm_api_gateway_invoke",
      "provider": "provider[\"registry.terraform.io/hashicorp/aws\"]",
      "instances": [
        {
          "schema_version": 0,
          "attributes": {
            "action": "lambda:InvokeFunction",
            "event_source_token": null,
            "function_name": "prod-vishmaker-api-llm",
            "function_url_auth_type": null,
            "id": "AllowAPIGatewayInvoke",
            "principal": "apigateway.amazonaws.com",
            "principal_org_id": null,
            "qualifier": "",
            "source_account": null,
            "source_arn": "arn:aws:execute-api:us-east-1:489270312286:04gp2vxsa3/*/*",
            "statement_id": "AllowAPIGatewayInvoke",
            "statement_id_prefix": ""
          },
          "sensitive_attributes": [],
          "private": "bnVsbA==",
          "dependencies": [
            "aws_s3_bucket.configs",
            "aws_s3_object.app_config",
            "module.api_gateway.aws_apigatewayv2_api.main",
            "module.cognito.aws_cognito_user_pool.main",
            "module.cognito.aws_cognito_user_pool_client.main",
            "module.cognito.aws_cognito_user_pool_domain.main",
            "module.llm_api_lambda.aws_cloudwatch_log_group.llm_lambda_logs",
            "module.llm_api_lambda.aws_iam_role.llm_lambda_role",
            "module.llm_api_lambda.aws_iam_role_policy.llm_lambda_bedrock_policy",
            "module.llm_api_lambda.aws_iam_role_policy.llm_lambda_s3_policy",
            "module.llm_api_lambda.aws_iam_role_policy_attachment.llm_lambda_basic_execution",
            "module.llm_api_lambda.aws_lambda_function.llm_api",
            "random_string.bucket_suffix"
          ]
        }
      ]
    },
    {
      "module": "module.route53",
      "mode": "data",
      "type": "aws_route53_zone",
      "name": "main",
      "provider": "provider[\"registry.terraform.io/hashicorp/aws\"]",
      "instances": [
        {
          "schema_version": 0,
          "attributes": {
            "arn": "arn:aws:route53:::hostedzone/Z05231361NY3UTG9FCP77",
            "caller_reference": "RISWorkflow-RD:e3dece18-cc85-43ce-99ea-8804f228664e",
            "comment": "HostedZone created by Route53 Registrar",
            "id": "Z05231361NY3UTG9FCP77",
            "linked_service_description": null,
            "linked_service_principal": null,
            "name": "vishmaker.com",
            "name_servers": [
              "ns-488.awsdns-61.com",
              "ns-959.awsdns-55.net",
              "ns-1118.awsdns-11.org",
              "ns-2012.awsdns-59.co.uk"
            ],
            "primary_name_server": "ns-488.awsdns-61.com",
            "private_zone": false,
            "resource_record_set_count": 7,
            "tags": {},
            "vpc_id": null,
            "zone_id": "Z05231361NY3UTG9FCP77"
          },
          "sensitive_attributes": []
        }
      ]
    },
    {
      "module": "module.route53",
      "mode": "managed",
      "type": "aws_route53_record",
      "name": "api",
      "provider": "provider[\"registry.terraform.io/hashicorp/aws\"]",
      "instances": [
        {
          "schema_version": 2,
          "attributes": {
            "alias": [],
            "allow_overwrite": null,
            "cidr_routing_policy": [],
            "failover_routing_policy": [],
            "fqdn": "api.vishmaker.com",
            "geolocation_routing_policy": [],
            "geoproximity_routing_policy": [],
            "health_check_id": "",
            "id": "Z05231361NY3UTG9FCP77_api.vishmaker.com_CNAME",
            "latency_routing_policy": [],
            "multivalue_answer_routing_policy": false,
            "name": "api.vishmaker.com",
            "records": [
              "https://04gp2vxsa3.execute-api.us-east-1.amazonaws.com"
            ],
            "set_identifier": "",
            "timeouts": null,
            "ttl": 300,
            "type": "CNAME",
            "weighted_routing_policy": [],
            "zone_id": "Z05231361NY3UTG9FCP77"
          },
          "sensitive_attributes": [],
          "private": "eyJlMmJmYjczMC1lY2FhLTExZTYtOGY4OC0zNDM2M2JjN2M0YzAiOnsiY3JlYXRlIjoxODAwMDAwMDAwMDAwLCJkZWxldGUiOjE4MDAwMDAwMDAwMDAsInVwZGF0ZSI6MTgwMDAwMDAwMDAwMH0sInNjaGVtYV92ZXJzaW9uIjoiMiJ9",
          "dependencies": [
            "module.api_gateway.aws_apigatewayv2_api.main",
            "module.route53.data.aws_route53_zone.main"
          ]
        }
      ]
    }
  ],
  "check_results": null
}
