{
  "version": 4,
  "terraform_version": "1.5.7",
  "serial": 408,
  "lineage": "5d42ec4e-908b-b264-14ca-02c1186d7235",
  "outputs": {
    "api_domain": {
      "value": "api.vishmaker.com",
      "type": "string"
    },
    "api_gateway_endpoint": {
      "value": "https://n1h3tfm3l0.execute-api.us-east-1.amazonaws.com",
      "type": "string"
    },
    "api_gateway_execution_arn": {
      "value": "arn:aws:execute-api:us-east-1:489270312286:n1h3tfm3l0",
      "type": "string"
    },
    "api_gateway_id": {
      "value": "n1h3tfm3l0",
      "type": "string"
    },
    "api_routes": {
      "value": {
        "auth_api": {
          "function_name": "prod-vishmaker-api-auth",
          "lambda_arn": "arn:aws:apigateway:us-east-1:lambda:path/2015-03-31/functions/arn:aws:lambda:us-east-1:489270312286:function:prod-vishmaker-api-auth/invocations",
          "routes": [
            {
              "auth": "NONE",
              "methods": [
                "POST"
              ],
              "path": [
                "/auth/signin",
                "/auth/signup",
                "/auth/confirm-signup",
                "/auth/forgot-password",
                "/auth/confirm-forgot-password"
              ]
            },
            {
              "auth": "JWT",
              "methods": [
                "GET",
                "POST"
              ],
              "path": [
                "/auth/me",
                "/auth/signout",
                "/auth/refresh-token"
              ]
            }
          ]
        },
        "llm_api": {
          "function_name": "prod-vishmaker-api-llm",
          "lambda_arn": "arn:aws:apigateway:us-east-1:lambda:path/2015-03-31/functions/arn:aws:lambda:us-east-1:489270312286:function:prod-vishmaker-api-llm/invocations",
          "routes": [
            {
              "auth": "JWT",
              "methods": [
                "GET",
                "POST",
                "PUT",
                "DELETE"
              ],
              "path": [
                "/llm/{proxy+}"
              ]
            }
          ]
        },
        "projects_api": {
          "function_name": "prod-vishmaker-projects",
          "lambda_arn": "arn:aws:apigateway:us-east-1:lambda:path/2015-03-31/functions/arn:aws:lambda:us-east-1:489270312286:function:prod-vishmaker-projects/invocations",
          "routes": [
            {
              "auth": "JWT",
              "methods": [
                "GET",
                "POST",
                "PUT",
                "DELETE"
              ],
              "path": [
                "/projects",
                "/projects/{proxy+}"
              ]
            }
          ]
        },
        "requirements_api": {
          "function_name": "prod-vishmaker-requirements",
          "lambda_arn": "arn:aws:apigateway:us-east-1:lambda:path/2015-03-31/functions/arn:aws:lambda:us-east-1:489270312286:function:prod-vishmaker-requirements/invocations",
          "routes": [
            {
              "auth": "JWT",
              "methods": [
                "GET",
                "POST",
                "PUT",
                "DELETE"
              ],
              "path": [
                "/requirements",
                "/requirements/{proxy+}"
              ]
            }
          ]
        }
      },
      "type": [
        "object",
        {
          "auth_api": [
            "object",
            {
              "function_name": "string",
              "lambda_arn": "string",
              "routes": [
                "tuple",
                [
                  [
                    "object",
                    {
                      "auth": "string",
                      "methods": [
                        "tuple",
                        [
                          "string"
                        ]
                      ],
                      "path": [
                        "tuple",
                        [
                          "string",
                          "string",
                          "string",
                          "string",
                          "string"
                        ]
                      ]
                    }
                  ],
                  [
                    "object",
                    {
                      "auth": "string",
                      "methods": [
                        "tuple",
                        [
                          "string",
                          "string"
                        ]
                      ],
                      "path": [
                        "tuple",
                        [
                          "string",
                          "string",
                          "string"
                        ]
                      ]
                    }
                  ]
                ]
              ]
            }
          ],
          "llm_api": [
            "object",
            {
              "function_name": "string",
              "lambda_arn": "string",
              "routes": [
                "tuple",
                [
                  [
                    "object",
                    {
                      "auth": "string",
                      "methods": [
                        "tuple",
                        [
                          "string",
                          "string",
                          "string",
                          "string"
                        ]
                      ],
                      "path": [
                        "tuple",
                        [
                          "string"
                        ]
                      ]
                    }
                  ]
                ]
              ]
            }
          ],
          "projects_api": [
            "object",
            {
              "function_name": "string",
              "lambda_arn": "string",
              "routes": [
                "tuple",
                [
                  [
                    "object",
                    {
                      "auth": "string",
                      "methods": [
                        "tuple",
                        [
                          "string",
                          "string",
                          "string",
                          "string"
                        ]
                      ],
                      "path": [
                        "tuple",
                        [
                          "string",
                          "string"
                        ]
                      ]
                    }
                  ]
                ]
              ]
            }
          ],
          "requirements_api": [
            "object",
            {
              "function_name": "string",
              "lambda_arn": "string",
              "routes": [
                "tuple",
                [
                  [
                    "object",
                    {
                      "auth": "string",
                      "methods": [
                        "tuple",
                        [
                          "string",
                          "string",
                          "string",
                          "string"
                        ]
                      ],
                      "path": [
                        "tuple",
                        [
                          "string",
                          "string"
                        ]
                      ]
                    }
                  ]
                ]
              ]
            }
          ]
        }
      ]
    },
    "aws_region": {
      "value": "us-east-1",
      "type": "string"
    },
    "cloudfront_distribution_id": {
      "value": "E27ZJ7GYC7E0HU",
      "type": "string"
    },
    "cloudfront_domain_name": {
      "value": "dyno2ca8gerxz.cloudfront.net",
      "type": "string"
    },
    "common_tags": {
      "value": {
        "Environment": "prod",
        "ManagedBy": "Terraform",
        "Name": "prod-vishmaker",
        "Owner": "VishMaker Team",
        "Project": "vishmaker"
      },
      "type": [
        "object",
        {
          "Environment": "string",
          "ManagedBy": "string",
          "Name": "string",
          "Owner": "string",
          "Project": "string"
        }
      ]
    },
    "config_bucket_arn": {
      "value": "arn:aws:s3:::vishmaker-configs-prod-9qofatqf",
      "type": "string"
    },
    "config_bucket_domain_name": {
      "value": "vishmaker-configs-prod-9qofatqf.s3.amazonaws.com",
      "type": "string"
    },
    "config_bucket_name": {
      "value": "vishmaker-configs-prod-9qofatqf",
      "type": "string"
    },
    "config_object_key": {
      "value": "config.json",
      "type": "string"
    },
    "environment": {
      "value": "prod",
      "type": "string"
    },
    "flattened_routes": {
      "value": {
        "auth_api-GET-_auth_me": {
          "auth_type": "JWT",
          "integration_key": "auth_api",
          "lambda_arn": "arn:aws:apigateway:us-east-1:lambda:path/2015-03-31/functions/arn:aws:lambda:us-east-1:489270312286:function:prod-vishmaker-api-auth/invocations",
          "route_key": "GET /auth/me"
        },
        "auth_api-GET-_auth_refresh-token": {
          "auth_type": "JWT",
          "integration_key": "auth_api",
          "lambda_arn": "arn:aws:apigateway:us-east-1:lambda:path/2015-03-31/functions/arn:aws:lambda:us-east-1:489270312286:function:prod-vishmaker-api-auth/invocations",
          "route_key": "GET /auth/refresh-token"
        },
        "auth_api-GET-_auth_signout": {
          "auth_type": "JWT",
          "integration_key": "auth_api",
          "lambda_arn": "arn:aws:apigateway:us-east-1:lambda:path/2015-03-31/functions/arn:aws:lambda:us-east-1:489270312286:function:prod-vishmaker-api-auth/invocations",
          "route_key": "GET /auth/signout"
        },
        "auth_api-POST-_auth_confirm-forgot-password": {
          "auth_type": "NONE",
          "integration_key": "auth_api",
          "lambda_arn": "arn:aws:apigateway:us-east-1:lambda:path/2015-03-31/functions/arn:aws:lambda:us-east-1:489270312286:function:prod-vishmaker-api-auth/invocations",
          "route_key": "POST /auth/confirm-forgot-password"
        },
        "auth_api-POST-_auth_confirm-signup": {
          "auth_type": "NONE",
          "integration_key": "auth_api",
          "lambda_arn": "arn:aws:apigateway:us-east-1:lambda:path/2015-03-31/functions/arn:aws:lambda:us-east-1:489270312286:function:prod-vishmaker-api-auth/invocations",
          "route_key": "POST /auth/confirm-signup"
        },
        "auth_api-POST-_auth_forgot-password": {
          "auth_type": "NONE",
          "integration_key": "auth_api",
          "lambda_arn": "arn:aws:apigateway:us-east-1:lambda:path/2015-03-31/functions/arn:aws:lambda:us-east-1:489270312286:function:prod-vishmaker-api-auth/invocations",
          "route_key": "POST /auth/forgot-password"
        },
        "auth_api-POST-_auth_me": {
          "auth_type": "JWT",
          "integration_key": "auth_api",
          "lambda_arn": "arn:aws:apigateway:us-east-1:lambda:path/2015-03-31/functions/arn:aws:lambda:us-east-1:489270312286:function:prod-vishmaker-api-auth/invocations",
          "route_key": "POST /auth/me"
        },
        "auth_api-POST-_auth_refresh-token": {
          "auth_type": "JWT",
          "integration_key": "auth_api",
          "lambda_arn": "arn:aws:apigateway:us-east-1:lambda:path/2015-03-31/functions/arn:aws:lambda:us-east-1:489270312286:function:prod-vishmaker-api-auth/invocations",
          "route_key": "POST /auth/refresh-token"
        },
        "auth_api-POST-_auth_signin": {
          "auth_type": "NONE",
          "integration_key": "auth_api",
          "lambda_arn": "arn:aws:apigateway:us-east-1:lambda:path/2015-03-31/functions/arn:aws:lambda:us-east-1:489270312286:function:prod-vishmaker-api-auth/invocations",
          "route_key": "POST /auth/signin"
        },
        "auth_api-POST-_auth_signout": {
          "auth_type": "JWT",
          "integration_key": "auth_api",
          "lambda_arn": "arn:aws:apigateway:us-east-1:lambda:path/2015-03-31/functions/arn:aws:lambda:us-east-1:489270312286:function:prod-vishmaker-api-auth/invocations",
          "route_key": "POST /auth/signout"
        },
        "auth_api-POST-_auth_signup": {
          "auth_type": "NONE",
          "integration_key": "auth_api",
          "lambda_arn": "arn:aws:apigateway:us-east-1:lambda:path/2015-03-31/functions/arn:aws:lambda:us-east-1:489270312286:function:prod-vishmaker-api-auth/invocations",
          "route_key": "POST /auth/signup"
        },
        "llm_api-DELETE-_llm__proxy+}": {
          "auth_type": "JWT",
          "integration_key": "llm_api",
          "lambda_arn": "arn:aws:apigateway:us-east-1:lambda:path/2015-03-31/functions/arn:aws:lambda:us-east-1:489270312286:function:prod-vishmaker-api-llm/invocations",
          "route_key": "DELETE /llm/{proxy+}"
        },
        "llm_api-GET-_llm__proxy+}": {
          "auth_type": "JWT",
          "integration_key": "llm_api",
          "lambda_arn": "arn:aws:apigateway:us-east-1:lambda:path/2015-03-31/functions/arn:aws:lambda:us-east-1:489270312286:function:prod-vishmaker-api-llm/invocations",
          "route_key": "GET /llm/{proxy+}"
        },
        "llm_api-POST-_llm__proxy+}": {
          "auth_type": "JWT",
          "integration_key": "llm_api",
          "lambda_arn": "arn:aws:apigateway:us-east-1:lambda:path/2015-03-31/functions/arn:aws:lambda:us-east-1:489270312286:function:prod-vishmaker-api-llm/invocations",
          "route_key": "POST /llm/{proxy+}"
        },
        "llm_api-PUT-_llm__proxy+}": {
          "auth_type": "JWT",
          "integration_key": "llm_api",
          "lambda_arn": "arn:aws:apigateway:us-east-1:lambda:path/2015-03-31/functions/arn:aws:lambda:us-east-1:489270312286:function:prod-vishmaker-api-llm/invocations",
          "route_key": "PUT /llm/{proxy+}"
        },
        "projects_api-DELETE-_projects": {
          "auth_type": "JWT",
          "integration_key": "projects_api",
          "lambda_arn": "arn:aws:apigateway:us-east-1:lambda:path/2015-03-31/functions/arn:aws:lambda:us-east-1:489270312286:function:prod-vishmaker-projects/invocations",
          "route_key": "DELETE /projects"
        },
        "projects_api-DELETE-_projects__proxy+}": {
          "auth_type": "JWT",
          "integration_key": "projects_api",
          "lambda_arn": "arn:aws:apigateway:us-east-1:lambda:path/2015-03-31/functions/arn:aws:lambda:us-east-1:489270312286:function:prod-vishmaker-projects/invocations",
          "route_key": "DELETE /projects/{proxy+}"
        },
        "projects_api-GET-_projects": {
          "auth_type": "JWT",
          "integration_key": "projects_api",
          "lambda_arn": "arn:aws:apigateway:us-east-1:lambda:path/2015-03-31/functions/arn:aws:lambda:us-east-1:489270312286:function:prod-vishmaker-projects/invocations",
          "route_key": "GET /projects"
        },
        "projects_api-GET-_projects__proxy+}": {
          "auth_type": "JWT",
          "integration_key": "projects_api",
          "lambda_arn": "arn:aws:apigateway:us-east-1:lambda:path/2015-03-31/functions/arn:aws:lambda:us-east-1:489270312286:function:prod-vishmaker-projects/invocations",
          "route_key": "GET /projects/{proxy+}"
        },
        "projects_api-POST-_projects": {
          "auth_type": "JWT",
          "integration_key": "projects_api",
          "lambda_arn": "arn:aws:apigateway:us-east-1:lambda:path/2015-03-31/functions/arn:aws:lambda:us-east-1:489270312286:function:prod-vishmaker-projects/invocations",
          "route_key": "POST /projects"
        },
        "projects_api-POST-_projects__proxy+}": {
          "auth_type": "JWT",
          "integration_key": "projects_api",
          "lambda_arn": "arn:aws:apigateway:us-east-1:lambda:path/2015-03-31/functions/arn:aws:lambda:us-east-1:489270312286:function:prod-vishmaker-projects/invocations",
          "route_key": "POST /projects/{proxy+}"
        },
        "projects_api-PUT-_projects": {
          "auth_type": "JWT",
          "integration_key": "projects_api",
          "lambda_arn": "arn:aws:apigateway:us-east-1:lambda:path/2015-03-31/functions/arn:aws:lambda:us-east-1:489270312286:function:prod-vishmaker-projects/invocations",
          "route_key": "PUT /projects"
        },
        "projects_api-PUT-_projects__proxy+}": {
          "auth_type": "JWT",
          "integration_key": "projects_api",
          "lambda_arn": "arn:aws:apigateway:us-east-1:lambda:path/2015-03-31/functions/arn:aws:lambda:us-east-1:489270312286:function:prod-vishmaker-projects/invocations",
          "route_key": "PUT /projects/{proxy+}"
        },
        "requirements_api-DELETE-_requirements": {
          "auth_type": "JWT",
          "integration_key": "requirements_api",
          "lambda_arn": "arn:aws:apigateway:us-east-1:lambda:path/2015-03-31/functions/arn:aws:lambda:us-east-1:489270312286:function:prod-vishmaker-requirements/invocations",
          "route_key": "DELETE /requirements"
        },
        "requirements_api-DELETE-_requirements__proxy+}": {
          "auth_type": "JWT",
          "integration_key": "requirements_api",
          "lambda_arn": "arn:aws:apigateway:us-east-1:lambda:path/2015-03-31/functions/arn:aws:lambda:us-east-1:489270312286:function:prod-vishmaker-requirements/invocations",
          "route_key": "DELETE /requirements/{proxy+}"
        },
        "requirements_api-GET-_requirements": {
          "auth_type": "JWT",
          "integration_key": "requirements_api",
          "lambda_arn": "arn:aws:apigateway:us-east-1:lambda:path/2015-03-31/functions/arn:aws:lambda:us-east-1:489270312286:function:prod-vishmaker-requirements/invocations",
          "route_key": "GET /requirements"
        },
        "requirements_api-GET-_requirements__proxy+}": {
          "auth_type": "JWT",
          "integration_key": "requirements_api",
          "lambda_arn": "arn:aws:apigateway:us-east-1:lambda:path/2015-03-31/functions/arn:aws:lambda:us-east-1:489270312286:function:prod-vishmaker-requirements/invocations",
          "route_key": "GET /requirements/{proxy+}"
        },
        "requirements_api-POST-_requirements": {
          "auth_type": "JWT",
          "integration_key": "requirements_api",
          "lambda_arn": "arn:aws:apigateway:us-east-1:lambda:path/2015-03-31/functions/arn:aws:lambda:us-east-1:489270312286:function:prod-vishmaker-requirements/invocations",
          "route_key": "POST /requirements"
        },
        "requirements_api-POST-_requirements__proxy+}": {
          "auth_type": "JWT",
          "integration_key": "requirements_api",
          "lambda_arn": "arn:aws:apigateway:us-east-1:lambda:path/2015-03-31/functions/arn:aws:lambda:us-east-1:489270312286:function:prod-vishmaker-requirements/invocations",
          "route_key": "POST /requirements/{proxy+}"
        },
        "requirements_api-PUT-_requirements": {
          "auth_type": "JWT",
          "integration_key": "requirements_api",
          "lambda_arn": "arn:aws:apigateway:us-east-1:lambda:path/2015-03-31/functions/arn:aws:lambda:us-east-1:489270312286:function:prod-vishmaker-requirements/invocations",
          "route_key": "PUT /requirements"
        },
        "requirements_api-PUT-_requirements__proxy+}": {
          "auth_type": "JWT",
          "integration_key": "requirements_api",
          "lambda_arn": "arn:aws:apigateway:us-east-1:lambda:path/2015-03-31/functions/arn:aws:lambda:us-east-1:489270312286:function:prod-vishmaker-requirements/invocations",
          "route_key": "PUT /requirements/{proxy+}"
        }
      },
      "type": [
        "object",
        {
          "auth_api-GET-_auth_me": [
            "object",
            {
              "auth_type": "string",
              "integration_key": "string",
              "lambda_arn": "string",
              "route_key": "string"
            }
          ],
          "auth_api-GET-_auth_refresh-token": [
            "object",
            {
              "auth_type": "string",
              "integration_key": "string",
              "lambda_arn": "string",
              "route_key": "string"
            }
          ],
          "auth_api-GET-_auth_signout": [
            "object",
            {
              "auth_type": "string",
              "integration_key": "string",
              "lambda_arn": "string",
              "route_key": "string"
            }
          ],
          "auth_api-POST-_auth_confirm-forgot-password": [
            "object",
            {
              "auth_type": "string",
              "integration_key": "string",
              "lambda_arn": "string",
              "route_key": "string"
            }
          ],
          "auth_api-POST-_auth_confirm-signup": [
            "object",
            {
              "auth_type": "string",
              "integration_key": "string",
              "lambda_arn": "string",
              "route_key": "string"
            }
          ],
          "auth_api-POST-_auth_forgot-password": [
            "object",
            {
              "auth_type": "string",
              "integration_key": "string",
              "lambda_arn": "string",
              "route_key": "string"
            }
          ],
          "auth_api-POST-_auth_me": [
            "object",
            {
              "auth_type": "string",
              "integration_key": "string",
              "lambda_arn": "string",
              "route_key": "string"
            }
          ],
          "auth_api-POST-_auth_refresh-token": [
            "object",
            {
              "auth_type": "string",
              "integration_key": "string",
              "lambda_arn": "string",
              "route_key": "string"
            }
          ],
          "auth_api-POST-_auth_signin": [
            "object",
            {
              "auth_type": "string",
              "integration_key": "string",
              "lambda_arn": "string",
              "route_key": "string"
            }
          ],
          "auth_api-POST-_auth_signout": [
            "object",
            {
              "auth_type": "string",
              "integration_key": "string",
              "lambda_arn": "string",
              "route_key": "string"
            }
          ],
          "auth_api-POST-_auth_signup": [
            "object",
            {
              "auth_type": "string",
              "integration_key": "string",
              "lambda_arn": "string",
              "route_key": "string"
            }
          ],
          "llm_api-DELETE-_llm__proxy+}": [
            "object",
            {
              "auth_type": "string",
              "integration_key": "string",
              "lambda_arn": "string",
              "route_key": "string"
            }
          ],
          "llm_api-GET-_llm__proxy+}": [
            "object",
            {
              "auth_type": "string",
              "integration_key": "string",
              "lambda_arn": "string",
              "route_key": "string"
            }
          ],
          "llm_api-POST-_llm__proxy+}": [
            "object",
            {
              "auth_type": "string",
              "integration_key": "string",
              "lambda_arn": "string",
              "route_key": "string"
            }
          ],
          "llm_api-PUT-_llm__proxy+}": [
            "object",
            {
              "auth_type": "string",
              "integration_key": "string",
              "lambda_arn": "string",
              "route_key": "string"
            }
          ],
          "projects_api-DELETE-_projects": [
            "object",
            {
              "auth_type": "string",
              "integration_key": "string",
              "lambda_arn": "string",
              "route_key": "string"
            }
          ],
          "projects_api-DELETE-_projects__proxy+}": [
            "object",
            {
              "auth_type": "string",
              "integration_key": "string",
              "lambda_arn": "string",
              "route_key": "string"
            }
          ],
          "projects_api-GET-_projects": [
            "object",
            {
              "auth_type": "string",
              "integration_key": "string",
              "lambda_arn": "string",
              "route_key": "string"
            }
          ],
          "projects_api-GET-_projects__proxy+}": [
            "object",
            {
              "auth_type": "string",
              "integration_key": "string",
              "lambda_arn": "string",
              "route_key": "string"
            }
          ],
          "projects_api-POST-_projects": [
            "object",
            {
              "auth_type": "string",
              "integration_key": "string",
              "lambda_arn": "string",
              "route_key": "string"
            }
          ],
          "projects_api-POST-_projects__proxy+}": [
            "object",
            {
              "auth_type": "string",
              "integration_key": "string",
              "lambda_arn": "string",
              "route_key": "string"
            }
          ],
          "projects_api-PUT-_projects": [
            "object",
            {
              "auth_type": "string",
              "integration_key": "string",
              "lambda_arn": "string",
              "route_key": "string"
            }
          ],
          "projects_api-PUT-_projects__proxy+}": [
            "object",
            {
              "auth_type": "string",
              "integration_key": "string",
              "lambda_arn": "string",
              "route_key": "string"
            }
          ],
          "requirements_api-DELETE-_requirements": [
            "object",
            {
              "auth_type": "string",
              "integration_key": "string",
              "lambda_arn": "string",
              "route_key": "string"
            }
          ],
          "requirements_api-DELETE-_requirements__proxy+}": [
            "object",
            {
              "auth_type": "string",
              "integration_key": "string",
              "lambda_arn": "string",
              "route_key": "string"
            }
          ],
          "requirements_api-GET-_requirements": [
            "object",
            {
              "auth_type": "string",
              "integration_key": "string",
              "lambda_arn": "string",
              "route_key": "string"
            }
          ],
          "requirements_api-GET-_requirements__proxy+}": [
            "object",
            {
              "auth_type": "string",
              "integration_key": "string",
              "lambda_arn": "string",
              "route_key": "string"
            }
          ],
          "requirements_api-POST-_requirements": [
            "object",
            {
              "auth_type": "string",
              "integration_key": "string",
              "lambda_arn": "string",
              "route_key": "string"
            }
          ],
          "requirements_api-POST-_requirements__proxy+}": [
            "object",
            {
              "auth_type": "string",
              "integration_key": "string",
              "lambda_arn": "string",
              "route_key": "string"
            }
          ],
          "requirements_api-PUT-_requirements": [
            "object",
            {
              "auth_type": "string",
              "integration_key": "string",
              "lambda_arn": "string",
              "route_key": "string"
            }
          ],
          "requirements_api-PUT-_requirements__proxy+}": [
            "object",
            {
              "auth_type": "string",
              "integration_key": "string",
              "lambda_arn": "string",
              "route_key": "string"
            }
          ]
        }
      ]
    },
    "frontend_bucket_arn": {
      "value": "arn:aws:s3:::vishmaker.com",
      "type": "string"
    },
    "frontend_bucket_name": {
      "value": "vishmaker.com",
      "type": "string"
    },
    "frontend_url": {
      "value": "https://vishmaker.com",
      "type": "string"
    },
    "hosted_zone_id": {
      "value": "Z05231361NY3UTG9FCP77",
      "type": "string"
    },
    "llm_lambda_function_arn": {
      "value": "arn:aws:lambda:us-east-1:489270312286:function:prod-vishmaker-api-llm",
      "type": "string"
    },
    "llm_lambda_function_invoke_arn": {
      "value": "arn:aws:apigateway:us-east-1:lambda:path/2015-03-31/functions/arn:aws:lambda:us-east-1:489270312286:function:prod-vishmaker-api-llm/invocations",
      "type": "string"
    },
    "llm_lambda_function_name": {
      "value": "prod-vishmaker-api-llm",
      "type": "string"
    },
    "name_servers": {
      "value": [
        "ns-488.awsdns-61.com",
        "ns-959.awsdns-55.net",
        "ns-1118.awsdns-11.org",
        "ns-2012.awsdns-59.co.uk"
      ],
      "type": [
        "list",
        "string"
      ]
    },
    "project_name": {
      "value": "vishmaker",
      "type": "string"
    },
    "resource_name_prefix": {
      "value": "vishmaker-prod",
      "type": "string"
    }
  },
  "resources": [
    {
      "mode": "managed",
      "type": "aws_apigatewayv2_api",
      "name": "main",
      "provider": "provider[\"registry.terraform.io/hashicorp/aws\"]",
      "instances": [
        {
          "schema_version": 0,
          "attributes": {
            "api_endpoint": "https://n1h3tfm3l0.execute-api.us-east-1.amazonaws.com",
            "api_key_selection_expression": "$request.header.x-api-key",
            "arn": "arn:aws:apigateway:us-east-1::/apis/n1h3tfm3l0",
            "body": null,
            "cors_configuration": [
              {
                "allow_credentials": true,
                "allow_headers": [
                  "*"
                ],
                "allow_methods": [
                  "*"
                ],
                "allow_origins": [
                  "https://vishmaker.com"
                ],
                "expose_headers": [
                  "*"
                ],
                "max_age": 86400
              }
            ],
            "credentials_arn": null,
            "description": "",
            "disable_execute_api_endpoint": false,
            "execution_arn": "arn:aws:execute-api:us-east-1:489270312286:n1h3tfm3l0",
            "fail_on_warnings": null,
            "id": "n1h3tfm3l0",
            "ip_address_type": "ipv4",
            "name": "prod-vishmaker-api",
            "protocol_type": "HTTP",
            "route_key": null,
            "route_selection_expression": "$request.method $request.path",
            "tags": {
              "Environment": "prod",
              "ManagedBy": "Terraform",
              "Name": "prod-vishmaker",
              "Owner": "VishMaker Team",
              "Project": "vishmaker"
            },
            "tags_all": {
              "Environment": "prod",
              "ManagedBy": "Terraform",
              "Name": "prod-vishmaker",
              "Owner": "VishMaker Team",
              "Project": "vishmaker"
            },
            "target": null,
            "version": ""
          },
          "sensitive_attributes": [],
          "private": "bnVsbA=="
        }
      ]
    },
    {
      "mode": "managed",
      "type": "aws_apigatewayv2_authorizer",
      "name": "cognito",
      "provider": "provider[\"registry.terraform.io/hashicorp/aws\"]",
      "instances": [
        {
          "schema_version": 0,
          "attributes": {
            "api_id": "n1h3tfm3l0",
            "authorizer_credentials_arn": "",
            "authorizer_payload_format_version": "",
            "authorizer_result_ttl_in_seconds": 0,
            "authorizer_type": "JWT",
            "authorizer_uri": "",
            "enable_simple_responses": false,
            "id": "xxocwt",
            "identity_sources": [
              "$request.header.Authorization"
            ],
            "jwt_configuration": [
              {
                "audience": [
                  "6vtj80n9u3916hnlpnpbi7r2v9"
                ],
                "issuer": "https://cognito-idp.us-east-1.amazonaws.com/us-east-1_Hf4Ps4b4j"
              }
            ],
            "name": "vishmaker-prod-cognito-authorizer",
            "timeouts": null
          },
          "sensitive_attributes": [],
          "private": "eyJlMmJmYjczMC1lY2FhLTExZTYtOGY4OC0zNDM2M2JjN2M0YzAiOnsiZGVsZXRlIjoxODAwMDAwMDAwMDAwfX0=",
          "dependencies": [
            "aws_apigatewayv2_api.main"
          ]
        }
      ]
    },
    {
      "mode": "managed",
      "type": "aws_apigatewayv2_integration",
      "name": "api",
      "provider": "provider[\"registry.terraform.io/hashicorp/aws\"]",
      "instances": [
        {
          "index_key": "auth_api",
          "schema_version": 0,
          "attributes": {
            "api_id": "n1h3tfm3l0",
            "connection_id": "",
            "connection_type": "INTERNET",
            "content_handling_strategy": "",
            "credentials_arn": "",
            "description": "",
            "id": "cv1ipvh",
            "integration_method": "POST",
            "integration_response_selection_expression": "",
            "integration_subtype": "",
            "integration_type": "AWS_PROXY",
            "integration_uri": "arn:aws:apigateway:us-east-1:lambda:path/2015-03-31/functions/arn:aws:lambda:us-east-1:489270312286:function:prod-vishmaker-api-auth/invocations",
            "passthrough_behavior": "",
            "payload_format_version": "2.0",
            "request_parameters": {},
            "request_templates": {},
            "response_parameters": [],
            "template_selection_expression": "",
            "timeout_milliseconds": 30000,
            "tls_config": []
          },
          "sensitive_attributes": [],
          "private": "bnVsbA==",
          "dependencies": [
            "aws_apigatewayv2_api.main",
            "aws_dynamodb_table.tables",
            "aws_iam_role.lambda_role",
            "aws_lambda_function.lambda",
            "aws_s3_bucket.configs",
            "aws_s3_object.app_config",
            "module.auth_api_lambda.aws_cloudwatch_log_group.auth_lambda_logs",
            "module.auth_api_lambda.aws_iam_role.auth_lambda_role",
            "module.auth_api_lambda.aws_iam_role_policy.auth_lambda_cognito_policy",
            "module.auth_api_lambda.aws_iam_role_policy_attachment.auth_lambda_basic_execution",
            "module.auth_api_lambda.aws_lambda_function.auth_api",
            "module.llm_api_lambda.aws_cloudwatch_log_group.llm_lambda_logs",
            "module.llm_api_lambda.aws_iam_role.llm_lambda_role",
            "module.llm_api_lambda.aws_iam_role_policy.llm_lambda_bedrock_policy",
            "module.llm_api_lambda.aws_iam_role_policy.llm_lambda_dynamodb_policy",
            "module.llm_api_lambda.aws_iam_role_policy.llm_lambda_s3_policy",
            "module.llm_api_lambda.aws_iam_role_policy_attachment.llm_lambda_basic_execution",
            "module.llm_api_lambda.aws_lambda_function.llm_api",
            "random_string.bucket_suffix"
          ]
        },
        {
          "index_key": "llm_api",
          "schema_version": 0,
          "attributes": {
            "api_id": "n1h3tfm3l0",
            "connection_id": "",
            "connection_type": "INTERNET",
            "content_handling_strategy": "",
            "credentials_arn": "",
            "description": "",
            "id": "32adbi6",
            "integration_method": "POST",
            "integration_response_selection_expression": "",
            "integration_subtype": "",
            "integration_type": "AWS_PROXY",
            "integration_uri": "arn:aws:apigateway:us-east-1:lambda:path/2015-03-31/functions/arn:aws:lambda:us-east-1:489270312286:function:prod-vishmaker-api-llm/invocations",
            "passthrough_behavior": "",
            "payload_format_version": "2.0",
            "request_parameters": {},
            "request_templates": {},
            "response_parameters": [],
            "template_selection_expression": "",
            "timeout_milliseconds": 30000,
            "tls_config": []
          },
          "sensitive_attributes": [],
          "private": "bnVsbA==",
          "dependencies": [
            "aws_apigatewayv2_api.main",
            "aws_dynamodb_table.tables",
            "aws_iam_role.lambda_role",
            "aws_lambda_function.lambda",
            "aws_s3_bucket.configs",
            "aws_s3_object.app_config",
            "module.auth_api_lambda.aws_cloudwatch_log_group.auth_lambda_logs",
            "module.auth_api_lambda.aws_iam_role.auth_lambda_role",
            "module.auth_api_lambda.aws_iam_role_policy.auth_lambda_cognito_policy",
            "module.auth_api_lambda.aws_iam_role_policy_attachment.auth_lambda_basic_execution",
            "module.auth_api_lambda.aws_lambda_function.auth_api",
            "module.llm_api_lambda.aws_cloudwatch_log_group.llm_lambda_logs",
            "module.llm_api_lambda.aws_iam_role.llm_lambda_role",
            "module.llm_api_lambda.aws_iam_role_policy.llm_lambda_bedrock_policy",
            "module.llm_api_lambda.aws_iam_role_policy.llm_lambda_dynamodb_policy",
            "module.llm_api_lambda.aws_iam_role_policy.llm_lambda_s3_policy",
            "module.llm_api_lambda.aws_iam_role_policy_attachment.llm_lambda_basic_execution",
            "module.llm_api_lambda.aws_lambda_function.llm_api",
            "random_string.bucket_suffix"
          ]
        },
        {
          "index_key": "projects_api",
          "schema_version": 0,
          "attributes": {
            "api_id": "n1h3tfm3l0",
            "connection_id": "",
            "connection_type": "INTERNET",
            "content_handling_strategy": "",
            "credentials_arn": "",
            "description": "",
            "id": "jhoskwb",
            "integration_method": "POST",
            "integration_response_selection_expression": "",
            "integration_subtype": "",
            "integration_type": "AWS_PROXY",
            "integration_uri": "arn:aws:apigateway:us-east-1:lambda:path/2015-03-31/functions/arn:aws:lambda:us-east-1:489270312286:function:prod-vishmaker-projects/invocations",
            "passthrough_behavior": "",
            "payload_format_version": "2.0",
            "request_parameters": {},
            "request_templates": {},
            "response_parameters": [],
            "template_selection_expression": "",
            "timeout_milliseconds": 30000,
            "tls_config": []
          },
          "sensitive_attributes": [],
          "private": "bnVsbA==",
          "dependencies": [
            "aws_apigatewayv2_api.main",
            "aws_dynamodb_table.tables",
            "aws_iam_role.lambda_role",
            "aws_lambda_function.lambda",
            "aws_s3_bucket.configs",
            "aws_s3_object.app_config",
            "module.auth_api_lambda.aws_cloudwatch_log_group.auth_lambda_logs",
            "module.auth_api_lambda.aws_iam_role.auth_lambda_role",
            "module.auth_api_lambda.aws_iam_role_policy.auth_lambda_cognito_policy",
            "module.auth_api_lambda.aws_iam_role_policy_attachment.auth_lambda_basic_execution",
            "module.auth_api_lambda.aws_lambda_function.auth_api",
            "module.llm_api_lambda.aws_cloudwatch_log_group.llm_lambda_logs",
            "module.llm_api_lambda.aws_iam_role.llm_lambda_role",
            "module.llm_api_lambda.aws_iam_role_policy.llm_lambda_bedrock_policy",
            "module.llm_api_lambda.aws_iam_role_policy.llm_lambda_dynamodb_policy",
            "module.llm_api_lambda.aws_iam_role_policy.llm_lambda_s3_policy",
            "module.llm_api_lambda.aws_iam_role_policy_attachment.llm_lambda_basic_execution",
            "module.llm_api_lambda.aws_lambda_function.llm_api",
            "random_string.bucket_suffix"
          ]
        },
        {
          "index_key": "requirements_api",
          "schema_version": 0,
          "attributes": {
            "api_id": "n1h3tfm3l0",
            "connection_id": "",
            "connection_type": "INTERNET",
            "content_handling_strategy": "",
            "credentials_arn": "",
            "description": "",
            "id": "tv0t7ef",
            "integration_method": "POST",
            "integration_response_selection_expression": "",
            "integration_subtype": "",
            "integration_type": "AWS_PROXY",
            "integration_uri": "arn:aws:apigateway:us-east-1:lambda:path/2015-03-31/functions/arn:aws:lambda:us-east-1:489270312286:function:prod-vishmaker-requirements/invocations",
            "passthrough_behavior": "",
            "payload_format_version": "2.0",
            "request_parameters": {},
            "request_templates": {},
            "response_parameters": [],
            "template_selection_expression": "",
            "timeout_milliseconds": 30000,
            "tls_config": []
          },
          "sensitive_attributes": [],
          "private": "bnVsbA==",
          "dependencies": [
            "aws_apigatewayv2_api.main",
            "aws_dynamodb_table.tables",
            "aws_iam_role.lambda_role",
            "aws_lambda_function.lambda",
            "aws_s3_bucket.configs",
            "aws_s3_object.app_config",
            "module.auth_api_lambda.aws_cloudwatch_log_group.auth_lambda_logs",
            "module.auth_api_lambda.aws_iam_role.auth_lambda_role",
            "module.auth_api_lambda.aws_iam_role_policy.auth_lambda_cognito_policy",
            "module.auth_api_lambda.aws_iam_role_policy_attachment.auth_lambda_basic_execution",
            "module.auth_api_lambda.aws_lambda_function.auth_api",
            "module.llm_api_lambda.aws_cloudwatch_log_group.llm_lambda_logs",
            "module.llm_api_lambda.aws_iam_role.llm_lambda_role",
            "module.llm_api_lambda.aws_iam_role_policy.llm_lambda_bedrock_policy",
            "module.llm_api_lambda.aws_iam_role_policy.llm_lambda_dynamodb_policy",
            "module.llm_api_lambda.aws_iam_role_policy.llm_lambda_s3_policy",
            "module.llm_api_lambda.aws_iam_role_policy_attachment.llm_lambda_basic_execution",
            "module.llm_api_lambda.aws_lambda_function.llm_api",
            "random_string.bucket_suffix"
          ]
        }
      ]
    },
    {
      "mode": "managed",
      "type": "aws_apigatewayv2_route",
      "name": "cors_preflight_routes",
      "provider": "provider[\"registry.terraform.io/hashicorp/aws\"]",
      "instances": [
        {
          "index_key": "OPTIONS /auth/{proxy+}",
          "schema_version": 0,
          "attributes": {
            "api_id": "n1h3tfm3l0",
            "api_key_required": false,
            "authorization_scopes": [],
            "authorization_type": "NONE",
            "authorizer_id": "",
            "id": "k03w67k",
            "model_selection_expression": "",
            "operation_name": "",
            "request_models": {},
            "request_parameter": [],
            "route_key": "OPTIONS /auth/{proxy+}",
            "route_response_selection_expression": "",
            "target": "integrations/cv1ipvh"
          },
          "sensitive_attributes": [],
          "private": "bnVsbA==",
          "dependencies": [
            "aws_apigatewayv2_api.main",
            "aws_apigatewayv2_integration.api",
            "aws_dynamodb_table.tables",
            "aws_iam_role.lambda_role",
            "aws_lambda_function.lambda",
            "aws_s3_bucket.configs",
            "aws_s3_object.app_config",
            "module.auth_api_lambda.aws_cloudwatch_log_group.auth_lambda_logs",
            "module.auth_api_lambda.aws_iam_role.auth_lambda_role",
            "module.auth_api_lambda.aws_iam_role_policy.auth_lambda_cognito_policy",
            "module.auth_api_lambda.aws_iam_role_policy_attachment.auth_lambda_basic_execution",
            "module.auth_api_lambda.aws_lambda_function.auth_api",
            "module.llm_api_lambda.aws_cloudwatch_log_group.llm_lambda_logs",
            "module.llm_api_lambda.aws_iam_role.llm_lambda_role",
            "module.llm_api_lambda.aws_iam_role_policy.llm_lambda_bedrock_policy",
            "module.llm_api_lambda.aws_iam_role_policy.llm_lambda_dynamodb_policy",
            "module.llm_api_lambda.aws_iam_role_policy.llm_lambda_s3_policy",
            "module.llm_api_lambda.aws_iam_role_policy_attachment.llm_lambda_basic_execution",
            "module.llm_api_lambda.aws_lambda_function.llm_api",
            "random_string.bucket_suffix"
          ]
        },
        {
          "index_key": "OPTIONS /llm/{proxy+}",
          "schema_version": 0,
          "attributes": {
            "api_id": "n1h3tfm3l0",
            "api_key_required": false,
            "authorization_scopes": [],
            "authorization_type": "NONE",
            "authorizer_id": "",
            "id": "we4xrdu",
            "model_selection_expression": "",
            "operation_name": "",
            "request_models": {},
            "request_parameter": [],
            "route_key": "OPTIONS /llm/{proxy+}",
            "route_response_selection_expression": "",
            "target": "integrations/cv1ipvh"
          },
          "sensitive_attributes": [],
          "private": "bnVsbA==",
          "dependencies": [
            "aws_apigatewayv2_api.main",
            "aws_apigatewayv2_integration.api",
            "aws_dynamodb_table.tables",
            "aws_iam_role.lambda_role",
            "aws_lambda_function.lambda",
            "aws_s3_bucket.configs",
            "aws_s3_object.app_config",
            "module.auth_api_lambda.aws_cloudwatch_log_group.auth_lambda_logs",
            "module.auth_api_lambda.aws_iam_role.auth_lambda_role",
            "module.auth_api_lambda.aws_iam_role_policy.auth_lambda_cognito_policy",
            "module.auth_api_lambda.aws_iam_role_policy_attachment.auth_lambda_basic_execution",
            "module.auth_api_lambda.aws_lambda_function.auth_api",
            "module.llm_api_lambda.aws_cloudwatch_log_group.llm_lambda_logs",
            "module.llm_api_lambda.aws_iam_role.llm_lambda_role",
            "module.llm_api_lambda.aws_iam_role_policy.llm_lambda_bedrock_policy",
            "module.llm_api_lambda.aws_iam_role_policy.llm_lambda_dynamodb_policy",
            "module.llm_api_lambda.aws_iam_role_policy.llm_lambda_s3_policy",
            "module.llm_api_lambda.aws_iam_role_policy_attachment.llm_lambda_basic_execution",
            "module.llm_api_lambda.aws_lambda_function.llm_api",
            "random_string.bucket_suffix"
          ]
        },
        {
          "index_key": "OPTIONS /projects/{proxy+}",
          "schema_version": 0,
          "attributes": {
            "api_id": "n1h3tfm3l0",
            "api_key_required": false,
            "authorization_scopes": [],
            "authorization_type": "NONE",
            "authorizer_id": "",
            "id": "i46o4im",
            "model_selection_expression": "",
            "operation_name": "",
            "request_models": {},
            "request_parameter": [],
            "route_key": "OPTIONS /projects/{proxy+}",
            "route_response_selection_expression": "",
            "target": "integrations/cv1ipvh"
          },
          "sensitive_attributes": [],
          "private": "bnVsbA==",
          "dependencies": [
            "aws_apigatewayv2_api.main",
            "aws_apigatewayv2_integration.api",
            "aws_dynamodb_table.tables",
            "aws_iam_role.lambda_role",
            "aws_lambda_function.lambda",
            "aws_s3_bucket.configs",
            "aws_s3_object.app_config",
            "module.auth_api_lambda.aws_cloudwatch_log_group.auth_lambda_logs",
            "module.auth_api_lambda.aws_iam_role.auth_lambda_role",
            "module.auth_api_lambda.aws_iam_role_policy.auth_lambda_cognito_policy",
            "module.auth_api_lambda.aws_iam_role_policy_attachment.auth_lambda_basic_execution",
            "module.auth_api_lambda.aws_lambda_function.auth_api",
            "module.llm_api_lambda.aws_cloudwatch_log_group.llm_lambda_logs",
            "module.llm_api_lambda.aws_iam_role.llm_lambda_role",
            "module.llm_api_lambda.aws_iam_role_policy.llm_lambda_bedrock_policy",
            "module.llm_api_lambda.aws_iam_role_policy.llm_lambda_dynamodb_policy",
            "module.llm_api_lambda.aws_iam_role_policy.llm_lambda_s3_policy",
            "module.llm_api_lambda.aws_iam_role_policy_attachment.llm_lambda_basic_execution",
            "module.llm_api_lambda.aws_lambda_function.llm_api",
            "random_string.bucket_suffix"
          ]
        },
        {
          "index_key": "OPTIONS /requirements/{proxy+}",
          "schema_version": 0,
          "attributes": {
            "api_id": "n1h3tfm3l0",
            "api_key_required": false,
            "authorization_scopes": [],
            "authorization_type": "NONE",
            "authorizer_id": "",
            "id": "2iatanl",
            "model_selection_expression": "",
            "operation_name": "",
            "request_models": {},
            "request_parameter": [],
            "route_key": "OPTIONS /requirements/{proxy+}",
            "route_response_selection_expression": "",
            "target": "integrations/cv1ipvh"
          },
          "sensitive_attributes": [],
          "private": "bnVsbA==",
          "dependencies": [
            "aws_apigatewayv2_api.main",
            "aws_apigatewayv2_integration.api",
            "aws_dynamodb_table.tables",
            "aws_iam_role.lambda_role",
            "aws_lambda_function.lambda",
            "aws_s3_bucket.configs",
            "aws_s3_object.app_config",
            "module.auth_api_lambda.aws_cloudwatch_log_group.auth_lambda_logs",
            "module.auth_api_lambda.aws_iam_role.auth_lambda_role",
            "module.auth_api_lambda.aws_iam_role_policy.auth_lambda_cognito_policy",
            "module.auth_api_lambda.aws_iam_role_policy_attachment.auth_lambda_basic_execution",
            "module.auth_api_lambda.aws_lambda_function.auth_api",
            "module.llm_api_lambda.aws_cloudwatch_log_group.llm_lambda_logs",
            "module.llm_api_lambda.aws_iam_role.llm_lambda_role",
            "module.llm_api_lambda.aws_iam_role_policy.llm_lambda_bedrock_policy",
            "module.llm_api_lambda.aws_iam_role_policy.llm_lambda_dynamodb_policy",
            "module.llm_api_lambda.aws_iam_role_policy.llm_lambda_s3_policy",
            "module.llm_api_lambda.aws_iam_role_policy_attachment.llm_lambda_basic_execution",
            "module.llm_api_lambda.aws_lambda_function.llm_api",
            "random_string.bucket_suffix"
          ]
        }
      ]
    },
    {
      "mode": "managed",
      "type": "aws_apigatewayv2_route",
      "name": "health_check",
      "provider": "provider[\"registry.terraform.io/hashicorp/aws\"]",
      "instances": [
        {
          "schema_version": 0,
          "attributes": {
            "api_id": "n1h3tfm3l0",
            "api_key_required": false,
            "authorization_scopes": [],
            "authorization_type": "NONE",
            "authorizer_id": "",
            "id": "p2sgtl5",
            "model_selection_expression": "",
            "operation_name": "",
            "request_models": {},
            "request_parameter": [],
            "route_key": "GET /ping",
            "route_response_selection_expression": "",
            "target": "integrations/cv1ipvh"
          },
          "sensitive_attributes": [],
          "private": "bnVsbA==",
          "dependencies": [
            "aws_apigatewayv2_api.main",
            "aws_apigatewayv2_integration.api",
            "aws_dynamodb_table.tables",
            "aws_iam_role.lambda_role",
            "aws_lambda_function.lambda",
            "aws_s3_bucket.configs",
            "aws_s3_object.app_config",
            "module.auth_api_lambda.aws_cloudwatch_log_group.auth_lambda_logs",
            "module.auth_api_lambda.aws_iam_role.auth_lambda_role",
            "module.auth_api_lambda.aws_iam_role_policy.auth_lambda_cognito_policy",
            "module.auth_api_lambda.aws_iam_role_policy_attachment.auth_lambda_basic_execution",
            "module.auth_api_lambda.aws_lambda_function.auth_api",
            "module.llm_api_lambda.aws_cloudwatch_log_group.llm_lambda_logs",
            "module.llm_api_lambda.aws_iam_role.llm_lambda_role",
            "module.llm_api_lambda.aws_iam_role_policy.llm_lambda_bedrock_policy",
            "module.llm_api_lambda.aws_iam_role_policy.llm_lambda_dynamodb_policy",
            "module.llm_api_lambda.aws_iam_role_policy.llm_lambda_s3_policy",
            "module.llm_api_lambda.aws_iam_role_policy_attachment.llm_lambda_basic_execution",
            "module.llm_api_lambda.aws_lambda_function.llm_api",
            "random_string.bucket_suffix"
          ]
        }
      ]
    },
    {
      "mode": "managed",
      "type": "aws_apigatewayv2_route",
      "name": "root",
      "provider": "provider[\"registry.terraform.io/hashicorp/aws\"]",
      "instances": [
        {
          "schema_version": 0,
          "attributes": {
            "api_id": "n1h3tfm3l0",
            "api_key_required": false,
            "authorization_scopes": [],
            "authorization_type": "NONE",
            "authorizer_id": "",
            "id": "uubp2qm",
            "model_selection_expression": "",
            "operation_name": "",
            "request_models": {},
            "request_parameter": [],
            "route_key": "GET /",
            "route_response_selection_expression": "",
            "target": "integrations/cv1ipvh"
          },
          "sensitive_attributes": [],
          "private": "bnVsbA==",
          "dependencies": [
            "aws_apigatewayv2_api.main",
            "aws_apigatewayv2_integration.api",
            "aws_dynamodb_table.tables",
            "aws_iam_role.lambda_role",
            "aws_lambda_function.lambda",
            "aws_s3_bucket.configs",
            "aws_s3_object.app_config",
            "module.auth_api_lambda.aws_cloudwatch_log_group.auth_lambda_logs",
            "module.auth_api_lambda.aws_iam_role.auth_lambda_role",
            "module.auth_api_lambda.aws_iam_role_policy.auth_lambda_cognito_policy",
            "module.auth_api_lambda.aws_iam_role_policy_attachment.auth_lambda_basic_execution",
            "module.auth_api_lambda.aws_lambda_function.auth_api",
            "module.llm_api_lambda.aws_cloudwatch_log_group.llm_lambda_logs",
            "module.llm_api_lambda.aws_iam_role.llm_lambda_role",
            "module.llm_api_lambda.aws_iam_role_policy.llm_lambda_bedrock_policy",
            "module.llm_api_lambda.aws_iam_role_policy.llm_lambda_dynamodb_policy",
            "module.llm_api_lambda.aws_iam_role_policy.llm_lambda_s3_policy",
            "module.llm_api_lambda.aws_iam_role_policy_attachment.llm_lambda_basic_execution",
            "module.llm_api_lambda.aws_lambda_function.llm_api",
            "random_string.bucket_suffix"
          ]
        }
      ]
    },
    {
      "mode": "managed",
      "type": "aws_apigatewayv2_route",
      "name": "routes",
      "provider": "provider[\"registry.terraform.io/hashicorp/aws\"]",
      "instances": [
        {
          "index_key": "auth_api-GET-_auth_me",
          "schema_version": 0,
          "attributes": {
            "api_id": "n1h3tfm3l0",
            "api_key_required": false,
            "authorization_scopes": [],
            "authorization_type": "JWT",
            "authorizer_id": "xxocwt",
            "id": "34ixdi8",
            "model_selection_expression": "",
            "operation_name": "",
            "request_models": {},
            "request_parameter": [],
            "route_key": "GET /auth/me",
            "route_response_selection_expression": "",
            "target": "integrations/cv1ipvh"
          },
          "sensitive_attributes": [],
          "private": "bnVsbA==",
          "dependencies": [
            "aws_apigatewayv2_api.main",
            "aws_apigatewayv2_authorizer.cognito",
            "aws_apigatewayv2_integration.api",
            "aws_dynamodb_table.tables",
            "aws_iam_role.lambda_role",
            "aws_lambda_function.lambda",
            "aws_s3_bucket.configs",
            "aws_s3_object.app_config",
            "module.auth_api_lambda.aws_cloudwatch_log_group.auth_lambda_logs",
            "module.auth_api_lambda.aws_iam_role.auth_lambda_role",
            "module.auth_api_lambda.aws_iam_role_policy.auth_lambda_cognito_policy",
            "module.auth_api_lambda.aws_iam_role_policy_attachment.auth_lambda_basic_execution",
            "module.auth_api_lambda.aws_lambda_function.auth_api",
            "module.llm_api_lambda.aws_cloudwatch_log_group.llm_lambda_logs",
            "module.llm_api_lambda.aws_iam_role.llm_lambda_role",
            "module.llm_api_lambda.aws_iam_role_policy.llm_lambda_bedrock_policy",
            "module.llm_api_lambda.aws_iam_role_policy.llm_lambda_dynamodb_policy",
            "module.llm_api_lambda.aws_iam_role_policy.llm_lambda_s3_policy",
            "module.llm_api_lambda.aws_iam_role_policy_attachment.llm_lambda_basic_execution",
            "module.llm_api_lambda.aws_lambda_function.llm_api",
            "random_string.bucket_suffix"
          ]
        },
        {
          "index_key": "auth_api-GET-_auth_refresh-token",
          "schema_version": 0,
          "attributes": {
            "api_id": "n1h3tfm3l0",
            "api_key_required": false,
            "authorization_scopes": [],
            "authorization_type": "JWT",
            "authorizer_id": "xxocwt",
            "id": "y4dfz5k",
            "model_selection_expression": "",
            "operation_name": "",
            "request_models": {},
            "request_parameter": [],
            "route_key": "GET /auth/refresh-token",
            "route_response_selection_expression": "",
            "target": "integrations/cv1ipvh"
          },
          "sensitive_attributes": [],
          "private": "bnVsbA==",
          "dependencies": [
            "aws_apigatewayv2_api.main",
            "aws_apigatewayv2_authorizer.cognito",
            "aws_apigatewayv2_integration.api",
            "aws_dynamodb_table.tables",
            "aws_iam_role.lambda_role",
            "aws_lambda_function.lambda",
            "aws_s3_bucket.configs",
            "aws_s3_object.app_config",
            "module.auth_api_lambda.aws_cloudwatch_log_group.auth_lambda_logs",
            "module.auth_api_lambda.aws_iam_role.auth_lambda_role",
            "module.auth_api_lambda.aws_iam_role_policy.auth_lambda_cognito_policy",
            "module.auth_api_lambda.aws_iam_role_policy_attachment.auth_lambda_basic_execution",
            "module.auth_api_lambda.aws_lambda_function.auth_api",
            "module.llm_api_lambda.aws_cloudwatch_log_group.llm_lambda_logs",
            "module.llm_api_lambda.aws_iam_role.llm_lambda_role",
            "module.llm_api_lambda.aws_iam_role_policy.llm_lambda_bedrock_policy",
            "module.llm_api_lambda.aws_iam_role_policy.llm_lambda_dynamodb_policy",
            "module.llm_api_lambda.aws_iam_role_policy.llm_lambda_s3_policy",
            "module.llm_api_lambda.aws_iam_role_policy_attachment.llm_lambda_basic_execution",
            "module.llm_api_lambda.aws_lambda_function.llm_api",
            "random_string.bucket_suffix"
          ]
        },
        {
          "index_key": "auth_api-GET-_auth_signout",
          "schema_version": 0,
          "attributes": {
            "api_id": "n1h3tfm3l0",
            "api_key_required": false,
            "authorization_scopes": [],
            "authorization_type": "JWT",
            "authorizer_id": "xxocwt",
            "id": "iuvajsa",
            "model_selection_expression": "",
            "operation_name": "",
            "request_models": {},
            "request_parameter": [],
            "route_key": "GET /auth/signout",
            "route_response_selection_expression": "",
            "target": "integrations/cv1ipvh"
          },
          "sensitive_attributes": [],
          "private": "bnVsbA==",
          "dependencies": [
            "aws_apigatewayv2_api.main",
            "aws_apigatewayv2_authorizer.cognito",
            "aws_apigatewayv2_integration.api",
            "aws_dynamodb_table.tables",
            "aws_iam_role.lambda_role",
            "aws_lambda_function.lambda",
            "aws_s3_bucket.configs",
            "aws_s3_object.app_config",
            "module.auth_api_lambda.aws_cloudwatch_log_group.auth_lambda_logs",
            "module.auth_api_lambda.aws_iam_role.auth_lambda_role",
            "module.auth_api_lambda.aws_iam_role_policy.auth_lambda_cognito_policy",
            "module.auth_api_lambda.aws_iam_role_policy_attachment.auth_lambda_basic_execution",
            "module.auth_api_lambda.aws_lambda_function.auth_api",
            "module.llm_api_lambda.aws_cloudwatch_log_group.llm_lambda_logs",
            "module.llm_api_lambda.aws_iam_role.llm_lambda_role",
            "module.llm_api_lambda.aws_iam_role_policy.llm_lambda_bedrock_policy",
            "module.llm_api_lambda.aws_iam_role_policy.llm_lambda_dynamodb_policy",
            "module.llm_api_lambda.aws_iam_role_policy.llm_lambda_s3_policy",
            "module.llm_api_lambda.aws_iam_role_policy_attachment.llm_lambda_basic_execution",
            "module.llm_api_lambda.aws_lambda_function.llm_api",
            "random_string.bucket_suffix"
          ]
        },
        {
          "index_key": "auth_api-POST-_auth_confirm-forgot-password",
          "schema_version": 0,
          "attributes": {
            "api_id": "n1h3tfm3l0",
            "api_key_required": false,
            "authorization_scopes": [],
            "authorization_type": "NONE",
            "authorizer_id": "",
            "id": "teb80tp",
            "model_selection_expression": "",
            "operation_name": "",
            "request_models": {},
            "request_parameter": [],
            "route_key": "POST /auth/confirm-forgot-password",
            "route_response_selection_expression": "",
            "target": "integrations/cv1ipvh"
          },
          "sensitive_attributes": [],
          "private": "bnVsbA==",
          "dependencies": [
            "aws_apigatewayv2_api.main",
            "aws_apigatewayv2_authorizer.cognito",
            "aws_apigatewayv2_integration.api",
            "aws_dynamodb_table.tables",
            "aws_iam_role.lambda_role",
            "aws_lambda_function.lambda",
            "aws_s3_bucket.configs",
            "aws_s3_object.app_config",
            "module.auth_api_lambda.aws_cloudwatch_log_group.auth_lambda_logs",
            "module.auth_api_lambda.aws_iam_role.auth_lambda_role",
            "module.auth_api_lambda.aws_iam_role_policy.auth_lambda_cognito_policy",
            "module.auth_api_lambda.aws_iam_role_policy_attachment.auth_lambda_basic_execution",
            "module.auth_api_lambda.aws_lambda_function.auth_api",
            "module.llm_api_lambda.aws_cloudwatch_log_group.llm_lambda_logs",
            "module.llm_api_lambda.aws_iam_role.llm_lambda_role",
            "module.llm_api_lambda.aws_iam_role_policy.llm_lambda_bedrock_policy",
            "module.llm_api_lambda.aws_iam_role_policy.llm_lambda_dynamodb_policy",
            "module.llm_api_lambda.aws_iam_role_policy.llm_lambda_s3_policy",
            "module.llm_api_lambda.aws_iam_role_policy_attachment.llm_lambda_basic_execution",
            "module.llm_api_lambda.aws_lambda_function.llm_api",
            "random_string.bucket_suffix"
          ]
        },
        {
          "index_key": "auth_api-POST-_auth_confirm-signup",
          "schema_version": 0,
          "attributes": {
            "api_id": "n1h3tfm3l0",
            "api_key_required": false,
            "authorization_scopes": [],
            "authorization_type": "NONE",
            "authorizer_id": "",
            "id": "q8azrp6",
            "model_selection_expression": "",
            "operation_name": "",
            "request_models": {},
            "request_parameter": [],
            "route_key": "POST /auth/confirm-signup",
            "route_response_selection_expression": "",
            "target": "integrations/cv1ipvh"
          },
          "sensitive_attributes": [],
          "private": "bnVsbA==",
          "dependencies": [
            "aws_apigatewayv2_api.main",
            "aws_apigatewayv2_authorizer.cognito",
            "aws_apigatewayv2_integration.api",
            "aws_dynamodb_table.tables",
            "aws_iam_role.lambda_role",
            "aws_lambda_function.lambda",
            "aws_s3_bucket.configs",
            "aws_s3_object.app_config",
            "module.auth_api_lambda.aws_cloudwatch_log_group.auth_lambda_logs",
            "module.auth_api_lambda.aws_iam_role.auth_lambda_role",
            "module.auth_api_lambda.aws_iam_role_policy.auth_lambda_cognito_policy",
            "module.auth_api_lambda.aws_iam_role_policy_attachment.auth_lambda_basic_execution",
            "module.auth_api_lambda.aws_lambda_function.auth_api",
            "module.llm_api_lambda.aws_cloudwatch_log_group.llm_lambda_logs",
            "module.llm_api_lambda.aws_iam_role.llm_lambda_role",
            "module.llm_api_lambda.aws_iam_role_policy.llm_lambda_bedrock_policy",
            "module.llm_api_lambda.aws_iam_role_policy.llm_lambda_dynamodb_policy",
            "module.llm_api_lambda.aws_iam_role_policy.llm_lambda_s3_policy",
            "module.llm_api_lambda.aws_iam_role_policy_attachment.llm_lambda_basic_execution",
            "module.llm_api_lambda.aws_lambda_function.llm_api",
            "random_string.bucket_suffix"
          ]
        },
        {
          "index_key": "auth_api-POST-_auth_forgot-password",
          "schema_version": 0,
          "attributes": {
            "api_id": "n1h3tfm3l0",
            "api_key_required": false,
            "authorization_scopes": [],
            "authorization_type": "NONE",
            "authorizer_id": "",
            "id": "fy12lrs",
            "model_selection_expression": "",
            "operation_name": "",
            "request_models": {},
            "request_parameter": [],
            "route_key": "POST /auth/forgot-password",
            "route_response_selection_expression": "",
            "target": "integrations/cv1ipvh"
          },
          "sensitive_attributes": [],
          "private": "bnVsbA==",
          "dependencies": [
            "aws_apigatewayv2_api.main",
            "aws_apigatewayv2_authorizer.cognito",
            "aws_apigatewayv2_integration.api",
            "aws_dynamodb_table.tables",
            "aws_iam_role.lambda_role",
            "aws_lambda_function.lambda",
            "aws_s3_bucket.configs",
            "aws_s3_object.app_config",
            "module.auth_api_lambda.aws_cloudwatch_log_group.auth_lambda_logs",
            "module.auth_api_lambda.aws_iam_role.auth_lambda_role",
            "module.auth_api_lambda.aws_iam_role_policy.auth_lambda_cognito_policy",
            "module.auth_api_lambda.aws_iam_role_policy_attachment.auth_lambda_basic_execution",
            "module.auth_api_lambda.aws_lambda_function.auth_api",
            "module.llm_api_lambda.aws_cloudwatch_log_group.llm_lambda_logs",
            "module.llm_api_lambda.aws_iam_role.llm_lambda_role",
            "module.llm_api_lambda.aws_iam_role_policy.llm_lambda_bedrock_policy",
            "module.llm_api_lambda.aws_iam_role_policy.llm_lambda_dynamodb_policy",
            "module.llm_api_lambda.aws_iam_role_policy.llm_lambda_s3_policy",
            "module.llm_api_lambda.aws_iam_role_policy_attachment.llm_lambda_basic_execution",
            "module.llm_api_lambda.aws_lambda_function.llm_api",
            "random_string.bucket_suffix"
          ]
        },
        {
          "index_key": "auth_api-POST-_auth_me",
          "schema_version": 0,
          "attributes": {
            "api_id": "n1h3tfm3l0",
            "api_key_required": false,
            "authorization_scopes": [],
            "authorization_type": "JWT",
            "authorizer_id": "xxocwt",
            "id": "9k5v4a8",
            "model_selection_expression": "",
            "operation_name": "",
            "request_models": {},
            "request_parameter": [],
            "route_key": "POST /auth/me",
            "route_response_selection_expression": "",
            "target": "integrations/cv1ipvh"
          },
          "sensitive_attributes": [],
          "private": "bnVsbA==",
          "dependencies": [
            "aws_apigatewayv2_api.main",
            "aws_apigatewayv2_authorizer.cognito",
            "aws_apigatewayv2_integration.api",
            "aws_dynamodb_table.tables",
            "aws_iam_role.lambda_role",
            "aws_lambda_function.lambda",
            "aws_s3_bucket.configs",
            "aws_s3_object.app_config",
            "module.auth_api_lambda.aws_cloudwatch_log_group.auth_lambda_logs",
            "module.auth_api_lambda.aws_iam_role.auth_lambda_role",
            "module.auth_api_lambda.aws_iam_role_policy.auth_lambda_cognito_policy",
            "module.auth_api_lambda.aws_iam_role_policy_attachment.auth_lambda_basic_execution",
            "module.auth_api_lambda.aws_lambda_function.auth_api",
            "module.llm_api_lambda.aws_cloudwatch_log_group.llm_lambda_logs",
            "module.llm_api_lambda.aws_iam_role.llm_lambda_role",
            "module.llm_api_lambda.aws_iam_role_policy.llm_lambda_bedrock_policy",
            "module.llm_api_lambda.aws_iam_role_policy.llm_lambda_dynamodb_policy",
            "module.llm_api_lambda.aws_iam_role_policy.llm_lambda_s3_policy",
            "module.llm_api_lambda.aws_iam_role_policy_attachment.llm_lambda_basic_execution",
            "module.llm_api_lambda.aws_lambda_function.llm_api",
            "random_string.bucket_suffix"
          ]
        },
        {
          "index_key": "auth_api-POST-_auth_refresh-token",
          "schema_version": 0,
          "attributes": {
            "api_id": "n1h3tfm3l0",
            "api_key_required": false,
            "authorization_scopes": [],
            "authorization_type": "JWT",
            "authorizer_id": "xxocwt",
            "id": "tzw0x0h",
            "model_selection_expression": "",
            "operation_name": "",
            "request_models": {},
            "request_parameter": [],
            "route_key": "POST /auth/refresh-token",
            "route_response_selection_expression": "",
            "target": "integrations/cv1ipvh"
          },
          "sensitive_attributes": [],
          "private": "bnVsbA==",
          "dependencies": [
            "aws_apigatewayv2_api.main",
            "aws_apigatewayv2_authorizer.cognito",
            "aws_apigatewayv2_integration.api",
            "aws_dynamodb_table.tables",
            "aws_iam_role.lambda_role",
            "aws_lambda_function.lambda",
            "aws_s3_bucket.configs",
            "aws_s3_object.app_config",
            "module.auth_api_lambda.aws_cloudwatch_log_group.auth_lambda_logs",
            "module.auth_api_lambda.aws_iam_role.auth_lambda_role",
            "module.auth_api_lambda.aws_iam_role_policy.auth_lambda_cognito_policy",
            "module.auth_api_lambda.aws_iam_role_policy_attachment.auth_lambda_basic_execution",
            "module.auth_api_lambda.aws_lambda_function.auth_api",
            "module.llm_api_lambda.aws_cloudwatch_log_group.llm_lambda_logs",
            "module.llm_api_lambda.aws_iam_role.llm_lambda_role",
            "module.llm_api_lambda.aws_iam_role_policy.llm_lambda_bedrock_policy",
            "module.llm_api_lambda.aws_iam_role_policy.llm_lambda_dynamodb_policy",
            "module.llm_api_lambda.aws_iam_role_policy.llm_lambda_s3_policy",
            "module.llm_api_lambda.aws_iam_role_policy_attachment.llm_lambda_basic_execution",
            "module.llm_api_lambda.aws_lambda_function.llm_api",
            "random_string.bucket_suffix"
          ]
        },
        {
          "index_key": "auth_api-POST-_auth_signin",
          "schema_version": 0,
          "attributes": {
            "api_id": "n1h3tfm3l0",
            "api_key_required": false,
            "authorization_scopes": [],
            "authorization_type": "NONE",
            "authorizer_id": "",
            "id": "g9apmr2",
            "model_selection_expression": "",
            "operation_name": "",
            "request_models": {},
            "request_parameter": [],
            "route_key": "POST /auth/signin",
            "route_response_selection_expression": "",
            "target": "integrations/cv1ipvh"
          },
          "sensitive_attributes": [],
          "private": "bnVsbA==",
          "dependencies": [
            "aws_apigatewayv2_api.main",
            "aws_apigatewayv2_authorizer.cognito",
            "aws_apigatewayv2_integration.api",
            "aws_dynamodb_table.tables",
            "aws_iam_role.lambda_role",
            "aws_lambda_function.lambda",
            "aws_s3_bucket.configs",
            "aws_s3_object.app_config",
            "module.auth_api_lambda.aws_cloudwatch_log_group.auth_lambda_logs",
            "module.auth_api_lambda.aws_iam_role.auth_lambda_role",
            "module.auth_api_lambda.aws_iam_role_policy.auth_lambda_cognito_policy",
            "module.auth_api_lambda.aws_iam_role_policy_attachment.auth_lambda_basic_execution",
            "module.auth_api_lambda.aws_lambda_function.auth_api",
            "module.llm_api_lambda.aws_cloudwatch_log_group.llm_lambda_logs",
            "module.llm_api_lambda.aws_iam_role.llm_lambda_role",
            "module.llm_api_lambda.aws_iam_role_policy.llm_lambda_bedrock_policy",
            "module.llm_api_lambda.aws_iam_role_policy.llm_lambda_dynamodb_policy",
            "module.llm_api_lambda.aws_iam_role_policy.llm_lambda_s3_policy",
            "module.llm_api_lambda.aws_iam_role_policy_attachment.llm_lambda_basic_execution",
            "module.llm_api_lambda.aws_lambda_function.llm_api",
            "random_string.bucket_suffix"
          ]
        },
        {
          "index_key": "auth_api-POST-_auth_signout",
          "schema_version": 0,
          "attributes": {
            "api_id": "n1h3tfm3l0",
            "api_key_required": false,
            "authorization_scopes": [],
            "authorization_type": "JWT",
            "authorizer_id": "xxocwt",
            "id": "l1zx4a1",
            "model_selection_expression": "",
            "operation_name": "",
            "request_models": {},
            "request_parameter": [],
            "route_key": "POST /auth/signout",
            "route_response_selection_expression": "",
            "target": "integrations/cv1ipvh"
          },
          "sensitive_attributes": [],
          "private": "bnVsbA==",
          "dependencies": [
            "aws_apigatewayv2_api.main",
            "aws_apigatewayv2_authorizer.cognito",
            "aws_apigatewayv2_integration.api",
            "aws_dynamodb_table.tables",
            "aws_iam_role.lambda_role",
            "aws_lambda_function.lambda",
            "aws_s3_bucket.configs",
            "aws_s3_object.app_config",
            "module.auth_api_lambda.aws_cloudwatch_log_group.auth_lambda_logs",
            "module.auth_api_lambda.aws_iam_role.auth_lambda_role",
            "module.auth_api_lambda.aws_iam_role_policy.auth_lambda_cognito_policy",
            "module.auth_api_lambda.aws_iam_role_policy_attachment.auth_lambda_basic_execution",
            "module.auth_api_lambda.aws_lambda_function.auth_api",
            "module.llm_api_lambda.aws_cloudwatch_log_group.llm_lambda_logs",
            "module.llm_api_lambda.aws_iam_role.llm_lambda_role",
            "module.llm_api_lambda.aws_iam_role_policy.llm_lambda_bedrock_policy",
            "module.llm_api_lambda.aws_iam_role_policy.llm_lambda_dynamodb_policy",
            "module.llm_api_lambda.aws_iam_role_policy.llm_lambda_s3_policy",
            "module.llm_api_lambda.aws_iam_role_policy_attachment.llm_lambda_basic_execution",
            "module.llm_api_lambda.aws_lambda_function.llm_api",
            "random_string.bucket_suffix"
          ]
        },
        {
          "index_key": "auth_api-POST-_auth_signup",
          "schema_version": 0,
          "attributes": {
            "api_id": "n1h3tfm3l0",
            "api_key_required": false,
            "authorization_scopes": [],
            "authorization_type": "NONE",
            "authorizer_id": "",
            "id": "q902sca",
            "model_selection_expression": "",
            "operation_name": "",
            "request_models": {},
            "request_parameter": [],
            "route_key": "POST /auth/signup",
            "route_response_selection_expression": "",
            "target": "integrations/cv1ipvh"
          },
          "sensitive_attributes": [],
          "private": "bnVsbA==",
          "dependencies": [
            "aws_apigatewayv2_api.main",
            "aws_apigatewayv2_authorizer.cognito",
            "aws_apigatewayv2_integration.api",
            "aws_dynamodb_table.tables",
            "aws_iam_role.lambda_role",
            "aws_lambda_function.lambda",
            "aws_s3_bucket.configs",
            "aws_s3_object.app_config",
            "module.auth_api_lambda.aws_cloudwatch_log_group.auth_lambda_logs",
            "module.auth_api_lambda.aws_iam_role.auth_lambda_role",
            "module.auth_api_lambda.aws_iam_role_policy.auth_lambda_cognito_policy",
            "module.auth_api_lambda.aws_iam_role_policy_attachment.auth_lambda_basic_execution",
            "module.auth_api_lambda.aws_lambda_function.auth_api",
            "module.llm_api_lambda.aws_cloudwatch_log_group.llm_lambda_logs",
            "module.llm_api_lambda.aws_iam_role.llm_lambda_role",
            "module.llm_api_lambda.aws_iam_role_policy.llm_lambda_bedrock_policy",
            "module.llm_api_lambda.aws_iam_role_policy.llm_lambda_dynamodb_policy",
            "module.llm_api_lambda.aws_iam_role_policy.llm_lambda_s3_policy",
            "module.llm_api_lambda.aws_iam_role_policy_attachment.llm_lambda_basic_execution",
            "module.llm_api_lambda.aws_lambda_function.llm_api",
            "random_string.bucket_suffix"
          ]
        },
        {
          "index_key": "llm_api-DELETE-_llm__proxy+}",
          "schema_version": 0,
          "attributes": {
            "api_id": "n1h3tfm3l0",
            "api_key_required": false,
            "authorization_scopes": [],
            "authorization_type": "JWT",
            "authorizer_id": "xxocwt",
            "id": "ajv44ae",
            "model_selection_expression": "",
            "operation_name": "",
            "request_models": {},
            "request_parameter": [],
            "route_key": "DELETE /llm/{proxy+}",
            "route_response_selection_expression": "",
            "target": "integrations/32adbi6"
          },
          "sensitive_attributes": [],
          "private": "bnVsbA==",
          "dependencies": [
            "aws_apigatewayv2_api.main",
            "aws_apigatewayv2_authorizer.cognito",
            "aws_apigatewayv2_integration.api",
            "aws_dynamodb_table.tables",
            "aws_iam_role.lambda_role",
            "aws_lambda_function.lambda",
            "aws_s3_bucket.configs",
            "aws_s3_object.app_config",
            "module.auth_api_lambda.aws_cloudwatch_log_group.auth_lambda_logs",
            "module.auth_api_lambda.aws_iam_role.auth_lambda_role",
            "module.auth_api_lambda.aws_iam_role_policy.auth_lambda_cognito_policy",
            "module.auth_api_lambda.aws_iam_role_policy_attachment.auth_lambda_basic_execution",
            "module.auth_api_lambda.aws_lambda_function.auth_api",
            "module.llm_api_lambda.aws_cloudwatch_log_group.llm_lambda_logs",
            "module.llm_api_lambda.aws_iam_role.llm_lambda_role",
            "module.llm_api_lambda.aws_iam_role_policy.llm_lambda_bedrock_policy",
            "module.llm_api_lambda.aws_iam_role_policy.llm_lambda_dynamodb_policy",
            "module.llm_api_lambda.aws_iam_role_policy.llm_lambda_s3_policy",
            "module.llm_api_lambda.aws_iam_role_policy_attachment.llm_lambda_basic_execution",
            "module.llm_api_lambda.aws_lambda_function.llm_api",
            "random_string.bucket_suffix"
          ]
        },
        {
          "index_key": "llm_api-GET-_llm__proxy+}",
          "schema_version": 0,
          "attributes": {
            "api_id": "n1h3tfm3l0",
            "api_key_required": false,
            "authorization_scopes": [],
            "authorization_type": "JWT",
            "authorizer_id": "xxocwt",
            "id": "vkcb200",
            "model_selection_expression": "",
            "operation_name": "",
            "request_models": {},
            "request_parameter": [],
            "route_key": "GET /llm/{proxy+}",
            "route_response_selection_expression": "",
            "target": "integrations/32adbi6"
          },
          "sensitive_attributes": [],
          "private": "bnVsbA==",
          "dependencies": [
            "aws_apigatewayv2_api.main",
            "aws_apigatewayv2_authorizer.cognito",
            "aws_apigatewayv2_integration.api",
            "aws_dynamodb_table.tables",
            "aws_iam_role.lambda_role",
            "aws_lambda_function.lambda",
            "aws_s3_bucket.configs",
            "aws_s3_object.app_config",
            "module.auth_api_lambda.aws_cloudwatch_log_group.auth_lambda_logs",
            "module.auth_api_lambda.aws_iam_role.auth_lambda_role",
            "module.auth_api_lambda.aws_iam_role_policy.auth_lambda_cognito_policy",
            "module.auth_api_lambda.aws_iam_role_policy_attachment.auth_lambda_basic_execution",
            "module.auth_api_lambda.aws_lambda_function.auth_api",
            "module.llm_api_lambda.aws_cloudwatch_log_group.llm_lambda_logs",
            "module.llm_api_lambda.aws_iam_role.llm_lambda_role",
            "module.llm_api_lambda.aws_iam_role_policy.llm_lambda_bedrock_policy",
            "module.llm_api_lambda.aws_iam_role_policy.llm_lambda_dynamodb_policy",
            "module.llm_api_lambda.aws_iam_role_policy.llm_lambda_s3_policy",
            "module.llm_api_lambda.aws_iam_role_policy_attachment.llm_lambda_basic_execution",
            "module.llm_api_lambda.aws_lambda_function.llm_api",
            "random_string.bucket_suffix"
          ]
        },
        {
          "index_key": "llm_api-POST-_llm__proxy+}",
          "schema_version": 0,
          "attributes": {
            "api_id": "n1h3tfm3l0",
            "api_key_required": false,
            "authorization_scopes": [],
            "authorization_type": "JWT",
            "authorizer_id": "xxocwt",
            "id": "2i3cnu8",
            "model_selection_expression": "",
            "operation_name": "",
            "request_models": {},
            "request_parameter": [],
            "route_key": "POST /llm/{proxy+}",
            "route_response_selection_expression": "",
            "target": "integrations/32adbi6"
          },
          "sensitive_attributes": [],
          "private": "bnVsbA==",
          "dependencies": [
            "aws_apigatewayv2_api.main",
            "aws_apigatewayv2_authorizer.cognito",
            "aws_apigatewayv2_integration.api",
            "aws_dynamodb_table.tables",
            "aws_iam_role.lambda_role",
            "aws_lambda_function.lambda",
            "aws_s3_bucket.configs",
            "aws_s3_object.app_config",
            "module.auth_api_lambda.aws_cloudwatch_log_group.auth_lambda_logs",
            "module.auth_api_lambda.aws_iam_role.auth_lambda_role",
            "module.auth_api_lambda.aws_iam_role_policy.auth_lambda_cognito_policy",
            "module.auth_api_lambda.aws_iam_role_policy_attachment.auth_lambda_basic_execution",
            "module.auth_api_lambda.aws_lambda_function.auth_api",
            "module.llm_api_lambda.aws_cloudwatch_log_group.llm_lambda_logs",
            "module.llm_api_lambda.aws_iam_role.llm_lambda_role",
            "module.llm_api_lambda.aws_iam_role_policy.llm_lambda_bedrock_policy",
            "module.llm_api_lambda.aws_iam_role_policy.llm_lambda_dynamodb_policy",
            "module.llm_api_lambda.aws_iam_role_policy.llm_lambda_s3_policy",
            "module.llm_api_lambda.aws_iam_role_policy_attachment.llm_lambda_basic_execution",
            "module.llm_api_lambda.aws_lambda_function.llm_api",
            "random_string.bucket_suffix"
          ]
        },
        {
          "index_key": "llm_api-PUT-_llm__proxy+}",
          "schema_version": 0,
          "attributes": {
            "api_id": "n1h3tfm3l0",
            "api_key_required": false,
            "authorization_scopes": [],
            "authorization_type": "JWT",
            "authorizer_id": "xxocwt",
            "id": "9plbc09",
            "model_selection_expression": "",
            "operation_name": "",
            "request_models": {},
            "request_parameter": [],
            "route_key": "PUT /llm/{proxy+}",
            "route_response_selection_expression": "",
            "target": "integrations/32adbi6"
          },
          "sensitive_attributes": [],
          "private": "bnVsbA==",
          "dependencies": [
            "aws_apigatewayv2_api.main",
            "aws_apigatewayv2_authorizer.cognito",
            "aws_apigatewayv2_integration.api",
            "aws_dynamodb_table.tables",
            "aws_iam_role.lambda_role",
            "aws_lambda_function.lambda",
            "aws_s3_bucket.configs",
            "aws_s3_object.app_config",
            "module.auth_api_lambda.aws_cloudwatch_log_group.auth_lambda_logs",
            "module.auth_api_lambda.aws_iam_role.auth_lambda_role",
            "module.auth_api_lambda.aws_iam_role_policy.auth_lambda_cognito_policy",
            "module.auth_api_lambda.aws_iam_role_policy_attachment.auth_lambda_basic_execution",
            "module.auth_api_lambda.aws_lambda_function.auth_api",
            "module.llm_api_lambda.aws_cloudwatch_log_group.llm_lambda_logs",
            "module.llm_api_lambda.aws_iam_role.llm_lambda_role",
            "module.llm_api_lambda.aws_iam_role_policy.llm_lambda_bedrock_policy",
            "module.llm_api_lambda.aws_iam_role_policy.llm_lambda_dynamodb_policy",
            "module.llm_api_lambda.aws_iam_role_policy.llm_lambda_s3_policy",
            "module.llm_api_lambda.aws_iam_role_policy_attachment.llm_lambda_basic_execution",
            "module.llm_api_lambda.aws_lambda_function.llm_api",
            "random_string.bucket_suffix"
          ]
        },
        {
          "index_key": "projects_api-DELETE-_projects",
          "schema_version": 0,
          "attributes": {
            "api_id": "n1h3tfm3l0",
            "api_key_required": false,
            "authorization_scopes": [],
            "authorization_type": "JWT",
            "authorizer_id": "xxocwt",
            "id": "fh2s6xa",
            "model_selection_expression": "",
            "operation_name": "",
            "request_models": {},
            "request_parameter": [],
            "route_key": "DELETE /projects",
            "route_response_selection_expression": "",
            "target": "integrations/jhoskwb"
          },
          "sensitive_attributes": [],
          "private": "bnVsbA==",
          "dependencies": [
            "aws_apigatewayv2_api.main",
            "aws_apigatewayv2_authorizer.cognito",
            "aws_apigatewayv2_integration.api",
            "aws_dynamodb_table.tables",
            "aws_iam_role.lambda_role",
            "aws_lambda_function.lambda",
            "aws_s3_bucket.configs",
            "aws_s3_object.app_config",
            "module.auth_api_lambda.aws_cloudwatch_log_group.auth_lambda_logs",
            "module.auth_api_lambda.aws_iam_role.auth_lambda_role",
            "module.auth_api_lambda.aws_iam_role_policy.auth_lambda_cognito_policy",
            "module.auth_api_lambda.aws_iam_role_policy_attachment.auth_lambda_basic_execution",
            "module.auth_api_lambda.aws_lambda_function.auth_api",
            "module.llm_api_lambda.aws_cloudwatch_log_group.llm_lambda_logs",
            "module.llm_api_lambda.aws_iam_role.llm_lambda_role",
            "module.llm_api_lambda.aws_iam_role_policy.llm_lambda_bedrock_policy",
            "module.llm_api_lambda.aws_iam_role_policy.llm_lambda_dynamodb_policy",
            "module.llm_api_lambda.aws_iam_role_policy.llm_lambda_s3_policy",
            "module.llm_api_lambda.aws_iam_role_policy_attachment.llm_lambda_basic_execution",
            "module.llm_api_lambda.aws_lambda_function.llm_api",
            "random_string.bucket_suffix"
          ]
        },
        {
          "index_key": "projects_api-DELETE-_projects__proxy+}",
          "schema_version": 0,
          "attributes": {
            "api_id": "n1h3tfm3l0",
            "api_key_required": false,
            "authorization_scopes": [],
            "authorization_type": "JWT",
            "authorizer_id": "xxocwt",
            "id": "lvx57lb",
            "model_selection_expression": "",
            "operation_name": "",
            "request_models": {},
            "request_parameter": [],
            "route_key": "DELETE /projects/{proxy+}",
            "route_response_selection_expression": "",
            "target": "integrations/jhoskwb"
          },
          "sensitive_attributes": [],
          "private": "bnVsbA==",
          "dependencies": [
            "aws_apigatewayv2_api.main",
            "aws_apigatewayv2_authorizer.cognito",
            "aws_apigatewayv2_integration.api",
            "aws_dynamodb_table.tables",
            "aws_iam_role.lambda_role",
            "aws_lambda_function.lambda",
            "aws_s3_bucket.configs",
            "aws_s3_object.app_config",
            "module.auth_api_lambda.aws_cloudwatch_log_group.auth_lambda_logs",
            "module.auth_api_lambda.aws_iam_role.auth_lambda_role",
            "module.auth_api_lambda.aws_iam_role_policy.auth_lambda_cognito_policy",
            "module.auth_api_lambda.aws_iam_role_policy_attachment.auth_lambda_basic_execution",
            "module.auth_api_lambda.aws_lambda_function.auth_api",
            "module.llm_api_lambda.aws_cloudwatch_log_group.llm_lambda_logs",
            "module.llm_api_lambda.aws_iam_role.llm_lambda_role",
            "module.llm_api_lambda.aws_iam_role_policy.llm_lambda_bedrock_policy",
            "module.llm_api_lambda.aws_iam_role_policy.llm_lambda_dynamodb_policy",
            "module.llm_api_lambda.aws_iam_role_policy.llm_lambda_s3_policy",
            "module.llm_api_lambda.aws_iam_role_policy_attachment.llm_lambda_basic_execution",
            "module.llm_api_lambda.aws_lambda_function.llm_api",
            "random_string.bucket_suffix"
          ]
        },
        {
          "index_key": "projects_api-GET-_projects",
          "schema_version": 0,
          "attributes": {
            "api_id": "n1h3tfm3l0",
            "api_key_required": false,
            "authorization_scopes": [],
            "authorization_type": "JWT",
            "authorizer_id": "xxocwt",
            "id": "wjka4se",
            "model_selection_expression": "",
            "operation_name": "",
            "request_models": {},
            "request_parameter": [],
            "route_key": "GET /projects",
            "route_response_selection_expression": "",
            "target": "integrations/jhoskwb"
          },
          "sensitive_attributes": [],
          "private": "bnVsbA==",
          "dependencies": [
            "aws_apigatewayv2_api.main",
            "aws_apigatewayv2_authorizer.cognito",
            "aws_apigatewayv2_integration.api",
            "aws_dynamodb_table.tables",
            "aws_iam_role.lambda_role",
            "aws_lambda_function.lambda",
            "aws_s3_bucket.configs",
            "aws_s3_object.app_config",
            "module.auth_api_lambda.aws_cloudwatch_log_group.auth_lambda_logs",
            "module.auth_api_lambda.aws_iam_role.auth_lambda_role",
            "module.auth_api_lambda.aws_iam_role_policy.auth_lambda_cognito_policy",
            "module.auth_api_lambda.aws_iam_role_policy_attachment.auth_lambda_basic_execution",
            "module.auth_api_lambda.aws_lambda_function.auth_api",
            "module.llm_api_lambda.aws_cloudwatch_log_group.llm_lambda_logs",
            "module.llm_api_lambda.aws_iam_role.llm_lambda_role",
            "module.llm_api_lambda.aws_iam_role_policy.llm_lambda_bedrock_policy",
            "module.llm_api_lambda.aws_iam_role_policy.llm_lambda_dynamodb_policy",
            "module.llm_api_lambda.aws_iam_role_policy.llm_lambda_s3_policy",
            "module.llm_api_lambda.aws_iam_role_policy_attachment.llm_lambda_basic_execution",
            "module.llm_api_lambda.aws_lambda_function.llm_api",
            "random_string.bucket_suffix"
          ]
        },
        {
          "index_key": "projects_api-GET-_projects__proxy+}",
          "schema_version": 0,
          "attributes": {
            "api_id": "n1h3tfm3l0",
            "api_key_required": false,
            "authorization_scopes": [],
            "authorization_type": "JWT",
            "authorizer_id": "xxocwt",
            "id": "v9c9uzr",
            "model_selection_expression": "",
            "operation_name": "",
            "request_models": {},
            "request_parameter": [],
            "route_key": "GET /projects/{proxy+}",
            "route_response_selection_expression": "",
            "target": "integrations/jhoskwb"
          },
          "sensitive_attributes": [],
          "private": "bnVsbA==",
          "dependencies": [
            "aws_apigatewayv2_api.main",
            "aws_apigatewayv2_authorizer.cognito",
            "aws_apigatewayv2_integration.api",
            "aws_dynamodb_table.tables",
            "aws_iam_role.lambda_role",
            "aws_lambda_function.lambda",
            "aws_s3_bucket.configs",
            "aws_s3_object.app_config",
            "module.auth_api_lambda.aws_cloudwatch_log_group.auth_lambda_logs",
            "module.auth_api_lambda.aws_iam_role.auth_lambda_role",
            "module.auth_api_lambda.aws_iam_role_policy.auth_lambda_cognito_policy",
            "module.auth_api_lambda.aws_iam_role_policy_attachment.auth_lambda_basic_execution",
            "module.auth_api_lambda.aws_lambda_function.auth_api",
            "module.llm_api_lambda.aws_cloudwatch_log_group.llm_lambda_logs",
            "module.llm_api_lambda.aws_iam_role.llm_lambda_role",
            "module.llm_api_lambda.aws_iam_role_policy.llm_lambda_bedrock_policy",
            "module.llm_api_lambda.aws_iam_role_policy.llm_lambda_dynamodb_policy",
            "module.llm_api_lambda.aws_iam_role_policy.llm_lambda_s3_policy",
            "module.llm_api_lambda.aws_iam_role_policy_attachment.llm_lambda_basic_execution",
            "module.llm_api_lambda.aws_lambda_function.llm_api",
            "random_string.bucket_suffix"
          ]
        },
        {
          "index_key": "projects_api-POST-_projects",
          "schema_version": 0,
          "attributes": {
            "api_id": "n1h3tfm3l0",
            "api_key_required": false,
            "authorization_scopes": [],
            "authorization_type": "JWT",
            "authorizer_id": "xxocwt",
            "id": "jjqz49a",
            "model_selection_expression": "",
            "operation_name": "",
            "request_models": {},
            "request_parameter": [],
            "route_key": "POST /projects",
            "route_response_selection_expression": "",
            "target": "integrations/jhoskwb"
          },
          "sensitive_attributes": [],
          "private": "bnVsbA==",
          "dependencies": [
            "aws_apigatewayv2_api.main",
            "aws_apigatewayv2_authorizer.cognito",
            "aws_apigatewayv2_integration.api",
            "aws_dynamodb_table.tables",
            "aws_iam_role.lambda_role",
            "aws_lambda_function.lambda",
            "aws_s3_bucket.configs",
            "aws_s3_object.app_config",
            "module.auth_api_lambda.aws_cloudwatch_log_group.auth_lambda_logs",
            "module.auth_api_lambda.aws_iam_role.auth_lambda_role",
            "module.auth_api_lambda.aws_iam_role_policy.auth_lambda_cognito_policy",
            "module.auth_api_lambda.aws_iam_role_policy_attachment.auth_lambda_basic_execution",
            "module.auth_api_lambda.aws_lambda_function.auth_api",
            "module.llm_api_lambda.aws_cloudwatch_log_group.llm_lambda_logs",
            "module.llm_api_lambda.aws_iam_role.llm_lambda_role",
            "module.llm_api_lambda.aws_iam_role_policy.llm_lambda_bedrock_policy",
            "module.llm_api_lambda.aws_iam_role_policy.llm_lambda_dynamodb_policy",
            "module.llm_api_lambda.aws_iam_role_policy.llm_lambda_s3_policy",
            "module.llm_api_lambda.aws_iam_role_policy_attachment.llm_lambda_basic_execution",
            "module.llm_api_lambda.aws_lambda_function.llm_api",
            "random_string.bucket_suffix"
          ]
        },
        {
          "index_key": "projects_api-POST-_projects__proxy+}",
          "schema_version": 0,
          "attributes": {
            "api_id": "n1h3tfm3l0",
            "api_key_required": false,
            "authorization_scopes": [],
            "authorization_type": "JWT",
            "authorizer_id": "xxocwt",
            "id": "l0sddyg",
            "model_selection_expression": "",
            "operation_name": "",
            "request_models": {},
            "request_parameter": [],
            "route_key": "POST /projects/{proxy+}",
            "route_response_selection_expression": "",
            "target": "integrations/jhoskwb"
          },
          "sensitive_attributes": [],
          "private": "bnVsbA==",
          "dependencies": [
            "aws_apigatewayv2_api.main",
            "aws_apigatewayv2_authorizer.cognito",
            "aws_apigatewayv2_integration.api",
            "aws_dynamodb_table.tables",
            "aws_iam_role.lambda_role",
            "aws_lambda_function.lambda",
            "aws_s3_bucket.configs",
            "aws_s3_object.app_config",
            "module.auth_api_lambda.aws_cloudwatch_log_group.auth_lambda_logs",
            "module.auth_api_lambda.aws_iam_role.auth_lambda_role",
            "module.auth_api_lambda.aws_iam_role_policy.auth_lambda_cognito_policy",
            "module.auth_api_lambda.aws_iam_role_policy_attachment.auth_lambda_basic_execution",
            "module.auth_api_lambda.aws_lambda_function.auth_api",
            "module.llm_api_lambda.aws_cloudwatch_log_group.llm_lambda_logs",
            "module.llm_api_lambda.aws_iam_role.llm_lambda_role",
            "module.llm_api_lambda.aws_iam_role_policy.llm_lambda_bedrock_policy",
            "module.llm_api_lambda.aws_iam_role_policy.llm_lambda_dynamodb_policy",
            "module.llm_api_lambda.aws_iam_role_policy.llm_lambda_s3_policy",
            "module.llm_api_lambda.aws_iam_role_policy_attachment.llm_lambda_basic_execution",
            "module.llm_api_lambda.aws_lambda_function.llm_api",
            "random_string.bucket_suffix"
          ]
        },
        {
          "index_key": "projects_api-PUT-_projects",
          "schema_version": 0,
          "attributes": {
            "api_id": "n1h3tfm3l0",
            "api_key_required": false,
            "authorization_scopes": [],
            "authorization_type": "JWT",
            "authorizer_id": "xxocwt",
            "id": "z5nxh9e",
            "model_selection_expression": "",
            "operation_name": "",
            "request_models": {},
            "request_parameter": [],
            "route_key": "PUT /projects",
            "route_response_selection_expression": "",
            "target": "integrations/jhoskwb"
          },
          "sensitive_attributes": [],
          "private": "bnVsbA==",
          "dependencies": [
            "aws_apigatewayv2_api.main",
            "aws_apigatewayv2_authorizer.cognito",
            "aws_apigatewayv2_integration.api",
            "aws_dynamodb_table.tables",
            "aws_iam_role.lambda_role",
            "aws_lambda_function.lambda",
            "aws_s3_bucket.configs",
            "aws_s3_object.app_config",
            "module.auth_api_lambda.aws_cloudwatch_log_group.auth_lambda_logs",
            "module.auth_api_lambda.aws_iam_role.auth_lambda_role",
            "module.auth_api_lambda.aws_iam_role_policy.auth_lambda_cognito_policy",
            "module.auth_api_lambda.aws_iam_role_policy_attachment.auth_lambda_basic_execution",
            "module.auth_api_lambda.aws_lambda_function.auth_api",
            "module.llm_api_lambda.aws_cloudwatch_log_group.llm_lambda_logs",
            "module.llm_api_lambda.aws_iam_role.llm_lambda_role",
            "module.llm_api_lambda.aws_iam_role_policy.llm_lambda_bedrock_policy",
            "module.llm_api_lambda.aws_iam_role_policy.llm_lambda_dynamodb_policy",
            "module.llm_api_lambda.aws_iam_role_policy.llm_lambda_s3_policy",
            "module.llm_api_lambda.aws_iam_role_policy_attachment.llm_lambda_basic_execution",
            "module.llm_api_lambda.aws_lambda_function.llm_api",
            "random_string.bucket_suffix"
          ]
        },
        {
          "index_key": "projects_api-PUT-_projects__proxy+}",
          "schema_version": 0,
          "attributes": {
            "api_id": "n1h3tfm3l0",
            "api_key_required": false,
            "authorization_scopes": [],
            "authorization_type": "JWT",
            "authorizer_id": "xxocwt",
            "id": "461f63u",
            "model_selection_expression": "",
            "operation_name": "",
            "request_models": {},
            "request_parameter": [],
            "route_key": "PUT /projects/{proxy+}",
            "route_response_selection_expression": "",
            "target": "integrations/jhoskwb"
          },
          "sensitive_attributes": [],
          "private": "bnVsbA==",
          "dependencies": [
            "aws_apigatewayv2_api.main",
            "aws_apigatewayv2_authorizer.cognito",
            "aws_apigatewayv2_integration.api",
            "aws_dynamodb_table.tables",
            "aws_iam_role.lambda_role",
            "aws_lambda_function.lambda",
            "aws_s3_bucket.configs",
            "aws_s3_object.app_config",
            "module.auth_api_lambda.aws_cloudwatch_log_group.auth_lambda_logs",
            "module.auth_api_lambda.aws_iam_role.auth_lambda_role",
            "module.auth_api_lambda.aws_iam_role_policy.auth_lambda_cognito_policy",
            "module.auth_api_lambda.aws_iam_role_policy_attachment.auth_lambda_basic_execution",
            "module.auth_api_lambda.aws_lambda_function.auth_api",
            "module.llm_api_lambda.aws_cloudwatch_log_group.llm_lambda_logs",
            "module.llm_api_lambda.aws_iam_role.llm_lambda_role",
            "module.llm_api_lambda.aws_iam_role_policy.llm_lambda_bedrock_policy",
            "module.llm_api_lambda.aws_iam_role_policy.llm_lambda_dynamodb_policy",
            "module.llm_api_lambda.aws_iam_role_policy.llm_lambda_s3_policy",
            "module.llm_api_lambda.aws_iam_role_policy_attachment.llm_lambda_basic_execution",
            "module.llm_api_lambda.aws_lambda_function.llm_api",
            "random_string.bucket_suffix"
          ]
        },
        {
          "index_key": "requirements_api-DELETE-_requirements",
          "schema_version": 0,
          "attributes": {
            "api_id": "n1h3tfm3l0",
            "api_key_required": false,
            "authorization_scopes": [],
            "authorization_type": "JWT",
            "authorizer_id": "xxocwt",
            "id": "70ivk9t",
            "model_selection_expression": "",
            "operation_name": "",
            "request_models": {},
            "request_parameter": [],
            "route_key": "DELETE /requirements",
            "route_response_selection_expression": "",
            "target": "integrations/tv0t7ef"
          },
          "sensitive_attributes": [],
          "private": "bnVsbA==",
          "dependencies": [
            "aws_apigatewayv2_api.main",
            "aws_apigatewayv2_authorizer.cognito",
            "aws_apigatewayv2_integration.api",
            "aws_dynamodb_table.tables",
            "aws_iam_role.lambda_role",
            "aws_lambda_function.lambda",
            "aws_s3_bucket.configs",
            "aws_s3_object.app_config",
            "module.auth_api_lambda.aws_cloudwatch_log_group.auth_lambda_logs",
            "module.auth_api_lambda.aws_iam_role.auth_lambda_role",
            "module.auth_api_lambda.aws_iam_role_policy.auth_lambda_cognito_policy",
            "module.auth_api_lambda.aws_iam_role_policy_attachment.auth_lambda_basic_execution",
            "module.auth_api_lambda.aws_lambda_function.auth_api",
            "module.llm_api_lambda.aws_cloudwatch_log_group.llm_lambda_logs",
            "module.llm_api_lambda.aws_iam_role.llm_lambda_role",
            "module.llm_api_lambda.aws_iam_role_policy.llm_lambda_bedrock_policy",
            "module.llm_api_lambda.aws_iam_role_policy.llm_lambda_dynamodb_policy",
            "module.llm_api_lambda.aws_iam_role_policy.llm_lambda_s3_policy",
            "module.llm_api_lambda.aws_iam_role_policy_attachment.llm_lambda_basic_execution",
            "module.llm_api_lambda.aws_lambda_function.llm_api",
            "random_string.bucket_suffix"
          ]
        },
        {
          "index_key": "requirements_api-DELETE-_requirements__proxy+}",
          "schema_version": 0,
          "attributes": {
            "api_id": "n1h3tfm3l0",
            "api_key_required": false,
            "authorization_scopes": [],
            "authorization_type": "JWT",
            "authorizer_id": "xxocwt",
            "id": "7sld0tp",
            "model_selection_expression": "",
            "operation_name": "",
            "request_models": {},
            "request_parameter": [],
            "route_key": "DELETE /requirements/{proxy+}",
            "route_response_selection_expression": "",
            "target": "integrations/tv0t7ef"
          },
          "sensitive_attributes": [],
          "private": "bnVsbA==",
          "dependencies": [
            "aws_apigatewayv2_api.main",
            "aws_apigatewayv2_authorizer.cognito",
            "aws_apigatewayv2_integration.api",
            "aws_dynamodb_table.tables",
            "aws_iam_role.lambda_role",
            "aws_lambda_function.lambda",
            "aws_s3_bucket.configs",
            "aws_s3_object.app_config",
            "module.auth_api_lambda.aws_cloudwatch_log_group.auth_lambda_logs",
            "module.auth_api_lambda.aws_iam_role.auth_lambda_role",
            "module.auth_api_lambda.aws_iam_role_policy.auth_lambda_cognito_policy",
            "module.auth_api_lambda.aws_iam_role_policy_attachment.auth_lambda_basic_execution",
            "module.auth_api_lambda.aws_lambda_function.auth_api",
            "module.llm_api_lambda.aws_cloudwatch_log_group.llm_lambda_logs",
            "module.llm_api_lambda.aws_iam_role.llm_lambda_role",
            "module.llm_api_lambda.aws_iam_role_policy.llm_lambda_bedrock_policy",
            "module.llm_api_lambda.aws_iam_role_policy.llm_lambda_dynamodb_policy",
            "module.llm_api_lambda.aws_iam_role_policy.llm_lambda_s3_policy",
            "module.llm_api_lambda.aws_iam_role_policy_attachment.llm_lambda_basic_execution",
            "module.llm_api_lambda.aws_lambda_function.llm_api",
            "random_string.bucket_suffix"
          ]
        },
        {
          "index_key": "requirements_api-GET-_requirements",
          "schema_version": 0,
          "attributes": {
            "api_id": "n1h3tfm3l0",
            "api_key_required": false,
            "authorization_scopes": [],
            "authorization_type": "JWT",
            "authorizer_id": "xxocwt",
            "id": "1sy8iec",
            "model_selection_expression": "",
            "operation_name": "",
            "request_models": {},
            "request_parameter": [],
            "route_key": "GET /requirements",
            "route_response_selection_expression": "",
            "target": "integrations/tv0t7ef"
          },
          "sensitive_attributes": [],
          "private": "bnVsbA==",
          "dependencies": [
            "aws_apigatewayv2_api.main",
            "aws_apigatewayv2_authorizer.cognito",
            "aws_apigatewayv2_integration.api",
            "aws_dynamodb_table.tables",
            "aws_iam_role.lambda_role",
            "aws_lambda_function.lambda",
            "aws_s3_bucket.configs",
            "aws_s3_object.app_config",
            "module.auth_api_lambda.aws_cloudwatch_log_group.auth_lambda_logs",
            "module.auth_api_lambda.aws_iam_role.auth_lambda_role",
            "module.auth_api_lambda.aws_iam_role_policy.auth_lambda_cognito_policy",
            "module.auth_api_lambda.aws_iam_role_policy_attachment.auth_lambda_basic_execution",
            "module.auth_api_lambda.aws_lambda_function.auth_api",
            "module.llm_api_lambda.aws_cloudwatch_log_group.llm_lambda_logs",
            "module.llm_api_lambda.aws_iam_role.llm_lambda_role",
            "module.llm_api_lambda.aws_iam_role_policy.llm_lambda_bedrock_policy",
            "module.llm_api_lambda.aws_iam_role_policy.llm_lambda_dynamodb_policy",
            "module.llm_api_lambda.aws_iam_role_policy.llm_lambda_s3_policy",
            "module.llm_api_lambda.aws_iam_role_policy_attachment.llm_lambda_basic_execution",
            "module.llm_api_lambda.aws_lambda_function.llm_api",
            "random_string.bucket_suffix"
          ]
        },
        {
          "index_key": "requirements_api-GET-_requirements__proxy+}",
          "schema_version": 0,
          "attributes": {
            "api_id": "n1h3tfm3l0",
            "api_key_required": false,
            "authorization_scopes": [],
            "authorization_type": "JWT",
            "authorizer_id": "xxocwt",
            "id": "o1kodt6",
            "model_selection_expression": "",
            "operation_name": "",
            "request_models": {},
            "request_parameter": [],
            "route_key": "GET /requirements/{proxy+}",
            "route_response_selection_expression": "",
            "target": "integrations/tv0t7ef"
          },
          "sensitive_attributes": [],
          "private": "bnVsbA==",
          "dependencies": [
            "aws_apigatewayv2_api.main",
            "aws_apigatewayv2_authorizer.cognito",
            "aws_apigatewayv2_integration.api",
            "aws_dynamodb_table.tables",
            "aws_iam_role.lambda_role",
            "aws_lambda_function.lambda",
            "aws_s3_bucket.configs",
            "aws_s3_object.app_config",
            "module.auth_api_lambda.aws_cloudwatch_log_group.auth_lambda_logs",
            "module.auth_api_lambda.aws_iam_role.auth_lambda_role",
            "module.auth_api_lambda.aws_iam_role_policy.auth_lambda_cognito_policy",
            "module.auth_api_lambda.aws_iam_role_policy_attachment.auth_lambda_basic_execution",
            "module.auth_api_lambda.aws_lambda_function.auth_api",
            "module.llm_api_lambda.aws_cloudwatch_log_group.llm_lambda_logs",
            "module.llm_api_lambda.aws_iam_role.llm_lambda_role",
            "module.llm_api_lambda.aws_iam_role_policy.llm_lambda_bedrock_policy",
            "module.llm_api_lambda.aws_iam_role_policy.llm_lambda_dynamodb_policy",
            "module.llm_api_lambda.aws_iam_role_policy.llm_lambda_s3_policy",
            "module.llm_api_lambda.aws_iam_role_policy_attachment.llm_lambda_basic_execution",
            "module.llm_api_lambda.aws_lambda_function.llm_api",
            "random_string.bucket_suffix"
          ]
        },
        {
          "index_key": "requirements_api-POST-_requirements",
          "schema_version": 0,
          "attributes": {
            "api_id": "n1h3tfm3l0",
            "api_key_required": false,
            "authorization_scopes": [],
            "authorization_type": "JWT",
            "authorizer_id": "xxocwt",
            "id": "u1vgqsi",
            "model_selection_expression": "",
            "operation_name": "",
            "request_models": {},
            "request_parameter": [],
            "route_key": "POST /requirements",
            "route_response_selection_expression": "",
            "target": "integrations/tv0t7ef"
          },
          "sensitive_attributes": [],
          "private": "bnVsbA==",
          "dependencies": [
            "aws_apigatewayv2_api.main",
            "aws_apigatewayv2_authorizer.cognito",
            "aws_apigatewayv2_integration.api",
            "aws_dynamodb_table.tables",
            "aws_iam_role.lambda_role",
            "aws_lambda_function.lambda",
            "aws_s3_bucket.configs",
            "aws_s3_object.app_config",
            "module.auth_api_lambda.aws_cloudwatch_log_group.auth_lambda_logs",
            "module.auth_api_lambda.aws_iam_role.auth_lambda_role",
            "module.auth_api_lambda.aws_iam_role_policy.auth_lambda_cognito_policy",
            "module.auth_api_lambda.aws_iam_role_policy_attachment.auth_lambda_basic_execution",
            "module.auth_api_lambda.aws_lambda_function.auth_api",
            "module.llm_api_lambda.aws_cloudwatch_log_group.llm_lambda_logs",
            "module.llm_api_lambda.aws_iam_role.llm_lambda_role",
            "module.llm_api_lambda.aws_iam_role_policy.llm_lambda_bedrock_policy",
            "module.llm_api_lambda.aws_iam_role_policy.llm_lambda_dynamodb_policy",
            "module.llm_api_lambda.aws_iam_role_policy.llm_lambda_s3_policy",
            "module.llm_api_lambda.aws_iam_role_policy_attachment.llm_lambda_basic_execution",
            "module.llm_api_lambda.aws_lambda_function.llm_api",
            "random_string.bucket_suffix"
          ]
        },
        {
          "index_key": "requirements_api-POST-_requirements__proxy+}",
          "schema_version": 0,
          "attributes": {
            "api_id": "n1h3tfm3l0",
            "api_key_required": false,
            "authorization_scopes": [],
            "authorization_type": "JWT",
            "authorizer_id": "xxocwt",
            "id": "6d6orun",
            "model_selection_expression": "",
            "operation_name": "",
            "request_models": {},
            "request_parameter": [],
            "route_key": "POST /requirements/{proxy+}",
            "route_response_selection_expression": "",
            "target": "integrations/tv0t7ef"
          },
          "sensitive_attributes": [],
          "private": "bnVsbA==",
          "dependencies": [
            "aws_apigatewayv2_api.main",
            "aws_apigatewayv2_authorizer.cognito",
            "aws_apigatewayv2_integration.api",
            "aws_dynamodb_table.tables",
            "aws_iam_role.lambda_role",
            "aws_lambda_function.lambda",
            "aws_s3_bucket.configs",
            "aws_s3_object.app_config",
            "module.auth_api_lambda.aws_cloudwatch_log_group.auth_lambda_logs",
            "module.auth_api_lambda.aws_iam_role.auth_lambda_role",
            "module.auth_api_lambda.aws_iam_role_policy.auth_lambda_cognito_policy",
            "module.auth_api_lambda.aws_iam_role_policy_attachment.auth_lambda_basic_execution",
            "module.auth_api_lambda.aws_lambda_function.auth_api",
            "module.llm_api_lambda.aws_cloudwatch_log_group.llm_lambda_logs",
            "module.llm_api_lambda.aws_iam_role.llm_lambda_role",
            "module.llm_api_lambda.aws_iam_role_policy.llm_lambda_bedrock_policy",
            "module.llm_api_lambda.aws_iam_role_policy.llm_lambda_dynamodb_policy",
            "module.llm_api_lambda.aws_iam_role_policy.llm_lambda_s3_policy",
            "module.llm_api_lambda.aws_iam_role_policy_attachment.llm_lambda_basic_execution",
            "module.llm_api_lambda.aws_lambda_function.llm_api",
            "random_string.bucket_suffix"
          ]
        },
        {
          "index_key": "requirements_api-PUT-_requirements",
          "schema_version": 0,
          "attributes": {
            "api_id": "n1h3tfm3l0",
            "api_key_required": false,
            "authorization_scopes": [],
            "authorization_type": "JWT",
            "authorizer_id": "xxocwt",
            "id": "lrq83ec",
            "model_selection_expression": "",
            "operation_name": "",
            "request_models": {},
            "request_parameter": [],
            "route_key": "PUT /requirements",
            "route_response_selection_expression": "",
            "target": "integrations/tv0t7ef"
          },
          "sensitive_attributes": [],
          "private": "bnVsbA==",
          "dependencies": [
            "aws_apigatewayv2_api.main",
            "aws_apigatewayv2_authorizer.cognito",
            "aws_apigatewayv2_integration.api",
            "aws_dynamodb_table.tables",
            "aws_iam_role.lambda_role",
            "aws_lambda_function.lambda",
            "aws_s3_bucket.configs",
            "aws_s3_object.app_config",
            "module.auth_api_lambda.aws_cloudwatch_log_group.auth_lambda_logs",
            "module.auth_api_lambda.aws_iam_role.auth_lambda_role",
            "module.auth_api_lambda.aws_iam_role_policy.auth_lambda_cognito_policy",
            "module.auth_api_lambda.aws_iam_role_policy_attachment.auth_lambda_basic_execution",
            "module.auth_api_lambda.aws_lambda_function.auth_api",
            "module.llm_api_lambda.aws_cloudwatch_log_group.llm_lambda_logs",
            "module.llm_api_lambda.aws_iam_role.llm_lambda_role",
            "module.llm_api_lambda.aws_iam_role_policy.llm_lambda_bedrock_policy",
            "module.llm_api_lambda.aws_iam_role_policy.llm_lambda_dynamodb_policy",
            "module.llm_api_lambda.aws_iam_role_policy.llm_lambda_s3_policy",
            "module.llm_api_lambda.aws_iam_role_policy_attachment.llm_lambda_basic_execution",
            "module.llm_api_lambda.aws_lambda_function.llm_api",
            "random_string.bucket_suffix"
          ]
        },
        {
          "index_key": "requirements_api-PUT-_requirements__proxy+}",
          "schema_version": 0,
          "attributes": {
            "api_id": "n1h3tfm3l0",
            "api_key_required": false,
            "authorization_scopes": [],
            "authorization_type": "JWT",
            "authorizer_id": "xxocwt",
            "id": "pyikulm",
            "model_selection_expression": "",
            "operation_name": "",
            "request_models": {},
            "request_parameter": [],
            "route_key": "PUT /requirements/{proxy+}",
            "route_response_selection_expression": "",
            "target": "integrations/tv0t7ef"
          },
          "sensitive_attributes": [],
          "private": "bnVsbA==",
          "dependencies": [
            "aws_apigatewayv2_api.main",
            "aws_apigatewayv2_authorizer.cognito",
            "aws_apigatewayv2_integration.api",
            "aws_dynamodb_table.tables",
            "aws_iam_role.lambda_role",
            "aws_lambda_function.lambda",
            "aws_s3_bucket.configs",
            "aws_s3_object.app_config",
            "module.auth_api_lambda.aws_cloudwatch_log_group.auth_lambda_logs",
            "module.auth_api_lambda.aws_iam_role.auth_lambda_role",
            "module.auth_api_lambda.aws_iam_role_policy.auth_lambda_cognito_policy",
            "module.auth_api_lambda.aws_iam_role_policy_attachment.auth_lambda_basic_execution",
            "module.auth_api_lambda.aws_lambda_function.auth_api",
            "module.llm_api_lambda.aws_cloudwatch_log_group.llm_lambda_logs",
            "module.llm_api_lambda.aws_iam_role.llm_lambda_role",
            "module.llm_api_lambda.aws_iam_role_policy.llm_lambda_bedrock_policy",
            "module.llm_api_lambda.aws_iam_role_policy.llm_lambda_dynamodb_policy",
            "module.llm_api_lambda.aws_iam_role_policy.llm_lambda_s3_policy",
            "module.llm_api_lambda.aws_iam_role_policy_attachment.llm_lambda_basic_execution",
            "module.llm_api_lambda.aws_lambda_function.llm_api",
            "random_string.bucket_suffix"
          ]
        }
      ]
    },
    {
      "mode": "managed",
      "type": "aws_apigatewayv2_stage",
      "name": "main",
      "provider": "provider[\"registry.terraform.io/hashicorp/aws\"]",
      "instances": [
        {
          "schema_version": 0,
          "attributes": {
            "access_log_settings": [],
            "api_id": "n1h3tfm3l0",
            "arn": "arn:aws:apigateway:us-east-1::/apis/n1h3tfm3l0/stages/$default",
            "auto_deploy": true,
            "client_certificate_id": "",
            "default_route_settings": [
              {
                "data_trace_enabled": false,
                "detailed_metrics_enabled": false,
                "logging_level": "",
                "throttling_burst_limit": 0,
                "throttling_rate_limit": 0
              }
            ],
            "deployment_id": "1mpk25",
            "description": "",
            "execution_arn": "arn:aws:execute-api:us-east-1:489270312286:n1h3tfm3l0/$default",
            "id": "$default",
            "invoke_url": "https://n1h3tfm3l0.execute-api.us-east-1.amazonaws.com/",
            "name": "$default",
            "route_settings": [],
            "stage_variables": {},
            "tags": {
              "Environment": "prod",
              "ManagedBy": "Terraform",
              "Name": "prod-vishmaker",
              "Owner": "VishMaker Team",
              "Project": "vishmaker"
            },
            "tags_all": {
              "Environment": "prod",
              "ManagedBy": "Terraform",
              "Name": "prod-vishmaker",
              "Owner": "VishMaker Team",
              "Project": "vishmaker"
            }
          },
          "sensitive_attributes": [],
          "private": "bnVsbA==",
          "dependencies": [
            "aws_apigatewayv2_api.main"
          ]
        }
      ]
    },
    {
      "mode": "managed",
      "type": "aws_cloudwatch_log_group",
      "name": "lambda_logs",
      "provider": "provider[\"registry.terraform.io/hashicorp/aws\"]",
      "instances": [
        {
          "index_key": "projects_api",
          "schema_version": 0,
          "attributes": {
            "arn": "arn:aws:logs:us-east-1:489270312286:log-group:/aws/lambda/prod-vishmaker-projects",
            "id": "/aws/lambda/prod-vishmaker-projects",
            "kms_key_id": "",
            "log_group_class": "STANDARD",
            "name": "/aws/lambda/prod-vishmaker-projects",
            "name_prefix": "",
            "retention_in_days": 1,
            "skip_destroy": false,
            "tags": {
              "Environment": "prod",
              "ManagedBy": "Terraform",
              "Owner": "VishMaker Team",
              "Project": "vishmaker"
            },
            "tags_all": {
              "Environment": "prod",
              "ManagedBy": "Terraform",
              "Owner": "VishMaker Team",
              "Project": "vishmaker"
            }
          },
          "sensitive_attributes": [],
          "private": "bnVsbA==",
          "dependencies": [
            "aws_dynamodb_table.tables"
          ]
        },
        {
          "index_key": "requirements_api",
          "schema_version": 0,
          "attributes": {
            "arn": "arn:aws:logs:us-east-1:489270312286:log-group:/aws/lambda/prod-vishmaker-requirements",
            "id": "/aws/lambda/prod-vishmaker-requirements",
            "kms_key_id": "",
            "log_group_class": "STANDARD",
            "name": "/aws/lambda/prod-vishmaker-requirements",
            "name_prefix": "",
            "retention_in_days": 1,
            "skip_destroy": false,
            "tags": {
              "Environment": "prod",
              "ManagedBy": "Terraform",
              "Owner": "VishMaker Team",
              "Project": "vishmaker"
            },
            "tags_all": {
              "Environment": "prod",
              "ManagedBy": "Terraform",
              "Owner": "VishMaker Team",
              "Project": "vishmaker"
            }
          },
          "sensitive_attributes": [],
          "private": "bnVsbA==",
          "dependencies": [
            "aws_dynamodb_table.tables"
          ]
        }
      ]
    },
    {
      "mode": "managed",
      "type": "aws_dynamodb_table",
      "name": "tables",
      "provider": "provider[\"registry.terraform.io/hashicorp/aws\"]",
      "instances": [
        {
          "index_key": "high-level-requirements",
          "schema_version": 1,
          "attributes": {
            "arn": "arn:aws:dynamodb:us-east-1:489270312286:table/prod-vishmaker-high-level-requirements",
            "attribute": [
              {
                "name": "parent_uiid",
                "type": "S"
              },
              {
                "name": "uiid",
                "type": "S"
              }
            ],
            "billing_mode": "PAY_PER_REQUEST",
            "deletion_protection_enabled": false,
            "global_secondary_index": [
              {
                "hash_key": "parent_uiid",
                "name": "parent_uiid-index",
                "non_key_attributes": [],
                "on_demand_throughput": [],
                "projection_type": "ALL",
                "range_key": "",
                "read_capacity": 0,
                "write_capacity": 0
              }
            ],
            "hash_key": "uiid",
            "id": "prod-vishmaker-high-level-requirements",
            "import_table": [],
            "local_secondary_index": [],
            "name": "prod-vishmaker-high-level-requirements",
            "on_demand_throughput": [],
            "point_in_time_recovery": [
              {
                "enabled": false,
                "recovery_period_in_days": 0
              }
            ],
            "range_key": "parent_uiid",
            "read_capacity": 0,
            "replica": [],
            "restore_date_time": null,
            "restore_source_name": null,
            "restore_source_table_arn": null,
            "restore_to_latest_time": null,
            "server_side_encryption": [],
            "stream_arn": "",
            "stream_enabled": false,
            "stream_label": "",
            "stream_view_type": "",
            "table_class": "STANDARD",
            "tags": {
              "Environment": "prod",
              "ManagedBy": "Terraform",
              "Name": "prod-vishmaker",
              "Owner": "VishMaker Team",
              "Project": "vishmaker"
            },
            "tags_all": {
              "Environment": "prod",
              "ManagedBy": "Terraform",
              "Name": "prod-vishmaker",
              "Owner": "VishMaker Team",
              "Project": "vishmaker"
            },
            "timeouts": null,
            "ttl": [
              {
                "attribute_name": "",
                "enabled": false
              }
            ],
            "write_capacity": 0
          },
          "sensitive_attributes": [],
          "private": "eyJlMmJmYjczMC1lY2FhLTExZTYtOGY4OC0zNDM2M2JjN2M0YzAiOnsiY3JlYXRlIjoxODAwMDAwMDAwMDAwLCJkZWxldGUiOjYwMDAwMDAwMDAwMCwidXBkYXRlIjozNjAwMDAwMDAwMDAwfSwic2NoZW1hX3ZlcnNpb24iOiIxIn0="
        },
        {
          "index_key": "low-level-requirements",
          "schema_version": 1,
          "attributes": {
            "arn": "arn:aws:dynamodb:us-east-1:489270312286:table/prod-vishmaker-low-level-requirements",
            "attribute": [
              {
                "name": "parent_uiid",
                "type": "S"
              },
              {
                "name": "uiid",
                "type": "S"
              }
            ],
            "billing_mode": "PAY_PER_REQUEST",
            "deletion_protection_enabled": false,
            "global_secondary_index": [
              {
                "hash_key": "parent_uiid",
                "name": "parent_uiid-index",
                "non_key_attributes": [],
                "on_demand_throughput": [],
                "projection_type": "ALL",
                "range_key": "",
                "read_capacity": 0,
                "write_capacity": 0
              }
            ],
            "hash_key": "uiid",
            "id": "prod-vishmaker-low-level-requirements",
            "import_table": [],
            "local_secondary_index": [],
            "name": "prod-vishmaker-low-level-requirements",
            "on_demand_throughput": [],
            "point_in_time_recovery": [
              {
                "enabled": false,
                "recovery_period_in_days": 0
              }
            ],
            "range_key": "parent_uiid",
            "read_capacity": 0,
            "replica": [],
            "restore_date_time": null,
            "restore_source_name": null,
            "restore_source_table_arn": null,
            "restore_to_latest_time": null,
            "server_side_encryption": [],
            "stream_arn": "",
            "stream_enabled": false,
            "stream_label": "",
            "stream_view_type": "",
            "table_class": "STANDARD",
            "tags": {
              "Environment": "prod",
              "ManagedBy": "Terraform",
              "Name": "prod-vishmaker",
              "Owner": "VishMaker Team",
              "Project": "vishmaker"
            },
            "tags_all": {
              "Environment": "prod",
              "ManagedBy": "Terraform",
              "Name": "prod-vishmaker",
              "Owner": "VishMaker Team",
              "Project": "vishmaker"
            },
            "timeouts": null,
            "ttl": [
              {
                "attribute_name": "",
                "enabled": false
              }
            ],
            "write_capacity": 0
          },
          "sensitive_attributes": [],
          "private": "eyJlMmJmYjczMC1lY2FhLTExZTYtOGY4OC0zNDM2M2JjN2M0YzAiOnsiY3JlYXRlIjoxODAwMDAwMDAwMDAwLCJkZWxldGUiOjYwMDAwMDAwMDAwMCwidXBkYXRlIjozNjAwMDAwMDAwMDAwfSwic2NoZW1hX3ZlcnNpb24iOiIxIn0="
        },
        {
          "index_key": "projects",
          "schema_version": 1,
          "attributes": {
            "arn": "arn:aws:dynamodb:us-east-1:489270312286:table/prod-vishmaker-projects",
            "attribute": [
              {
                "name": "id",
                "type": "S"
              },
              {
                "name": "name",
                "type": "S"
              },
              {
                "name": "user_id",
                "type": "S"
              }
            ],
            "billing_mode": "PAY_PER_REQUEST",
            "deletion_protection_enabled": false,
            "global_secondary_index": [
              {
                "hash_key": "name",
                "name": "name-index",
                "non_key_attributes": [],
                "on_demand_throughput": [],
                "projection_type": "ALL",
                "range_key": "",
                "read_capacity": 0,
                "write_capacity": 0
              },
              {
                "hash_key": "user_id",
                "name": "user_id-index",
                "non_key_attributes": [],
                "on_demand_throughput": [],
                "projection_type": "ALL",
                "range_key": "",
                "read_capacity": 0,
                "write_capacity": 0
              }
            ],
            "hash_key": "id",
            "id": "prod-vishmaker-projects",
            "import_table": [],
            "local_secondary_index": [],
            "name": "prod-vishmaker-projects",
            "on_demand_throughput": [],
            "point_in_time_recovery": [
              {
                "enabled": false,
                "recovery_period_in_days": 0
              }
            ],
            "range_key": "user_id",
            "read_capacity": 0,
            "replica": [],
            "restore_date_time": null,
            "restore_source_name": null,
            "restore_source_table_arn": null,
            "restore_to_latest_time": null,
            "server_side_encryption": [],
            "stream_arn": "",
            "stream_enabled": false,
            "stream_label": "",
            "stream_view_type": "",
            "table_class": "STANDARD",
            "tags": {
              "Environment": "prod",
              "ManagedBy": "Terraform",
              "Name": "prod-vishmaker",
              "Owner": "VishMaker Team",
              "Project": "vishmaker"
            },
            "tags_all": {
              "Environment": "prod",
              "ManagedBy": "Terraform",
              "Name": "prod-vishmaker",
              "Owner": "VishMaker Team",
              "Project": "vishmaker"
            },
            "timeouts": null,
            "ttl": [
              {
                "attribute_name": "",
                "enabled": false
              }
            ],
            "write_capacity": 0
          },
          "sensitive_attributes": [],
          "private": "eyJlMmJmYjczMC1lY2FhLTExZTYtOGY4OC0zNDM2M2JjN2M0YzAiOnsiY3JlYXRlIjoxODAwMDAwMDAwMDAwLCJkZWxldGUiOjYwMDAwMDAwMDAwMCwidXBkYXRlIjozNjAwMDAwMDAwMDAwfSwic2NoZW1hX3ZlcnNpb24iOiIxIn0="
        },
        {
          "index_key": "test-cases",
          "schema_version": 1,
          "attributes": {
            "arn": "arn:aws:dynamodb:us-east-1:489270312286:table/prod-vishmaker-test-cases",
            "attribute": [
              {
                "name": "parent_uiid",
                "type": "S"
              },
              {
                "name": "uiid",
                "type": "S"
              }
            ],
            "billing_mode": "PAY_PER_REQUEST",
            "deletion_protection_enabled": false,
            "global_secondary_index": [
              {
                "hash_key": "parent_uiid",
                "name": "parent_uiid-index",
                "non_key_attributes": [],
                "on_demand_throughput": [],
                "projection_type": "ALL",
                "range_key": "",
                "read_capacity": 0,
                "write_capacity": 0
              }
            ],
            "hash_key": "uiid",
            "id": "prod-vishmaker-test-cases",
            "import_table": [],
            "local_secondary_index": [],
            "name": "prod-vishmaker-test-cases",
            "on_demand_throughput": [],
            "point_in_time_recovery": [
              {
                "enabled": false,
                "recovery_period_in_days": 0
              }
            ],
            "range_key": "parent_uiid",
            "read_capacity": 0,
            "replica": [],
            "restore_date_time": null,
            "restore_source_name": null,
            "restore_source_table_arn": null,
            "restore_to_latest_time": null,
            "server_side_encryption": [],
            "stream_arn": "",
            "stream_enabled": false,
            "stream_label": "",
            "stream_view_type": "",
            "table_class": "STANDARD",
            "tags": {
              "Environment": "prod",
              "ManagedBy": "Terraform",
              "Name": "prod-vishmaker",
              "Owner": "VishMaker Team",
              "Project": "vishmaker"
            },
            "tags_all": {
              "Environment": "prod",
              "ManagedBy": "Terraform",
              "Name": "prod-vishmaker",
              "Owner": "VishMaker Team",
              "Project": "vishmaker"
            },
            "timeouts": null,
            "ttl": [
              {
                "attribute_name": "",
                "enabled": false
              }
            ],
            "write_capacity": 0
          },
          "sensitive_attributes": [],
          "private": "eyJlMmJmYjczMC1lY2FhLTExZTYtOGY4OC0zNDM2M2JjN2M0YzAiOnsiY3JlYXRlIjoxODAwMDAwMDAwMDAwLCJkZWxldGUiOjYwMDAwMDAwMDAwMCwidXBkYXRlIjozNjAwMDAwMDAwMDAwfSwic2NoZW1hX3ZlcnNpb24iOiIxIn0="
        },
        {
          "index_key": "user-flows",
          "schema_version": 1,
          "attributes": {
            "arn": "arn:aws:dynamodb:us-east-1:489270312286:table/prod-vishmaker-user-flows",
            "attribute": [
              {
                "name": "project_id",
                "type": "S"
              },
              {
                "name": "uiid",
                "type": "S"
              }
            ],
            "billing_mode": "PAY_PER_REQUEST",
            "deletion_protection_enabled": false,
            "global_secondary_index": [
              {
                "hash_key": "project_id",
                "name": "project_id-index",
                "non_key_attributes": [],
                "on_demand_throughput": [],
                "projection_type": "ALL",
                "range_key": "",
                "read_capacity": 0,
                "write_capacity": 0
              }
            ],
            "hash_key": "uiid",
            "id": "prod-vishmaker-user-flows",
            "import_table": [],
            "local_secondary_index": [],
            "name": "prod-vishmaker-user-flows",
            "on_demand_throughput": [],
            "point_in_time_recovery": [
              {
                "enabled": false,
                "recovery_period_in_days": 0
              }
            ],
            "range_key": "project_id",
            "read_capacity": 0,
            "replica": [],
            "restore_date_time": null,
            "restore_source_name": null,
            "restore_source_table_arn": null,
            "restore_to_latest_time": null,
            "server_side_encryption": [],
            "stream_arn": "",
            "stream_enabled": false,
            "stream_label": "",
            "stream_view_type": "",
            "table_class": "STANDARD",
            "tags": {
              "Environment": "prod",
              "ManagedBy": "Terraform",
              "Name": "prod-vishmaker",
              "Owner": "VishMaker Team",
              "Project": "vishmaker"
            },
            "tags_all": {
              "Environment": "prod",
              "ManagedBy": "Terraform",
              "Name": "prod-vishmaker",
              "Owner": "VishMaker Team",
              "Project": "vishmaker"
            },
            "timeouts": null,
            "ttl": [
              {
                "attribute_name": "",
                "enabled": false
              }
            ],
            "write_capacity": 0
          },
          "sensitive_attributes": [],
          "private": "eyJlMmJmYjczMC1lY2FhLTExZTYtOGY4OC0zNDM2M2JjN2M0YzAiOnsiY3JlYXRlIjoxODAwMDAwMDAwMDAwLCJkZWxldGUiOjYwMDAwMDAwMDAwMCwidXBkYXRlIjozNjAwMDAwMDAwMDAwfSwic2NoZW1hX3ZlcnNpb24iOiIxIn0="
        },
        {
          "index_key": "waitlist",
          "schema_version": 1,
          "attributes": {
            "arn": "arn:aws:dynamodb:us-east-1:489270312286:table/prod-vishmaker-waitlist",
            "attribute": [
              {
                "name": "email",
                "type": "S"
              },
              {
                "name": "status",
                "type": "S"
              }
            ],
            "billing_mode": "PAY_PER_REQUEST",
            "deletion_protection_enabled": false,
            "global_secondary_index": [
              {
                "hash_key": "status",
                "name": "status-index",
                "non_key_attributes": [],
                "on_demand_throughput": [],
                "projection_type": "ALL",
                "range_key": "",
                "read_capacity": 0,
                "write_capacity": 0
              }
            ],
            "hash_key": "email",
            "id": "prod-vishmaker-waitlist",
            "import_table": [],
            "local_secondary_index": [],
            "name": "prod-vishmaker-waitlist",
            "on_demand_throughput": [],
            "point_in_time_recovery": [
              {
                "enabled": false,
                "recovery_period_in_days": 0
              }
            ],
            "range_key": null,
            "read_capacity": 0,
            "replica": [],
            "restore_date_time": null,
            "restore_source_name": null,
            "restore_source_table_arn": null,
            "restore_to_latest_time": null,
            "server_side_encryption": [],
            "stream_arn": "",
            "stream_enabled": false,
            "stream_label": "",
            "stream_view_type": "",
            "table_class": "STANDARD",
            "tags": {
              "Environment": "prod",
              "ManagedBy": "Terraform",
              "Name": "prod-vishmaker",
              "Owner": "VishMaker Team",
              "Project": "vishmaker"
            },
            "tags_all": {
              "Environment": "prod",
              "ManagedBy": "Terraform",
              "Name": "prod-vishmaker",
              "Owner": "VishMaker Team",
              "Project": "vishmaker"
            },
            "timeouts": null,
            "ttl": [
              {
                "attribute_name": "",
                "enabled": false
              }
            ],
            "write_capacity": 0
          },
          "sensitive_attributes": [],
          "private": "eyJlMmJmYjczMC1lY2FhLTExZTYtOGY4OC0zNDM2M2JjN2M0YzAiOnsiY3JlYXRlIjoxODAwMDAwMDAwMDAwLCJkZWxldGUiOjYwMDAwMDAwMDAwMCwidXBkYXRlIjozNjAwMDAwMDAwMDAwfSwic2NoZW1hX3ZlcnNpb24iOiIxIn0="
        }
      ]
    },
    {
      "mode": "managed",
      "type": "aws_iam_policy",
      "name": "dynamodb_rw_policy",
      "provider": "provider[\"registry.terraform.io/hashicorp/aws\"]",
      "instances": [
        {
          "schema_version": 0,
          "attributes": {
            "arn": "arn:aws:iam::489270312286:policy/prod-vishmaker-dynamodb-access-policy",
            "attachment_count": 2,
            "description": "",
            "id": "arn:aws:iam::489270312286:policy/prod-vishmaker-dynamodb-access-policy",
            "name": "prod-vishmaker-dynamodb-access-policy",
            "name_prefix": "",
            "path": "/",
            "policy": "{\"Statement\":[{\"Action\":[\"dynamodb:PutItem\",\"dynamodb:GetItem\",\"dynamodb:UpdateItem\",\"dynamodb:DeleteItem\",\"dynamodb:Query\",\"dynamodb:Scan\"],\"Effect\":\"Allow\",\"Resource\":[\"arn:aws:dynamodb:us-east-1:489270312286:table/prod-vishmaker-high-level-requirements\",\"arn:aws:dynamodb:us-east-1:489270312286:table/prod-vishmaker-low-level-requirements\",\"arn:aws:dynamodb:us-east-1:489270312286:table/prod-vishmaker-projects\",\"arn:aws:dynamodb:us-east-1:489270312286:table/prod-vishmaker-test-cases\",\"arn:aws:dynamodb:us-east-1:489270312286:table/prod-vishmaker-user-flows\",\"arn:aws:dynamodb:us-east-1:489270312286:table/prod-vishmaker-waitlist\",\"arn:aws:dynamodb:us-east-1:489270312286:table/prod-vishmaker-high-level-requirements/index/*\",\"arn:aws:dynamodb:us-east-1:489270312286:table/prod-vishmaker-low-level-requirements/index/*\",\"arn:aws:dynamodb:us-east-1:489270312286:table/prod-vishmaker-projects/index/*\",\"arn:aws:dynamodb:us-east-1:489270312286:table/prod-vishmaker-test-cases/index/*\",\"arn:aws:dynamodb:us-east-1:489270312286:table/prod-vishmaker-user-flows/index/*\",\"arn:aws:dynamodb:us-east-1:489270312286:table/prod-vishmaker-waitlist/index/*\"]}],\"Version\":\"2012-10-17\"}",
            "policy_id": "ANPAXD2WIPVPI2AWGH5RD",
            "tags": {},
            "tags_all": {}
          },
          "sensitive_attributes": [],
          "private": "bnVsbA==",
          "dependencies": [
            "aws_dynamodb_table.tables"
          ]
        }
      ]
    },
    {
      "mode": "managed",
      "type": "aws_iam_role",
      "name": "lambda_role",
      "provider": "provider[\"registry.terraform.io/hashicorp/aws\"]",
      "instances": [
        {
          "index_key": "projects_api",
          "schema_version": 0,
          "attributes": {
            "arn": "arn:aws:iam::489270312286:role/prod-vishmaker-projects-role",
            "assume_role_policy": "{\"Statement\":[{\"Action\":\"sts:AssumeRole\",\"Effect\":\"Allow\",\"Principal\":{\"Service\":\"lambda.amazonaws.com\"}}],\"Version\":\"2012-10-17\"}",
            "create_date": "2025-07-30T05:42:46Z",
            "description": "",
            "force_detach_policies": false,
            "id": "prod-vishmaker-projects-role",
            "inline_policy": [],
            "managed_policy_arns": [
              "arn:aws:iam::489270312286:policy/prod-vishmaker-dynamodb-access-policy",
              "arn:aws:iam::aws:policy/service-role/AWSLambdaBasicExecutionRole"
            ],
            "max_session_duration": 3600,
            "name": "prod-vishmaker-projects-role",
            "name_prefix": "",
            "path": "/",
            "permissions_boundary": "",
            "tags": {
              "Environment": "prod",
              "ManagedBy": "Terraform",
              "Owner": "VishMaker Team",
              "Project": "vishmaker"
            },
            "tags_all": {
              "Environment": "prod",
              "ManagedBy": "Terraform",
              "Owner": "VishMaker Team",
              "Project": "vishmaker"
            },
            "unique_id": "AROAXD2WIPVPGJGRPLQ7E"
          },
          "sensitive_attributes": [],
          "private": "bnVsbA==",
          "dependencies": [
            "aws_dynamodb_table.tables"
          ]
        },
        {
          "index_key": "requirements_api",
          "schema_version": 0,
          "attributes": {
            "arn": "arn:aws:iam::489270312286:role/prod-vishmaker-requirements-role",
            "assume_role_policy": "{\"Statement\":[{\"Action\":\"sts:AssumeRole\",\"Effect\":\"Allow\",\"Principal\":{\"Service\":\"lambda.amazonaws.com\"}}],\"Version\":\"2012-10-17\"}",
            "create_date": "2025-07-30T18:47:23Z",
            "description": "",
            "force_detach_policies": false,
            "id": "prod-vishmaker-requirements-role",
            "inline_policy": [],
            "managed_policy_arns": [
              "arn:aws:iam::489270312286:policy/prod-vishmaker-dynamodb-access-policy",
              "arn:aws:iam::aws:policy/service-role/AWSLambdaBasicExecutionRole"
            ],
            "max_session_duration": 3600,
            "name": "prod-vishmaker-requirements-role",
            "name_prefix": "",
            "path": "/",
            "permissions_boundary": "",
            "tags": {
              "Environment": "prod",
              "ManagedBy": "Terraform",
              "Owner": "VishMaker Team",
              "Project": "vishmaker"
            },
            "tags_all": {
              "Environment": "prod",
              "ManagedBy": "Terraform",
              "Owner": "VishMaker Team",
              "Project": "vishmaker"
            },
            "unique_id": "AROAXD2WIPVPNKHIIFBAJ"
          },
          "sensitive_attributes": [],
          "private": "bnVsbA==",
          "dependencies": [
            "aws_dynamodb_table.tables"
          ]
        }
      ]
    },
    {
      "mode": "managed",
      "type": "aws_iam_role_policy_attachment",
      "name": "attach_dynamo_policy_lambda",
      "provider": "provider[\"registry.terraform.io/hashicorp/aws\"]",
      "instances": [
        {
          "index_key": "projects_api",
          "schema_version": 0,
          "attributes": {
            "id": "prod-vishmaker-projects-role-20250730054248992300000002",
            "policy_arn": "arn:aws:iam::489270312286:policy/prod-vishmaker-dynamodb-access-policy",
            "role": "prod-vishmaker-projects-role"
          },
          "sensitive_attributes": [],
          "private": "bnVsbA==",
          "dependencies": [
            "aws_dynamodb_table.tables",
            "aws_iam_policy.dynamodb_rw_policy",
            "aws_iam_role.lambda_role"
          ]
        },
        {
          "index_key": "requirements_api",
          "schema_version": 0,
          "attributes": {
            "id": "prod-vishmaker-requirements-role-20250730184724039400000001",
            "policy_arn": "arn:aws:iam::489270312286:policy/prod-vishmaker-dynamodb-access-policy",
            "role": "prod-vishmaker-requirements-role"
          },
          "sensitive_attributes": [],
          "private": "bnVsbA==",
          "dependencies": [
            "aws_dynamodb_table.tables",
            "aws_iam_policy.dynamodb_rw_policy",
            "aws_iam_role.lambda_role"
          ]
        }
      ]
    },
    {
      "mode": "managed",
      "type": "aws_iam_role_policy_attachment",
      "name": "basic_execution",
      "provider": "provider[\"registry.terraform.io/hashicorp/aws\"]",
      "instances": [
        {
          "index_key": "projects_api",
          "schema_version": 0,
          "attributes": {
            "id": "prod-vishmaker-projects-role-20250730054246913100000001",
            "policy_arn": "arn:aws:iam::aws:policy/service-role/AWSLambdaBasicExecutionRole",
            "role": "prod-vishmaker-projects-role"
          },
          "sensitive_attributes": [],
          "private": "bnVsbA==",
          "dependencies": [
            "aws_dynamodb_table.tables",
            "aws_iam_role.lambda_role"
          ]
        },
        {
          "index_key": "requirements_api",
          "schema_version": 0,
          "attributes": {
            "id": "prod-vishmaker-requirements-role-20250730184724207200000002",
            "policy_arn": "arn:aws:iam::aws:policy/service-role/AWSLambdaBasicExecutionRole",
            "role": "prod-vishmaker-requirements-role"
          },
          "sensitive_attributes": [],
          "private": "bnVsbA==",
          "dependencies": [
            "aws_dynamodb_table.tables",
            "aws_iam_role.lambda_role"
          ]
        }
      ]
    },
    {
      "mode": "managed",
      "type": "aws_lambda_function",
      "name": "lambda",
      "provider": "provider[\"registry.terraform.io/hashicorp/aws\"]",
      "instances": [
        {
          "index_key": "projects_api",
          "schema_version": 0,
          "attributes": {
            "architectures": [
              "x86_64"
            ],
            "arn": "arn:aws:lambda:us-east-1:489270312286:function:prod-vishmaker-projects",
            "code_sha256": "n4l7OdYGYD9howJxCKngp46HwdAMWvQUHVY1RC2SXe8=",
            "code_signing_config_arn": "",
            "dead_letter_config": [],
            "description": "",
            "environment": [
              {
                "variables": {
                  "PROJECTS_TABLE_NAME": "prod-vishmaker-projects",
                  "HIGH_LEVEL_REQUIREMENTS_TABLE_NAME": "prod-vishmaker-high-level-requirements",
                  "LOW_LEVEL_REQUIREMENTS_TABLE_NAME": "prod-vishmaker-low-level-requirements",
                  "TEST_CASES_TABLE_NAME": "prod-vishmaker-test-cases",
                  "USER_FLOWS_TABLE_NAME": "prod-vishmaker-user-flows"
                }
              }
            ],
            "ephemeral_storage": [
              {
                "size": 512
              }
            ],
            "file_system_config": [],
            "filename": "./../scripts/dist/projects-deployment.zip",
            "function_name": "prod-vishmaker-projects",
            "handler": "main.handler",
            "id": "prod-vishmaker-projects",
            "image_config": [],
            "image_uri": "",
            "invoke_arn": "arn:aws:apigateway:us-east-1:lambda:path/2015-03-31/functions/arn:aws:lambda:us-east-1:489270312286:function:prod-vishmaker-projects/invocations",
            "kms_key_arn": "",
            "last_modified": "2025-08-17T02:32:00.000+0000",
            "layers": [],
            "logging_config": [
              {
                "application_log_level": "",
                "log_format": "Text",
                "log_group": "/aws/lambda/prod-vishmaker-projects",
                "system_log_level": ""
              }
            ],
            "memory_size": 512,
            "package_type": "Zip",
            "publish": false,
            "qualified_arn": "arn:aws:lambda:us-east-1:489270312286:function:prod-vishmaker-projects:$LATEST",
            "qualified_invoke_arn": "arn:aws:apigateway:us-east-1:lambda:path/2015-03-31/functions/arn:aws:lambda:us-east-1:489270312286:function:prod-vishmaker-projects:$LATEST/invocations",
            "replace_security_groups_on_destroy": null,
            "replacement_security_group_ids": null,
            "reserved_concurrent_executions": -1,
            "role": "arn:aws:iam::489270312286:role/prod-vishmaker-projects-role",
            "runtime": "python3.11",
            "s3_bucket": null,
            "s3_key": null,
            "s3_object_version": null,
            "signing_job_arn": "",
            "signing_profile_version_arn": "",
            "skip_destroy": false,
            "snap_start": [],
            "source_code_hash": "n4l7OdYGYD9howJxCKngp46HwdAMWvQUHVY1RC2SXe8=",
            "source_code_size": 17128937,
            "tags": {
              "Environment": "prod",
              "ManagedBy": "Terraform",
              "Owner": "VishMaker Team",
              "Project": "vishmaker"
            },
            "tags_all": {
              "Environment": "prod",
              "ManagedBy": "Terraform",
              "Owner": "VishMaker Team",
              "Project": "vishmaker"
            },
            "timeout": 60,
            "timeouts": null,
            "tracing_config": [
              {
                "mode": "PassThrough"
              }
            ],
            "version": "$LATEST",
            "vpc_config": []
          },
          "sensitive_attributes": [],
          "private": "eyJlMmJmYjczMC1lY2FhLTExZTYtOGY4OC0zNDM2M2JjN2M0YzAiOnsiY3JlYXRlIjo2MDAwMDAwMDAwMDAsImRlbGV0ZSI6NjAwMDAwMDAwMDAwLCJ1cGRhdGUiOjYwMDAwMDAwMDAwMH19",
          "dependencies": [
            "aws_dynamodb_table.tables",
            "aws_iam_role.lambda_role"
          ]
        },
        {
          "index_key": "requirements_api",
          "schema_version": 0,
          "attributes": {
            "architectures": [
              "x86_64"
            ],
            "arn": "arn:aws:lambda:us-east-1:489270312286:function:prod-vishmaker-requirements",
            "code_sha256": "HPqqlqX8cbX8z71l/beTqmiWijizGs8BX31a6TJ77HA=",
            "code_signing_config_arn": "",
            "dead_letter_config": [],
            "description": "",
            "environment": [
              {
                "variables": {
                  "HIGH_LEVEL_REQUIREMENTS_TABLE_NAME": "prod-vishmaker-high-level-requirements",
                  "LOW_LEVEL_REQUIREMENTS_TABLE_NAME": "prod-vishmaker-low-level-requirements",
                  "TEST_CASES_TABLE_NAME": "prod-vishmaker-test-cases",
                  "USER_FLOWS_TABLE_NAME": "prod-vishmaker-user-flows"
                }
              }
            ],
            "ephemeral_storage": [
              {
                "size": 512
              }
            ],
            "file_system_config": [],
            "filename": "./../scripts/dist/requirements-deployment.zip",
            "function_name": "prod-vishmaker-requirements",
            "handler": "main.handler",
            "id": "prod-vishmaker-requirements",
            "image_config": [],
            "image_uri": "",
            "invoke_arn": "arn:aws:apigateway:us-east-1:lambda:path/2015-03-31/functions/arn:aws:lambda:us-east-1:489270312286:function:prod-vishmaker-requirements/invocations",
            "kms_key_arn": "",
            "last_modified": "2025-08-17T02:31:41.000+0000",
            "layers": [],
            "logging_config": [
              {
                "application_log_level": "",
                "log_format": "Text",
                "log_group": "/aws/lambda/prod-vishmaker-requirements",
                "system_log_level": ""
              }
            ],
            "memory_size": 512,
            "package_type": "Zip",
            "publish": false,
            "qualified_arn": "arn:aws:lambda:us-east-1:489270312286:function:prod-vishmaker-requirements:$LATEST",
            "qualified_invoke_arn": "arn:aws:apigateway:us-east-1:lambda:path/2015-03-31/functions/arn:aws:lambda:us-east-1:489270312286:function:prod-vishmaker-requirements:$LATEST/invocations",
            "replace_security_groups_on_destroy": null,
            "replacement_security_group_ids": null,
            "reserved_concurrent_executions": -1,
            "role": "arn:aws:iam::489270312286:role/prod-vishmaker-requirements-role",
            "runtime": "python3.11",
            "s3_bucket": null,
            "s3_key": null,
            "s3_object_version": null,
            "signing_job_arn": "",
            "signing_profile_version_arn": "",
            "skip_destroy": false,
            "snap_start": [],
            "source_code_hash": "1F4380SHcjlQHNhzx9AiTF/pxNR2xmJTf4BAEtNjqAQ=",
            "source_code_size": 18581813,
            "tags": {
              "Environment": "prod",
              "ManagedBy": "Terraform",
              "Owner": "VishMaker Team",
              "Project": "vishmaker"
            },
            "tags_all": {
              "Environment": "prod",
              "ManagedBy": "Terraform",
              "Owner": "VishMaker Team",
              "Project": "vishmaker"
            },
            "timeout": 60,
            "timeouts": null,
            "tracing_config": [
              {
                "mode": "PassThrough"
              }
            ],
            "version": "$LATEST",
            "vpc_config": []
          },
          "sensitive_attributes": [],
          "private": "eyJlMmJmYjczMC1lY2FhLTExZTYtOGY4OC0zNDM2M2JjN2M0YzAiOnsiY3JlYXRlIjo2MDAwMDAwMDAwMDAsImRlbGV0ZSI6NjAwMDAwMDAwMDAwLCJ1cGRhdGUiOjYwMDAwMDAwMDAwMH19",
          "dependencies": [
            "aws_dynamodb_table.tables",
            "aws_iam_role.lambda_role"
          ]
        }
      ]
    },
    {
      "mode": "managed",
      "type": "aws_lambda_permission",
      "name": "apigw_permissions",
      "provider": "provider[\"registry.terraform.io/hashicorp/aws\"]",
      "instances": [
        {
          "index_key": "auth_api",
          "schema_version": 0,
          "attributes": {
            "action": "lambda:InvokeFunction",
            "event_source_token": null,
            "function_name": "prod-vishmaker-api-auth",
            "function_url_auth_type": null,
            "id": "AllowAPIGatewayInvoke_auth_api",
            "principal": "apigateway.amazonaws.com",
            "principal_org_id": null,
            "qualifier": "",
            "source_account": null,
            "source_arn": "arn:aws:execute-api:us-east-1:489270312286:n1h3tfm3l0/*/*",
            "statement_id": "AllowAPIGatewayInvoke_auth_api",
            "statement_id_prefix": ""
          },
          "sensitive_attributes": [],
          "private": "bnVsbA==",
          "dependencies": [
            "aws_apigatewayv2_api.main",
            "aws_dynamodb_table.tables",
            "aws_iam_role.lambda_role",
            "aws_lambda_function.lambda",
            "aws_s3_bucket.configs",
            "aws_s3_object.app_config",
            "module.auth_api_lambda.aws_cloudwatch_log_group.auth_lambda_logs",
            "module.auth_api_lambda.aws_iam_role.auth_lambda_role",
            "module.auth_api_lambda.aws_iam_role_policy.auth_lambda_cognito_policy",
            "module.auth_api_lambda.aws_iam_role_policy_attachment.auth_lambda_basic_execution",
            "module.auth_api_lambda.aws_lambda_function.auth_api",
            "module.llm_api_lambda.aws_cloudwatch_log_group.llm_lambda_logs",
            "module.llm_api_lambda.aws_iam_role.llm_lambda_role",
            "module.llm_api_lambda.aws_iam_role_policy.llm_lambda_bedrock_policy",
            "module.llm_api_lambda.aws_iam_role_policy.llm_lambda_dynamodb_policy",
            "module.llm_api_lambda.aws_iam_role_policy.llm_lambda_s3_policy",
            "module.llm_api_lambda.aws_iam_role_policy_attachment.llm_lambda_basic_execution",
            "module.llm_api_lambda.aws_lambda_function.llm_api",
            "random_string.bucket_suffix"
          ]
        },
        {
          "index_key": "llm_api",
          "schema_version": 0,
          "attributes": {
            "action": "lambda:InvokeFunction",
            "event_source_token": null,
            "function_name": "prod-vishmaker-api-llm",
            "function_url_auth_type": null,
            "id": "AllowAPIGatewayInvoke_llm_api",
            "principal": "apigateway.amazonaws.com",
            "principal_org_id": null,
            "qualifier": "",
            "source_account": null,
            "source_arn": "arn:aws:execute-api:us-east-1:489270312286:n1h3tfm3l0/*/*",
            "statement_id": "AllowAPIGatewayInvoke_llm_api",
            "statement_id_prefix": ""
          },
          "sensitive_attributes": [],
          "private": "bnVsbA==",
          "dependencies": [
            "aws_apigatewayv2_api.main",
            "aws_dynamodb_table.tables",
            "aws_iam_role.lambda_role",
            "aws_lambda_function.lambda",
            "aws_s3_bucket.configs",
            "aws_s3_object.app_config",
            "module.auth_api_lambda.aws_cloudwatch_log_group.auth_lambda_logs",
            "module.auth_api_lambda.aws_iam_role.auth_lambda_role",
            "module.auth_api_lambda.aws_iam_role_policy.auth_lambda_cognito_policy",
            "module.auth_api_lambda.aws_iam_role_policy_attachment.auth_lambda_basic_execution",
            "module.auth_api_lambda.aws_lambda_function.auth_api",
            "module.llm_api_lambda.aws_cloudwatch_log_group.llm_lambda_logs",
            "module.llm_api_lambda.aws_iam_role.llm_lambda_role",
            "module.llm_api_lambda.aws_iam_role_policy.llm_lambda_bedrock_policy",
            "module.llm_api_lambda.aws_iam_role_policy.llm_lambda_dynamodb_policy",
            "module.llm_api_lambda.aws_iam_role_policy.llm_lambda_s3_policy",
            "module.llm_api_lambda.aws_iam_role_policy_attachment.llm_lambda_basic_execution",
            "module.llm_api_lambda.aws_lambda_function.llm_api",
            "random_string.bucket_suffix"
          ]
        },
        {
          "index_key": "projects_api",
          "schema_version": 0,
          "attributes": {
            "action": "lambda:InvokeFunction",
            "event_source_token": null,
            "function_name": "prod-vishmaker-projects",
            "function_url_auth_type": null,
            "id": "AllowAPIGatewayInvoke_projects_api",
            "principal": "apigateway.amazonaws.com",
            "principal_org_id": null,
            "qualifier": "",
            "source_account": null,
            "source_arn": "arn:aws:execute-api:us-east-1:489270312286:n1h3tfm3l0/*/*",
            "statement_id": "AllowAPIGatewayInvoke_projects_api",
            "statement_id_prefix": ""
          },
          "sensitive_attributes": [],
          "private": "bnVsbA==",
          "dependencies": [
            "aws_apigatewayv2_api.main",
            "aws_dynamodb_table.tables",
            "aws_iam_role.lambda_role",
            "aws_lambda_function.lambda",
            "aws_s3_bucket.configs",
            "aws_s3_object.app_config",
            "module.auth_api_lambda.aws_cloudwatch_log_group.auth_lambda_logs",
            "module.auth_api_lambda.aws_iam_role.auth_lambda_role",
            "module.auth_api_lambda.aws_iam_role_policy.auth_lambda_cognito_policy",
            "module.auth_api_lambda.aws_iam_role_policy_attachment.auth_lambda_basic_execution",
            "module.auth_api_lambda.aws_lambda_function.auth_api",
            "module.llm_api_lambda.aws_cloudwatch_log_group.llm_lambda_logs",
            "module.llm_api_lambda.aws_iam_role.llm_lambda_role",
            "module.llm_api_lambda.aws_iam_role_policy.llm_lambda_bedrock_policy",
            "module.llm_api_lambda.aws_iam_role_policy.llm_lambda_dynamodb_policy",
            "module.llm_api_lambda.aws_iam_role_policy.llm_lambda_s3_policy",
            "module.llm_api_lambda.aws_iam_role_policy_attachment.llm_lambda_basic_execution",
            "module.llm_api_lambda.aws_lambda_function.llm_api",
            "random_string.bucket_suffix"
          ]
        },
        {
          "index_key": "requirements_api",
          "schema_version": 0,
          "attributes": {
            "action": "lambda:InvokeFunction",
            "event_source_token": null,
            "function_name": "prod-vishmaker-requirements",
            "function_url_auth_type": null,
            "id": "AllowAPIGatewayInvoke_requirements_api",
            "principal": "apigateway.amazonaws.com",
            "principal_org_id": null,
            "qualifier": "",
            "source_account": null,
            "source_arn": "arn:aws:execute-api:us-east-1:489270312286:n1h3tfm3l0/*/*",
            "statement_id": "AllowAPIGatewayInvoke_requirements_api",
            "statement_id_prefix": ""
          },
          "sensitive_attributes": [],
          "private": "bnVsbA==",
          "dependencies": [
            "aws_apigatewayv2_api.main",
            "aws_dynamodb_table.tables",
            "aws_iam_role.lambda_role",
            "aws_lambda_function.lambda",
            "aws_s3_bucket.configs",
            "aws_s3_object.app_config",
            "module.auth_api_lambda.aws_cloudwatch_log_group.auth_lambda_logs",
            "module.auth_api_lambda.aws_iam_role.auth_lambda_role",
            "module.auth_api_lambda.aws_iam_role_policy.auth_lambda_cognito_policy",
            "module.auth_api_lambda.aws_iam_role_policy_attachment.auth_lambda_basic_execution",
            "module.auth_api_lambda.aws_lambda_function.auth_api",
            "module.llm_api_lambda.aws_cloudwatch_log_group.llm_lambda_logs",
            "module.llm_api_lambda.aws_iam_role.llm_lambda_role",
            "module.llm_api_lambda.aws_iam_role_policy.llm_lambda_bedrock_policy",
            "module.llm_api_lambda.aws_iam_role_policy.llm_lambda_dynamodb_policy",
            "module.llm_api_lambda.aws_iam_role_policy.llm_lambda_s3_policy",
            "module.llm_api_lambda.aws_iam_role_policy_attachment.llm_lambda_basic_execution",
            "module.llm_api_lambda.aws_lambda_function.llm_api",
            "random_string.bucket_suffix"
          ]
        }
      ]
    },
    {
      "mode": "managed",
      "type": "aws_s3_bucket",
      "name": "configs",
      "provider": "provider[\"registry.terraform.io/hashicorp/aws\"]",
      "instances": [
        {
          "schema_version": 0,
          "attributes": {
            "acceleration_status": "",
            "acl": null,
            "arn": "arn:aws:s3:::vishmaker-configs-prod-9qofatqf",
            "bucket": "vishmaker-configs-prod-9qofatqf",
            "bucket_domain_name": "vishmaker-configs-prod-9qofatqf.s3.amazonaws.com",
            "bucket_prefix": "",
            "bucket_regional_domain_name": "vishmaker-configs-prod-9qofatqf.s3.us-east-1.amazonaws.com",
            "cors_rule": [],
            "force_destroy": true,
            "grant": [
              {
                "id": "6a85ae9f01b1f47ba70544e45a0fd7b9658b4db35125c6597f9a3af957b3f8e4",
                "permissions": [
                  "FULL_CONTROL"
                ],
                "type": "CanonicalUser",
                "uri": ""
              }
            ],
            "hosted_zone_id": "Z3AQBSTGFYJSTF",
            "id": "vishmaker-configs-prod-9qofatqf",
            "lifecycle_rule": [],
            "logging": [],
            "object_lock_configuration": [],
            "object_lock_enabled": false,
            "policy": "",
            "region": "us-east-1",
            "replication_configuration": [],
            "request_payer": "BucketOwner",
            "server_side_encryption_configuration": [
              {
                "rule": [
                  {
                    "apply_server_side_encryption_by_default": [
                      {
                        "kms_master_key_id": "",
                        "sse_algorithm": "AES256"
                      }
                    ],
                    "bucket_key_enabled": false
                  }
                ]
              }
            ],
            "tags": {
              "Environment": "prod",
              "ManagedBy": "Terraform",
              "Name": "prod-vishmaker-config-bucket",
              "Owner": "VishMaker Team",
              "Project": "vishmaker"
            },
            "tags_all": {
              "Environment": "prod",
              "ManagedBy": "Terraform",
              "Name": "prod-vishmaker-config-bucket",
              "Owner": "VishMaker Team",
              "Project": "vishmaker"
            },
            "timeouts": null,
            "versioning": [
              {
                "enabled": false,
                "mfa_delete": false
              }
            ],
            "website": [],
            "website_domain": null,
            "website_endpoint": null
          },
          "sensitive_attributes": [],
          "private": "eyJlMmJmYjczMC1lY2FhLTExZTYtOGY4OC0zNDM2M2JjN2M0YzAiOnsiY3JlYXRlIjoxMjAwMDAwMDAwMDAwLCJkZWxldGUiOjM2MDAwMDAwMDAwMDAsInJlYWQiOjEyMDAwMDAwMDAwMDAsInVwZGF0ZSI6MTIwMDAwMDAwMDAwMH19",
          "dependencies": [
            "random_string.bucket_suffix"
          ]
        }
      ]
    },
    {
      "mode": "managed",
      "type": "aws_s3_bucket_ownership_controls",
      "name": "configs",
      "provider": "provider[\"registry.terraform.io/hashicorp/aws\"]",
      "instances": [
        {
          "schema_version": 0,
          "attributes": {
            "bucket": "vishmaker-configs-prod-9qofatqf",
            "id": "vishmaker-configs-prod-9qofatqf",
            "rule": [
              {
                "object_ownership": "BucketOwnerPreferred"
              }
            ]
          },
          "sensitive_attributes": [],
          "private": "bnVsbA==",
          "dependencies": [
            "aws_s3_bucket.configs",
            "random_string.bucket_suffix"
          ]
        }
      ]
    },
    {
      "mode": "managed",
      "type": "aws_s3_bucket_public_access_block",
      "name": "configs",
      "provider": "provider[\"registry.terraform.io/hashicorp/aws\"]",
      "instances": [
        {
          "schema_version": 0,
          "attributes": {
            "block_public_acls": true,
            "block_public_policy": true,
            "bucket": "vishmaker-configs-prod-9qofatqf",
            "id": "vishmaker-configs-prod-9qofatqf",
            "ignore_public_acls": true,
            "restrict_public_buckets": true
          },
          "sensitive_attributes": [],
          "private": "bnVsbA==",
          "dependencies": [
            "aws_s3_bucket.configs",
            "random_string.bucket_suffix"
          ]
        }
      ]
    },
    {
      "mode": "managed",
      "type": "aws_s3_bucket_server_side_encryption_configuration",
      "name": "configs",
      "provider": "provider[\"registry.terraform.io/hashicorp/aws\"]",
      "instances": [
        {
          "schema_version": 0,
          "attributes": {
            "bucket": "vishmaker-configs-prod-9qofatqf",
            "expected_bucket_owner": "",
            "id": "vishmaker-configs-prod-9qofatqf",
            "rule": [
              {
                "apply_server_side_encryption_by_default": [
                  {
                    "kms_master_key_id": "",
                    "sse_algorithm": "AES256"
                  }
                ],
                "bucket_key_enabled": false
              }
            ]
          },
          "sensitive_attributes": [],
          "private": "bnVsbA==",
          "dependencies": [
            "aws_s3_bucket.configs",
            "random_string.bucket_suffix"
          ]
        }
      ]
    },
    {
      "mode": "managed",
      "type": "aws_s3_object",
      "name": "app_config",
      "provider": "provider[\"registry.terraform.io/hashicorp/aws\"]",
      "instances": [
        {
          "schema_version": 0,
          "attributes": {
            "acl": null,
            "arn": "arn:aws:s3:::vishmaker-configs-prod-9qofatqf/config.json",
            "bucket": "vishmaker-configs-prod-9qofatqf",
            "bucket_key_enabled": false,
            "cache_control": "",
            "checksum_algorithm": null,
            "checksum_crc32": "",
            "checksum_crc32c": "",
            "checksum_crc64nvme": "",
            "checksum_sha1": "",
            "checksum_sha256": "",
            "content": null,
            "content_base64": null,
            "content_disposition": "",
            "content_encoding": "",
            "content_language": "",
            "content_type": "application/octet-stream",
            "etag": "2b880e15042532729986b7f1bbc2414d",
            "force_destroy": false,
            "id": "config.json",
            "key": "config.json",
            "kms_key_id": null,
            "metadata": {},
            "object_lock_legal_hold_status": "",
            "object_lock_mode": "",
            "object_lock_retain_until_date": "",
            "override_provider": [],
            "server_side_encryption": "AES256",
            "source": "./../config/config.json",
            "source_hash": null,
            "storage_class": "STANDARD",
            "tags": {
              "Environment": "prod",
              "ManagedBy": "Terraform",
              "Name": "prod-vishmaker",
              "Owner": "VishMaker Team",
              "Project": "vishmaker"
            },
            "tags_all": {
              "Environment": "prod",
              "ManagedBy": "Terraform",
              "Name": "prod-vishmaker",
              "Owner": "VishMaker Team",
              "Project": "vishmaker"
            },
            "version_id": "",
            "website_redirect": ""
          },
          "sensitive_attributes": [],
          "private": "bnVsbA==",
          "dependencies": [
            "aws_s3_bucket.configs",
            "random_string.bucket_suffix"
          ]
        }
      ]
    },
    {
      "mode": "managed",
      "type": "random_string",
      "name": "bucket_suffix",
      "provider": "provider[\"registry.terraform.io/hashicorp/random\"]",
      "instances": [
        {
          "schema_version": 2,
          "attributes": {
            "id": "9qofatqf",
            "keepers": null,
            "length": 8,
            "lower": true,
            "min_lower": 0,
            "min_numeric": 0,
            "min_special": 0,
            "min_upper": 0,
            "number": true,
            "numeric": true,
            "override_special": null,
            "result": "9qofatqf",
            "special": false,
            "upper": false
          },
          "sensitive_attributes": []
        }
      ]
    },
    {
      "module": "module.auth_api_lambda",
      "mode": "managed",
      "type": "aws_cloudwatch_log_group",
      "name": "auth_lambda_logs",
      "provider": "provider[\"registry.terraform.io/hashicorp/aws\"]",
      "instances": [
        {
          "schema_version": 0,
          "attributes": {
            "arn": "arn:aws:logs:us-east-1:489270312286:log-group:/aws/lambda/prod-vishmaker-api-auth",
            "id": "/aws/lambda/prod-vishmaker-api-auth",
            "kms_key_id": "",
            "log_group_class": "STANDARD",
            "name": "/aws/lambda/prod-vishmaker-api-auth",
            "name_prefix": "",
            "retention_in_days": 14,
            "skip_destroy": false,
            "tags": {
              "Environment": "prod",
              "ManagedBy": "Terraform",
              "Name": "prod-vishmaker",
              "Owner": "VishMaker Team",
              "Project": "vishmaker"
            },
            "tags_all": {
              "Environment": "prod",
              "ManagedBy": "Terraform",
              "Name": "prod-vishmaker",
              "Owner": "VishMaker Team",
              "Project": "vishmaker"
            }
          },
          "sensitive_attributes": [],
          "private": "bnVsbA=="
        }
      ]
    },
    {
      "module": "module.auth_api_lambda",
      "mode": "managed",
      "type": "aws_iam_role",
      "name": "auth_lambda_role",
      "provider": "provider[\"registry.terraform.io/hashicorp/aws\"]",
      "instances": [
        {
          "schema_version": 0,
          "attributes": {
            "arn": "arn:aws:iam::489270312286:role/prod-vishmaker-api-auth-role",
            "assume_role_policy": "{\"Statement\":[{\"Action\":\"sts:AssumeRole\",\"Effect\":\"Allow\",\"Principal\":{\"Service\":\"lambda.amazonaws.com\"}}],\"Version\":\"2012-10-17\"}",
            "create_date": "2025-07-28T23:05:55Z",
            "description": "",
            "force_detach_policies": false,
            "id": "prod-vishmaker-api-auth-role",
            "inline_policy": [
              {
                "name": "prod-vishmaker-api-auth-cognito-policy",
                "policy": "{\"Version\":\"2012-10-17\",\"Statement\":[{\"Action\":[\"cognito-idp:AdminInitiateAuth\",\"cognito-idp:AdminCreateUser\",\"cognito-idp:AdminConfirmSignUp\",\"cognito-idp:AdminSetUserPassword\",\"cognito-idp:AdminUpdateUserAttributes\",\"cognito-idp:AdminGetUser\",\"cognito-idp:ListUsers\",\"cognito-idp:AdminDeleteUser\",\"cognito-idp:AdminResetUserPassword\",\"cognito-idp:AdminRespondToAuthChallenge\",\"cognito-idp:ForgotPassword\",\"cognito-idp:ConfirmForgotPassword\",\"cognito-idp:RespondToAuthChallenge\",\"cognito-idp:InitiateAuth\",\"cognito-idp:SignUp\",\"cognito-idp:ConfirmSignUp\",\"cognito-idp:ResendConfirmationCode\",\"cognito-idp:GlobalSignOut\",\"cognito-idp:GetUser\"],\"Effect\":\"Allow\",\"Resource\":\"arn:aws:cognito-idp:us-east-1:489270312286:userpool/us-east-1_Hf4Ps4b4j\"}]}"
              }
            ],
            "managed_policy_arns": [
              "arn:aws:iam::aws:policy/service-role/AWSLambdaBasicExecutionRole"
            ],
            "max_session_duration": 3600,
            "name": "prod-vishmaker-api-auth-role",
            "name_prefix": "",
            "path": "/",
            "permissions_boundary": "",
            "tags": {
              "Environment": "prod",
              "ManagedBy": "Terraform",
              "Name": "prod-vishmaker",
              "Owner": "VishMaker Team",
              "Project": "vishmaker"
            },
            "tags_all": {
              "Environment": "prod",
              "ManagedBy": "Terraform",
              "Name": "prod-vishmaker",
              "Owner": "VishMaker Team",
              "Project": "vishmaker"
            },
            "unique_id": "AROAXD2WIPVPC4HAHR5FV"
          },
          "sensitive_attributes": [],
          "private": "bnVsbA=="
        }
      ]
    },
    {
      "module": "module.auth_api_lambda",
      "mode": "managed",
      "type": "aws_iam_role_policy",
      "name": "auth_lambda_cognito_policy",
      "provider": "provider[\"registry.terraform.io/hashicorp/aws\"]",
      "instances": [
        {
          "schema_version": 0,
          "attributes": {
            "id": "prod-vishmaker-api-auth-role:prod-vishmaker-api-auth-cognito-policy",
            "name": "prod-vishmaker-api-auth-cognito-policy",
            "name_prefix": "",
            "policy": "{\"Version\":\"2012-10-17\",\"Statement\":[{\"Action\":[\"cognito-idp:AdminInitiateAuth\",\"cognito-idp:AdminCreateUser\",\"cognito-idp:AdminConfirmSignUp\",\"cognito-idp:AdminSetUserPassword\",\"cognito-idp:AdminUpdateUserAttributes\",\"cognito-idp:AdminGetUser\",\"cognito-idp:ListUsers\",\"cognito-idp:AdminDeleteUser\",\"cognito-idp:AdminResetUserPassword\",\"cognito-idp:AdminRespondToAuthChallenge\",\"cognito-idp:ForgotPassword\",\"cognito-idp:ConfirmForgotPassword\",\"cognito-idp:RespondToAuthChallenge\",\"cognito-idp:InitiateAuth\",\"cognito-idp:SignUp\",\"cognito-idp:ConfirmSignUp\",\"cognito-idp:ResendConfirmationCode\",\"cognito-idp:GlobalSignOut\",\"cognito-idp:GetUser\"],\"Effect\":\"Allow\",\"Resource\":\"arn:aws:cognito-idp:us-east-1:489270312286:userpool/us-east-1_Hf4Ps4b4j\"}]}",
            "role": "prod-vishmaker-api-auth-role"
          },
          "sensitive_attributes": [],
          "private": "bnVsbA==",
          "dependencies": [
            "module.auth_api_lambda.aws_iam_role.auth_lambda_role"
          ]
        }
      ]
    },
    {
      "module": "module.auth_api_lambda",
      "mode": "managed",
      "type": "aws_iam_role_policy_attachment",
      "name": "auth_lambda_basic_execution",
      "provider": "provider[\"registry.terraform.io/hashicorp/aws\"]",
      "instances": [
        {
          "schema_version": 0,
          "attributes": {
            "id": "prod-vishmaker-api-auth-role-20250728230555601600000001",
            "policy_arn": "arn:aws:iam::aws:policy/service-role/AWSLambdaBasicExecutionRole",
            "role": "prod-vishmaker-api-auth-role"
          },
          "sensitive_attributes": [],
          "private": "bnVsbA==",
          "dependencies": [
            "module.auth_api_lambda.aws_iam_role.auth_lambda_role"
          ]
        }
      ]
    },
    {
      "module": "module.auth_api_lambda",
      "mode": "managed",
      "type": "aws_lambda_function",
      "name": "auth_api",
      "provider": "provider[\"registry.terraform.io/hashicorp/aws\"]",
      "instances": [
        {
          "schema_version": 0,
          "attributes": {
            "architectures": [
              "x86_64"
            ],
            "arn": "arn:aws:lambda:us-east-1:489270312286:function:prod-vishmaker-api-auth",
            "code_sha256": "RVk4b92cajrS6AlsBZRh48AGiPLzJeVwGz8klP7liWk=",
            "code_signing_config_arn": "",
            "dead_letter_config": [],
            "description": "",
            "environment": [
              {
                "variables": {
                  "COGNITO_CLIENT_ID": "6vtj80n9u3916hnlpnpbi7r2v9",
                  "COGNITO_USER_POOL_ID": "us-east-1_Hf4Ps4b4j"
                }
              }
            ],
            "ephemeral_storage": [
              {
                "size": 512
              }
            ],
            "file_system_config": [],
            "filename": "../lambdas/auth/infrastructure/../../../scripts/dist/auth-deployment.zip",
            "function_name": "prod-vishmaker-api-auth",
            "handler": "main.handler",
            "id": "prod-vishmaker-api-auth",
            "image_config": [],
            "image_uri": "",
            "invoke_arn": "arn:aws:apigateway:us-east-1:lambda:path/2015-03-31/functions/arn:aws:lambda:us-east-1:489270312286:function:prod-vishmaker-api-auth/invocations",
            "kms_key_arn": "",
            "last_modified": "2025-08-08T05:48:26.000+0000",
            "layers": [],
            "logging_config": [
              {
                "application_log_level": "",
                "log_format": "Text",
                "log_group": "/aws/lambda/prod-vishmaker-api-auth",
                "system_log_level": ""
              }
            ],
            "memory_size": 512,
            "package_type": "Zip",
            "publish": false,
            "qualified_arn": "arn:aws:lambda:us-east-1:489270312286:function:prod-vishmaker-api-auth:$LATEST",
            "qualified_invoke_arn": "arn:aws:apigateway:us-east-1:lambda:path/2015-03-31/functions/arn:aws:lambda:us-east-1:489270312286:function:prod-vishmaker-api-auth:$LATEST/invocations",
            "replace_security_groups_on_destroy": null,
            "replacement_security_group_ids": null,
            "reserved_concurrent_executions": -1,
            "role": "arn:aws:iam::489270312286:role/prod-vishmaker-api-auth-role",
            "runtime": "python3.11",
            "s3_bucket": null,
            "s3_key": null,
            "s3_object_version": null,
            "signing_job_arn": "",
            "signing_profile_version_arn": "",
            "skip_destroy": false,
            "snap_start": [],
            "source_code_hash": "MBCKwegZQw9FD5A03ihgbvvHlMLfyEIPIpK/n8FnugI=",
            "source_code_size": 16438048,
            "tags": {
              "Environment": "prod",
              "ManagedBy": "Terraform",
              "Name": "prod-vishmaker",
              "Owner": "VishMaker Team",
              "Project": "vishmaker"
            },
            "tags_all": {
              "Environment": "prod",
              "ManagedBy": "Terraform",
              "Name": "prod-vishmaker",
              "Owner": "VishMaker Team",
              "Project": "vishmaker"
            },
            "timeout": 60,
            "timeouts": null,
            "tracing_config": [
              {
                "mode": "PassThrough"
              }
            ],
            "version": "$LATEST",
            "vpc_config": []
          },
          "sensitive_attributes": [],
          "private": "eyJlMmJmYjczMC1lY2FhLTExZTYtOGY4OC0zNDM2M2JjN2M0YzAiOnsiY3JlYXRlIjo2MDAwMDAwMDAwMDAsImRlbGV0ZSI6NjAwMDAwMDAwMDAwLCJ1cGRhdGUiOjYwMDAwMDAwMDAwMH19",
          "dependencies": [
            "module.auth_api_lambda.aws_cloudwatch_log_group.auth_lambda_logs",
            "module.auth_api_lambda.aws_iam_role.auth_lambda_role",
            "module.auth_api_lambda.aws_iam_role_policy.auth_lambda_cognito_policy",
            "module.auth_api_lambda.aws_iam_role_policy_attachment.auth_lambda_basic_execution"
          ]
        }
      ]
    },
    {
      "module": "module.cloudfront",
      "mode": "data",
      "type": "aws_cloudfront_distribution",
      "name": "existing",
      "provider": "provider[\"registry.terraform.io/hashicorp/aws\"]",
      "instances": [
        {
          "schema_version": 0,
          "attributes": {
            "aliases": [
              "vishmaker.com",
              "www.vishmaker.com"
            ],
            "arn": "arn:aws:cloudfront::489270312286:distribution/E27ZJ7GYC7E0HU",
            "domain_name": "dyno2ca8gerxz.cloudfront.net",
            "enabled": true,
            "etag": "E1JZ7CHE5W5JS5",
            "hosted_zone_id": "Z2FDTNDATAQYW2",
            "id": "E27ZJ7GYC7E0HU",
            "in_progress_validation_batches": 0,
            "last_modified_time": "2025-08-03 02:03:45.08 +0000 UTC",
            "status": "Deployed",
            "tags": {
              "Environment": "dev",
              "ManagedBy": "terraform",
              "Name": "dev-vishkits-webhosting-cloudfront-distribution",
              "Project": "vishkits-webhosting"
            },
            "web_acl_id": ""
          },
          "sensitive_attributes": []
        }
      ]
    },
    {
      "module": "module.cloudfront",
      "mode": "data",
      "type": "aws_route53_zone",
      "name": "existing",
      "provider": "provider[\"registry.terraform.io/hashicorp/aws\"]",
      "instances": [
        {
          "schema_version": 0,
          "attributes": {
            "arn": "arn:aws:route53:::hostedzone/Z05231361NY3UTG9FCP77",
            "caller_reference": "RISWorkflow-RD:e3dece18-cc85-43ce-99ea-8804f228664e",
            "comment": "HostedZone created by Route53 Registrar",
            "id": "Z05231361NY3UTG9FCP77",
            "linked_service_description": null,
            "linked_service_principal": null,
            "name": "vishmaker.com",
            "name_servers": [
              "ns-488.awsdns-61.com",
              "ns-959.awsdns-55.net",
              "ns-1118.awsdns-11.org",
              "ns-2012.awsdns-59.co.uk"
            ],
            "primary_name_server": "ns-488.awsdns-61.com",
            "private_zone": false,
            "resource_record_set_count": 7,
            "tags": {},
            "vpc_id": null,
            "zone_id": "Z05231361NY3UTG9FCP77"
          },
          "sensitive_attributes": []
        }
      ]
    },
    {
      "module": "module.cloudfront",
      "mode": "data",
      "type": "aws_s3_bucket",
      "name": "existing",
      "provider": "provider[\"registry.terraform.io/hashicorp/aws\"]",
      "instances": [
        {
          "schema_version": 0,
          "attributes": {
            "arn": "arn:aws:s3:::vishmaker.com",
            "bucket": "vishmaker.com",
            "bucket_domain_name": "vishmaker.com.s3.amazonaws.com",
            "bucket_regional_domain_name": "vishmaker.com.s3.us-east-1.amazonaws.com",
            "hosted_zone_id": "Z3AQBSTGFYJSTF",
            "id": "vishmaker.com",
            "region": "us-east-1",
            "website_domain": null,
            "website_endpoint": null
          },
          "sensitive_attributes": []
        }
      ]
    },
    {
      "module": "module.llm_api_lambda",
      "mode": "managed",
      "type": "aws_cloudwatch_log_group",
      "name": "llm_lambda_logs",
      "provider": "provider[\"registry.terraform.io/hashicorp/aws\"]",
      "instances": [
        {
          "schema_version": 0,
          "attributes": {
            "arn": "arn:aws:logs:us-east-1:489270312286:log-group:/aws/lambda/prod-vishmaker-api-llm",
            "id": "/aws/lambda/prod-vishmaker-api-llm",
            "kms_key_id": "",
            "log_group_class": "STANDARD",
            "name": "/aws/lambda/prod-vishmaker-api-llm",
            "name_prefix": "",
            "retention_in_days": 5,
            "skip_destroy": false,
            "tags": {
              "Environment": "prod",
              "ManagedBy": "Terraform",
              "Name": "prod-vishmaker",
              "Owner": "VishMaker Team",
              "Project": "vishmaker"
            },
            "tags_all": {
              "Environment": "prod",
              "ManagedBy": "Terraform",
              "Name": "prod-vishmaker",
              "Owner": "VishMaker Team",
              "Project": "vishmaker"
            }
          },
          "sensitive_attributes": [],
          "private": "bnVsbA==",
          "dependencies": [
            "aws_s3_bucket.configs",
            "aws_s3_object.app_config",
            "random_string.bucket_suffix"
          ]
        }
      ]
    },
    {
      "module": "module.llm_api_lambda",
      "mode": "managed",
      "type": "aws_iam_role",
      "name": "llm_lambda_role",
      "provider": "provider[\"registry.terraform.io/hashicorp/aws\"]",
      "instances": [
        {
          "schema_version": 0,
          "attributes": {
            "arn": "arn:aws:iam::489270312286:role/prod-vishmaker-api-llm-role",
            "assume_role_policy": "{\"Statement\":[{\"Action\":\"sts:AssumeRole\",\"Effect\":\"Allow\",\"Principal\":{\"Service\":\"lambda.amazonaws.com\"}}],\"Version\":\"2012-10-17\"}",
            "create_date": "2025-07-29T05:20:45Z",
            "description": "",
            "force_detach_policies": false,
            "id": "prod-vishmaker-api-llm-role",
            "inline_policy": [
              {
                "name": "prod-vishmaker-api-llm-bedrock-policy",
                "policy": "{\"Version\":\"2012-10-17\",\"Statement\":[{\"Action\":[\"bedrock:InvokeModel\",\"bedrock:InvokeModelWithResponseStream\",\"bedrock:GetFoundationModel\",\"bedrock:ListFoundationModels\"],\"Effect\":\"Allow\",\"Resource\":\"*\"}]}"
              },
              {
                "name": "prod-vishmaker-api-llm-dynamodb-policy",
                "policy": "{\"Version\":\"2012-10-17\",\"Statement\":[{\"Action\":[\"dynamodb:PutItem\",\"dynamodb:GetItem\",\"dynamodb:UpdateItem\",\"dynamodb:DeleteItem\",\"dynamodb:Query\",\"dynamodb:Scan\"],\"Effect\":\"Allow\",\"Resource\":[\"arn:aws:dynamodb:us-east-1:*:table/prod-vishmaker-user_flows\",\"arn:aws:dynamodb:us-east-1:*:table/prod-vishmaker-user_flows/index/*\",\"arn:aws:dynamodb:us-east-1:*:table/prod-vishmaker-high_level_requirements\",\"arn:aws:dynamodb:us-east-1:*:table/prod-vishmaker-high_level_requirements/index/*\",\"arn:aws:dynamodb:us-east-1:*:table/prod-vishmaker-low_level_requirements\",\"arn:aws:dynamodb:us-east-1:*:table/prod-vishmaker-low_level_requirements/index/*\",\"arn:aws:dynamodb:us-east-1:*:table/prod-vishmaker-test_cases\",\"arn:aws:dynamodb:us-east-1:*:table/prod-vishmaker-test_cases/index/*\"]}]}"
              },
              {
                "name": "prod-vishmaker-api-llm-s3-policy",
                "policy": "{\"Version\":\"2012-10-17\",\"Statement\":[{\"Action\":[\"s3:GetObject\",\"s3:GetObjectVersion\"],\"Effect\":\"Allow\",\"Resource\":\"arn:aws:s3:::vishmaker-configs-prod-9qofatqf/*\"}]}"
              },
              {
                "name": "s3-config-access",
                "policy": "{\"Version\":\"2012-10-17\",\"Statement\":[{\"Action\":[\"s3:GetObject\",\"s3:GetObjectVersion\"],\"Effect\":\"Allow\",\"Resource\":\"arn:aws:s3:::vishmaker-configs-prod-9qofatqf/*\"}]}"
              }
            ],
            "managed_policy_arns": [
              "arn:aws:iam::aws:policy/service-role/AWSLambdaBasicExecutionRole"
            ],
            "max_session_duration": 3600,
            "name": "prod-vishmaker-api-llm-role",
            "name_prefix": "",
            "path": "/",
            "permissions_boundary": "",
            "tags": {
              "Environment": "prod",
              "ManagedBy": "Terraform",
              "Name": "prod-vishmaker",
              "Owner": "VishMaker Team",
              "Project": "vishmaker"
            },
            "tags_all": {
              "Environment": "prod",
              "ManagedBy": "Terraform",
              "Name": "prod-vishmaker",
              "Owner": "VishMaker Team",
              "Project": "vishmaker"
            },
            "unique_id": "AROAXD2WIPVPISZPSMVVJ"
          },
          "sensitive_attributes": [],
          "private": "bnVsbA==",
          "dependencies": [
            "aws_s3_bucket.configs",
            "aws_s3_object.app_config",
            "random_string.bucket_suffix"
          ]
        }
      ]
    },
    {
      "module": "module.llm_api_lambda",
      "mode": "managed",
      "type": "aws_iam_role_policy",
      "name": "llm_lambda_bedrock_policy",
      "provider": "provider[\"registry.terraform.io/hashicorp/aws\"]",
      "instances": [
        {
          "schema_version": 0,
          "attributes": {
            "id": "prod-vishmaker-api-llm-role:prod-vishmaker-api-llm-bedrock-policy",
            "name": "prod-vishmaker-api-llm-bedrock-policy",
            "name_prefix": "",
            "policy": "{\"Version\":\"2012-10-17\",\"Statement\":[{\"Action\":[\"bedrock:InvokeModel\",\"bedrock:InvokeModelWithResponseStream\",\"bedrock:GetFoundationModel\",\"bedrock:ListFoundationModels\"],\"Effect\":\"Allow\",\"Resource\":\"*\"}]}",
            "role": "prod-vishmaker-api-llm-role"
          },
          "sensitive_attributes": [],
          "private": "bnVsbA==",
          "dependencies": [
            "aws_s3_bucket.configs",
            "aws_s3_object.app_config",
            "module.llm_api_lambda.aws_iam_role.llm_lambda_role",
            "random_string.bucket_suffix"
          ]
        }
      ]
    },
    {
      "module": "module.llm_api_lambda",
      "mode": "managed",
      "type": "aws_iam_role_policy",
      "name": "llm_lambda_dynamodb_policy",
      "provider": "provider[\"registry.terraform.io/hashicorp/aws\"]",
      "instances": [
        {
          "schema_version": 0,
          "attributes": {
            "id": "prod-vishmaker-api-llm-role:prod-vishmaker-api-llm-dynamodb-policy",
            "name": "prod-vishmaker-api-llm-dynamodb-policy",
            "name_prefix": "",
            "policy": "{\"Version\":\"2012-10-17\",\"Statement\":[{\"Action\":[\"dynamodb:PutItem\",\"dynamodb:GetItem\",\"dynamodb:UpdateItem\",\"dynamodb:DeleteItem\",\"dynamodb:Query\",\"dynamodb:Scan\"],\"Effect\":\"Allow\",\"Resource\":[\"arn:aws:dynamodb:us-east-1:*:table/prod-vishmaker-user_flows\",\"arn:aws:dynamodb:us-east-1:*:table/prod-vishmaker-user_flows/index/*\",\"arn:aws:dynamodb:us-east-1:*:table/prod-vishmaker-high_level_requirements\",\"arn:aws:dynamodb:us-east-1:*:table/prod-vishmaker-high_level_requirements/index/*\",\"arn:aws:dynamodb:us-east-1:*:table/prod-vishmaker-low_level_requirements\",\"arn:aws:dynamodb:us-east-1:*:table/prod-vishmaker-low_level_requirements/index/*\",\"arn:aws:dynamodb:us-east-1:*:table/prod-vishmaker-test_cases\",\"arn:aws:dynamodb:us-east-1:*:table/prod-vishmaker-test_cases/index/*\"]}]}",
            "role": "prod-vishmaker-api-llm-role"
          },
          "sensitive_attributes": [],
          "private": "bnVsbA==",
          "dependencies": [
            "aws_s3_bucket.configs",
            "aws_s3_object.app_config",
            "module.llm_api_lambda.aws_iam_role.llm_lambda_role",
            "random_string.bucket_suffix"
          ]
        }
      ]
    },
    {
      "module": "module.llm_api_lambda",
      "mode": "managed",
      "type": "aws_iam_role_policy",
      "name": "llm_lambda_s3_policy",
      "provider": "provider[\"registry.terraform.io/hashicorp/aws\"]",
      "instances": [
        {
          "schema_version": 0,
          "attributes": {
            "id": "prod-vishmaker-api-llm-role:prod-vishmaker-api-llm-s3-policy",
            "name": "prod-vishmaker-api-llm-s3-policy",
            "name_prefix": "",
            "policy": "{\"Version\":\"2012-10-17\",\"Statement\":[{\"Action\":[\"s3:GetObject\",\"s3:GetObjectVersion\"],\"Effect\":\"Allow\",\"Resource\":\"arn:aws:s3:::vishmaker-configs-prod-9qofatqf/*\"}]}",
            "role": "prod-vishmaker-api-llm-role"
          },
          "sensitive_attributes": [],
          "private": "bnVsbA==",
          "dependencies": [
            "aws_s3_bucket.configs",
            "aws_s3_object.app_config",
            "module.llm_api_lambda.aws_iam_role.llm_lambda_role",
            "random_string.bucket_suffix"
          ]
        }
      ]
    },
    {
      "module": "module.llm_api_lambda",
      "mode": "managed",
      "type": "aws_iam_role_policy_attachment",
      "name": "llm_lambda_basic_execution",
      "provider": "provider[\"registry.terraform.io/hashicorp/aws\"]",
      "instances": [
        {
          "schema_version": 0,
          "attributes": {
            "id": "prod-vishmaker-api-llm-role-20250729052045767100000001",
            "policy_arn": "arn:aws:iam::aws:policy/service-role/AWSLambdaBasicExecutionRole",
            "role": "prod-vishmaker-api-llm-role"
          },
          "sensitive_attributes": [],
          "private": "bnVsbA==",
          "dependencies": [
            "aws_s3_bucket.configs",
            "aws_s3_object.app_config",
            "module.llm_api_lambda.aws_iam_role.llm_lambda_role",
            "random_string.bucket_suffix"
          ]
        }
      ]
    },
    {
      "module": "module.llm_api_lambda",
      "mode": "managed",
      "type": "aws_lambda_function",
      "name": "llm_api",
      "provider": "provider[\"registry.terraform.io/hashicorp/aws\"]",
      "instances": [
        {
          "schema_version": 0,
          "attributes": {
            "architectures": [
              "x86_64"
            ],
            "arn": "arn:aws:lambda:us-east-1:489270312286:function:prod-vishmaker-api-llm",
            "code_sha256": "i8bWiJN6Pvf//qodrhPwNucJaYlf5VbvIOhIf8J/8s4=",
            "code_signing_config_arn": "",
            "dead_letter_config": [],
            "description": "",
            "environment": [
              {
                "variables": {
                  "CONFIG_BUCKET": "vishmaker-configs-prod-9qofatqf",
                  "CONFIG_KEY": "config.json",
                  "ENVIRONMENT": "prod",
                  "HIGH_LEVEL_REQUIREMENTS_TABLE_NAME": "prod-vishmaker-high-level-requirements",
                  "LOW_LEVEL_REQUIREMENTS_TABLE_NAME": "prod-vishmaker-low-level-requirements",
                  "PROJECT_NAME": "vishmaker",
                  "TEST_CASES_TABLE_NAME": "prod-vishmaker-test-cases",
                  "USER_FLOWS_TABLE_NAME": "prod-vishmaker-user-flows"
                }
              }
            ],
            "ephemeral_storage": [
              {
                "size": 512
              }
            ],
            "file_system_config": [],
            "filename": "../lambdas/llm/infrastructure/../../../scripts/dist/llm-deployment.zip",
            "function_name": "prod-vishmaker-api-llm",
            "handler": "main.handler",
            "id": "prod-vishmaker-api-llm",
            "image_config": [],
            "image_uri": "",
            "invoke_arn": "arn:aws:apigateway:us-east-1:lambda:path/2015-03-31/functions/arn:aws:lambda:us-east-1:489270312286:function:prod-vishmaker-api-llm/invocations",
            "kms_key_arn": "",
            "last_modified": "2025-08-17T02:31:50.000+0000",
            "layers": [],
            "logging_config": [
              {
                "application_log_level": "",
                "log_format": "Text",
                "log_group": "/aws/lambda/prod-vishmaker-api-llm",
                "system_log_level": ""
              }
            ],
            "memory_size": 1024,
            "package_type": "Zip",
            "publish": false,
            "qualified_arn": "arn:aws:lambda:us-east-1:489270312286:function:prod-vishmaker-api-llm:$LATEST",
            "qualified_invoke_arn": "arn:aws:apigateway:us-east-1:lambda:path/2015-03-31/functions/arn:aws:lambda:us-east-1:489270312286:function:prod-vishmaker-api-llm:$LATEST/invocations",
            "replace_security_groups_on_destroy": null,
            "replacement_security_group_ids": null,
            "reserved_concurrent_executions": -1,
            "role": "arn:aws:iam::489270312286:role/prod-vishmaker-api-llm-role",
            "runtime": "python3.11",
            "s3_bucket": null,
            "s3_key": null,
            "s3_object_version": null,
            "signing_job_arn": "",
            "signing_profile_version_arn": "",
            "skip_destroy": false,
            "snap_start": [],
            "source_code_hash": "i8bWiJN6Pvf//qodrhPwNucJaYlf5VbvIOhIf8J/8s4=",
            "source_code_size": 17116825,
            "tags": {
              "Environment": "prod",
              "ManagedBy": "Terraform",
              "Name": "prod-vishmaker",
              "Owner": "VishMaker Team",
              "Project": "vishmaker"
            },
            "tags_all": {
              "Environment": "prod",
              "ManagedBy": "Terraform",
              "Name": "prod-vishmaker",
              "Owner": "VishMaker Team",
              "Project": "vishmaker"
            },
            "timeout": 300,
            "timeouts": null,
            "tracing_config": [
              {
                "mode": "PassThrough"
              }
            ],
            "version": "$LATEST",
            "vpc_config": []
          },
          "sensitive_attributes": [],
          "private": "eyJlMmJmYjczMC1lY2FhLTExZTYtOGY4OC0zNDM2M2JjN2M0YzAiOnsiY3JlYXRlIjo2MDAwMDAwMDAwMDAsImRlbGV0ZSI6NjAwMDAwMDAwMDAwLCJ1cGRhdGUiOjYwMDAwMDAwMDAwMH19",
          "dependencies": [
            "aws_dynamodb_table.tables",
            "aws_s3_bucket.configs",
            "aws_s3_object.app_config",
            "module.llm_api_lambda.aws_cloudwatch_log_group.llm_lambda_logs",
            "module.llm_api_lambda.aws_iam_role.llm_lambda_role",
            "module.llm_api_lambda.aws_iam_role_policy.llm_lambda_bedrock_policy",
            "module.llm_api_lambda.aws_iam_role_policy.llm_lambda_dynamodb_policy",
            "module.llm_api_lambda.aws_iam_role_policy.llm_lambda_s3_policy",
            "module.llm_api_lambda.aws_iam_role_policy_attachment.llm_lambda_basic_execution",
            "random_string.bucket_suffix"
          ]
        }
      ]
    },
    {
      "module": "module.llm_api_lambda",
      "mode": "managed",
      "type": "aws_lambda_permission",
      "name": "llm_api_gateway_invoke",
      "provider": "provider[\"registry.terraform.io/hashicorp/aws\"]",
      "instances": [
        {
          "schema_version": 0,
          "attributes": {
            "action": "lambda:InvokeFunction",
            "event_source_token": null,
            "function_name": "prod-vishmaker-api-llm",
            "function_url_auth_type": null,
            "id": "AllowAPIGatewayInvoke",
            "principal": "apigateway.amazonaws.com",
            "principal_org_id": null,
            "qualifier": "",
            "source_account": null,
            "source_arn": "arn:aws:execute-api:us-east-1:489270312286:n1h3tfm3l0/*/*",
            "statement_id": "AllowAPIGatewayInvoke",
            "statement_id_prefix": ""
          },
          "sensitive_attributes": [],
          "private": "bnVsbA==",
          "dependencies": [
            "aws_apigatewayv2_api.main",
            "aws_dynamodb_table.tables",
            "aws_s3_bucket.configs",
            "aws_s3_object.app_config",
            "module.llm_api_lambda.aws_cloudwatch_log_group.llm_lambda_logs",
            "module.llm_api_lambda.aws_iam_role.llm_lambda_role",
            "module.llm_api_lambda.aws_iam_role_policy.llm_lambda_bedrock_policy",
            "module.llm_api_lambda.aws_iam_role_policy.llm_lambda_dynamodb_policy",
            "module.llm_api_lambda.aws_iam_role_policy.llm_lambda_s3_policy",
            "module.llm_api_lambda.aws_iam_role_policy_attachment.llm_lambda_basic_execution",
            "module.llm_api_lambda.aws_lambda_function.llm_api",
            "random_string.bucket_suffix"
          ]
        }
      ]
    },
    {
      "module": "module.route53",
      "mode": "data",
      "type": "aws_route53_zone",
      "name": "main",
      "provider": "provider[\"registry.terraform.io/hashicorp/aws\"]",
      "instances": [
        {
          "schema_version": 0,
          "attributes": {
            "arn": "arn:aws:route53:::hostedzone/Z05231361NY3UTG9FCP77",
            "caller_reference": "RISWorkflow-RD:e3dece18-cc85-43ce-99ea-8804f228664e",
            "comment": "HostedZone created by Route53 Registrar",
            "id": "Z05231361NY3UTG9FCP77",
            "linked_service_description": null,
            "linked_service_principal": null,
            "name": "vishmaker.com",
            "name_servers": [
              "ns-488.awsdns-61.com",
              "ns-959.awsdns-55.net",
              "ns-1118.awsdns-11.org",
              "ns-2012.awsdns-59.co.uk"
            ],
            "primary_name_server": "ns-488.awsdns-61.com",
            "private_zone": false,
            "resource_record_set_count": 7,
            "tags": {},
            "vpc_id": null,
            "zone_id": "Z05231361NY3UTG9FCP77"
          },
          "sensitive_attributes": []
        }
      ]
    },
    {
      "module": "module.route53",
      "mode": "managed",
      "type": "aws_route53_record",
      "name": "api",
      "provider": "provider[\"registry.terraform.io/hashicorp/aws\"]",
      "instances": [
        {
          "schema_version": 2,
          "attributes": {
            "alias": [],
            "allow_overwrite": null,
            "cidr_routing_policy": [],
            "failover_routing_policy": [],
            "fqdn": "api.vishmaker.com",
            "geolocation_routing_policy": [],
            "geoproximity_routing_policy": [],
            "health_check_id": "",
            "id": "Z05231361NY3UTG9FCP77_api.vishmaker.com_CNAME",
            "latency_routing_policy": [],
            "multivalue_answer_routing_policy": false,
            "name": "api.vishmaker.com",
            "records": [
              "https://n1h3tfm3l0.execute-api.us-east-1.amazonaws.com/"
            ],
            "set_identifier": "",
            "timeouts": null,
            "ttl": 300,
            "type": "CNAME",
            "weighted_routing_policy": [],
            "zone_id": "Z05231361NY3UTG9FCP77"
          },
          "sensitive_attributes": [],
          "private": "eyJlMmJmYjczMC1lY2FhLTExZTYtOGY4OC0zNDM2M2JjN2M0YzAiOnsiY3JlYXRlIjoxODAwMDAwMDAwMDAwLCJkZWxldGUiOjE4MDAwMDAwMDAwMDAsInVwZGF0ZSI6MTgwMDAwMDAwMDAwMH0sInNjaGVtYV92ZXJzaW9uIjoiMiJ9",
          "dependencies": [
            "aws_apigatewayv2_api.main",
            "aws_apigatewayv2_stage.main",
            "module.route53.data.aws_route53_zone.main"
          ]
        }
      ]
    }
  ],
  "check_results": null
}
